
Microsoft Visual Studio Solution File, Format Version 12.00
# Visual Studio 15
Project("{FAE04EC0-301F-11D3-BF4B-00C04F79EFBC}") = "Oculus.Interaction", "Oculus.Interaction.csproj", "{05D06FAF-3A31-0233-8BF7-D6C762392E60}"
EndProject
Project("{FAE04EC0-301F-11D3-BF4B-00C04F79EFBC}") = "Oculus.Interaction.Editor", "Oculus.Interaction.Editor.csproj", "{0C478653-850F-72C9-945B-27AFDE5CE4CE}"
EndProject
Project("{FAE04EC0-301F-11D3-BF4B-00C04F79EFBC}") = "Assembly-CSharp", "Assembly-CSharp.csproj", "{CBA55DF2-FFEB-F1F4-3C4A-B2A238D62221}"
EndProject
Project("{FAE04EC0-301F-11D3-BF4B-00C04F79EFBC}") = "Oculus.Platform", "Oculus.Platform.csproj", "{6583269F-FE1A-CBD5-B890-8114A7C712B4}"
EndProject
Project("{FAE04EC0-301F-11D3-BF4B-00C04F79EFBC}") = "Oculus.Interaction.OVR.Samples", "Oculus.Interaction.OVR.Samples.csproj", "{6F341EBA-F55E-7F31-6CCD-AE25BD7CF615}"
EndProject
Project("{FAE04EC0-301F-11D3-BF4B-00C04F79EFBC}") = "Meta.WitAi.Lib", "Meta.WitAi.Lib.csproj", "{22DC4782-A4BA-F071-D6DA-43E6C9E73708}"
EndProject
Project("{FAE04EC0-301F-11D3-BF4B-00C04F79EFBC}") = "Oculus.VR", "Oculus.VR.csproj", "{7EE22EFE-A909-7236-44B0-6924A42D750F}"
EndProject
Project("{FAE04EC0-301F-11D3-BF4B-00C04F79EFBC}") = "Meta.WitAi.Conduit.Editor", "Meta.WitAi.Conduit.Editor.csproj", "{474DEFA1-AE0E-2D00-33D4-DC4613E95133}"
EndProject
Project("{FAE04EC0-301F-11D3-BF4B-00C04F79EFBC}") = "Meta.WitAi", "Meta.WitAi.csproj", "{98112E27-9851-06D9-010C-2861D1D82BF2}"
EndProject
Project("{FAE04EC0-301F-11D3-BF4B-00C04F79EFBC}") = "Oculus.VR.Editor", "Oculus.VR.Editor.csproj", "{4058C1C5-D7B5-854F-34EB-D1075238C103}"
EndProject
Project("{FAE04EC0-301F-11D3-BF4B-00C04F79EFBC}") = "Oculus.LipSync", "Oculus.LipSync.csproj", "{1A7040EA-426C-0FDA-22A4-4739BB4CF32D}"
EndProject
Project("{FAE04EC0-301F-11D3-BF4B-00C04F79EFBC}") = "Oculus.Interaction.OVR", "Oculus.Interaction.OVR.csproj", "{287F7BC1-D414-208A-E57B-B57051B69CF8}"
EndProject
Project("{FAE04EC0-301F-11D3-BF4B-00C04F79EFBC}") = "Assembly-CSharp-Editor", "Assembly-CSharp-Editor.csproj", "{8E74F333-3C7D-D9DF-A165-47B3052EFD71}"
EndProject
Project("{FAE04EC0-301F-11D3-BF4B-00C04F79EFBC}") = "Meta.WitAI.Lib.Editor", "Meta.WitAI.Lib.Editor.csproj", "{9DD6E43D-04E0-16C3-9042-4228D9EFC1D1}"
EndProject
Project("{FAE04EC0-301F-11D3-BF4B-00C04F79EFBC}") = "Meta.WitAi.Editor", "Meta.WitAi.Editor.csproj", "{936AE8B9-D49D-989D-FA65-B35C0DD8C10B}"
EndProject
Project("{FAE04EC0-301F-11D3-BF4B-00C04F79EFBC}") = "Meta.Voice.Samples.BuiltInTimer", "Meta.Voice.Samples.BuiltInTimer.csproj", "{4C68B4BC-A9F2-2A32-DA0B-A94E4D6E0393}"
EndProject
Project("{FAE04EC0-301F-11D3-BF4B-00C04F79EFBC}") = "Meta.WitAi.Conduit", "Meta.WitAi.Conduit.csproj", "{5CDC4603-4A67-D279-4DBF-CA20C3BCEB88}"
EndProject
Project("{FAE04EC0-301F-11D3-BF4B-00C04F79EFBC}") = "Meta.XR.BuildingBlocks.Editor", "Meta.XR.BuildingBlocks.Editor.csproj", "{B903BA0A-35A1-5BC2-9F32-A18B9880D3B0}"
EndProject
Project("{FAE04EC0-301F-11D3-BF4B-00C04F79EFBC}") = "VoiceSDK.Dictation.Runtime", "VoiceSDK.Dictation.Runtime.csproj", "{F2993C67-BA98-B98D-2F96-EB53EF929789}"
EndProject
Project("{FAE04EC0-301F-11D3-BF4B-00C04F79EFBC}") = "VoiceSDK.Editor", "VoiceSDK.Editor.csproj", "{B35C39C0-7826-5A76-4303-6FE0E3F0E530}"
EndProject
Project("{FAE04EC0-301F-11D3-BF4B-00C04F79EFBC}") = "Oculus.VR.Scripts.Editor", "Oculus.VR.Scripts.Editor.csproj", "{F415C74F-A022-3CC2-9751-70F35455EB7E}"
EndProject
Project("{FAE04EC0-301F-11D3-BF4B-00C04F79EFBC}") = "Meta.Voice.Samples.LightTraits", "Meta.Voice.Samples.LightTraits.csproj", "{CAB248A7-C3BF-E63C-5848-8E3C02C54EB6}"
EndProject
Project("{FAE04EC0-301F-11D3-BF4B-00C04F79EFBC}") = "Meta.Voice.Samples.TTSVoices", "Meta.Voice.Samples.TTSVoices.csproj", "{E9D5ED0D-6817-4994-8DE8-61E907CF0EB4}"
EndProject
Project("{FAE04EC0-301F-11D3-BF4B-00C04F79EFBC}") = "VoiceSDK.Runtime", "VoiceSDK.Runtime.csproj", "{ABF7862E-4466-DB4C-E7AB-8A5186C0C062}"
EndProject
Project("{FAE04EC0-301F-11D3-BF4B-00C04F79EFBC}") = "Oculus.Interaction.Samples.Editor", "Oculus.Interaction.Samples.Editor.csproj", "{F815CDE2-BC00-0978-DCC6-5BF04ADF01A9}"
EndProject
Project("{FAE04EC0-301F-11D3-BF4B-00C04F79EFBC}") = "Meta.WitAi.TTS.Editor", "Meta.WitAi.TTS.Editor.csproj", "{B24643BD-F7BF-A13C-94F0-A9EAAD18B3ED}"
EndProject
Project("{FAE04EC0-301F-11D3-BF4B-00C04F79EFBC}") = "Oculus.Platform.Editor", "Oculus.Platform.Editor.csproj", "{5B1BAA03-9043-C8B4-E197-465D6E0150E4}"
EndProject
Project("{FAE04EC0-301F-11D3-BF4B-00C04F79EFBC}") = "Facebook.Wit.Dictation", "Facebook.Wit.Dictation.csproj", "{4CA426A6-74DE-E4EA-0648-C77F766DD405}"
EndProject
Project("{FAE04EC0-301F-11D3-BF4B-00C04F79EFBC}") = "Oculus.AudioManager.Utils.Editor", "Oculus.AudioManager.Utils.Editor.csproj", "{4487A4CE-79AA-3B85-5665-91C68F7E3453}"
EndProject
Project("{FAE04EC0-301F-11D3-BF4B-00C04F79EFBC}") = "Meta.VoiceSDK.Mic.Common", "Meta.VoiceSDK.Mic.Common.csproj", "{93BD3DAD-5D19-2588-3E40-F94A0757E7C7}"
EndProject
Project("{FAE04EC0-301F-11D3-BF4B-00C04F79EFBC}") = "Meta.Voice.Hub.Editor", "Meta.Voice.Hub.Editor.csproj", "{3115087F-750E-79A1-9CF2-13A6CEF2FFA2}"
EndProject
Project("{FAE04EC0-301F-11D3-BF4B-00C04F79EFBC}") = "Meta.Voice.Samples.ShapesConduit", "Meta.Voice.Samples.ShapesConduit.csproj", "{EF457B6A-A8C9-1E00-463F-8D03A79C9632}"
EndProject
Project("{FAE04EC0-301F-11D3-BF4B-00C04F79EFBC}") = "Meta.VoiceSDK.Mic.Other", "Meta.VoiceSDK.Mic.Other.csproj", "{2B4D87F3-4D94-120B-E72C-A8A3B15E2885}"
EndProject
Project("{FAE04EC0-301F-11D3-BF4B-00C04F79EFBC}") = "Meta.WitAi.TTS", "Meta.WitAi.TTS.csproj", "{13B38395-EA50-9D05-3186-C8F178577AE7}"
EndProject
Project("{FAE04EC0-301F-11D3-BF4B-00C04F79EFBC}") = "Oculus.Interaction.InterfaceSupport", "Oculus.Interaction.InterfaceSupport.csproj", "{133883EB-CD1E-D04D-B15C-07D12B522057}"
EndProject
Project("{FAE04EC0-301F-11D3-BF4B-00C04F79EFBC}") = "AssistantCoreSDKRuntime", "AssistantCoreSDKRuntime.csproj", "{420B2DFC-8963-1022-795F-F6AE7CC18802}"
EndProject
Project("{FAE04EC0-301F-11D3-BF4B-00C04F79EFBC}") = "Oculus.AudioManager.Audio.Editor", "Oculus.AudioManager.Audio.Editor.csproj", "{5AD2E09C-7901-4A89-5A84-8123B6558857}"
EndProject
Project("{FAE04EC0-301F-11D3-BF4B-00C04F79EFBC}") = "Oculus.Spatializer.Editor", "Oculus.Spatializer.Editor.csproj", "{E531ABA5-A452-5D9A-FA41-556DEB47689B}"
EndProject
Project("{FAE04EC0-301F-11D3-BF4B-00C04F79EFBC}") = "Oculus.Spatializer", "Oculus.Spatializer.csproj", "{DC8DCF19-F73B-9E12-872E-CAD1BDE74212}"
EndProject
Project("{FAE04EC0-301F-11D3-BF4B-00C04F79EFBC}") = "Meta.Voice.Hub.Runtime", "Meta.Voice.Hub.Runtime.csproj", "{0A464631-98DF-A71C-39C8-B9ADA85164E4}"
EndProject
Project("{FAE04EC0-301F-11D3-BF4B-00C04F79EFBC}") = "Oculus.AudioManager", "Oculus.AudioManager.csproj", "{84882763-AEED-73C7-128F-9678FDF4A500}"
EndProject
Project("{FAE04EC0-301F-11D3-BF4B-00C04F79EFBC}") = "Meta.Voice.Samples.Shapes", "Meta.Voice.Samples.Shapes.csproj", "{CA9E1781-77A3-A086-D4CC-A03705E971B8}"
EndProject
Project("{FAE04EC0-301F-11D3-BF4B-00C04F79EFBC}") = "Meta.Voice.VSDKHub.Editor", "Meta.Voice.VSDKHub.Editor.csproj", "{F35A6906-B471-2039-997B-19DB834A31B8}"
EndProject
Project("{FAE04EC0-301F-11D3-BF4B-00C04F79EFBC}") = "Oculus.Interaction.OVR.Editor", "Oculus.Interaction.OVR.Editor.csproj", "{F03D7780-5239-A998-83C4-2B3FCBA69F02}"
EndProject
Project("{FAE04EC0-301F-11D3-BF4B-00C04F79EFBC}") = "Meta.Voice.Samples.Dictation", "Meta.Voice.Samples.Dictation.csproj", "{4311770A-675C-CDA5-0070-547F30C5EAAA}"
EndProject
Project("{FAE04EC0-301F-11D3-BF4B-00C04F79EFBC}") = "VoiceSDK.Dictation.Editor", "VoiceSDK.Dictation.Editor.csproj", "{56D7A316-DE0F-B1B2-06B8-CC39FDF5F8F0}"
EndProject
Project("{FAE04EC0-301F-11D3-BF4B-00C04F79EFBC}") = "VoiceSDK.Telemetry", "VoiceSDK.Telemetry.csproj", "{32D30F0B-577B-D9BC-9C0F-6A32CD762F2F}"
EndProject
Project("{FAE04EC0-301F-11D3-BF4B-00C04F79EFBC}") = "Facebook.Wit.Dictation.Editor", "Facebook.Wit.Dictation.Editor.csproj", "{5B6AE7F3-97BA-DC9A-D7BA-09242FB4462D}"
EndProject
Project("{FAE04EC0-301F-11D3-BF4B-00C04F79EFBC}") = "Meta.XR.BuildingBlocks", "Meta.XR.BuildingBlocks.csproj", "{CBE58A9A-BDC0-B53D-89D2-104CF9B0063E}"
EndProject
Project("{FAE04EC0-301F-11D3-BF4B-00C04F79EFBC}") = "Oculus.LipSync.Editor", "Oculus.LipSync.Editor.csproj", "{BD694EEB-DC48-36BB-FE6B-E301070E8F30}"
EndProject
Project("{FAE04EC0-301F-11D3-BF4B-00C04F79EFBC}") = "Meta.Voice.Samples.LiveUnderstanding", "Meta.Voice.Samples.LiveUnderstanding.csproj", "{AD9B12A7-743D-59D3-E6A1-5EC5F00DFC4D}"
EndProject
Project("{FAE04EC0-301F-11D3-BF4B-00C04F79EFBC}") = "AssistantCoreSDKEditor", "AssistantCoreSDKEditor.csproj", "{B55EA710-DFAF-0683-B534-63D6CBC577D6}"
EndProject
Project("{FAE04EC0-301F-11D3-BF4B-00C04F79EFBC}") = "Meta.VoiceSDK.Mic.WebGL", "Meta.VoiceSDK.Mic.WebGL.csproj", "{2822CF44-8633-0327-5821-BFEAB0021C27}"
EndProject
Project("{FAE04EC0-301F-11D3-BF4B-00C04F79EFBC}") = "BNGHandPoseID", "BNGHandPoseID.csproj", "{194EB0A4-4216-751E-044A-5DC05437D1CF}"
EndProject
Project("{FAE04EC0-301F-11D3-BF4B-00C04F79EFBC}") = "Meta.Voice.Samples.Chess", "Meta.Voice.Samples.Chess.csproj", "{306F9D27-AC4A-5128-4D58-B54CB2517BE5}"
EndProject
Global
	GlobalSection(SolutionConfigurationPlatforms) = preSolution
		Debug|Any CPU = Debug|Any CPU
		Release|Any CPU = Release|Any CPU
	EndGlobalSection
	GlobalSection(ProjectConfigurationPlatforms) = postSolution
		{05D06FAF-3A31-0233-8BF7-D6C762392E60}.Debug|Any CPU.ActiveCfg = Debug|Any CPU
		{05D06FAF-3A31-0233-8BF7-D6C762392E60}.Debug|Any CPU.Build.0 = Debug|Any CPU
		{05D06FAF-3A31-0233-8BF7-D6C762392E60}.Release|Any CPU.ActiveCfg = Release|Any CPU
		{05D06FAF-3A31-0233-8BF7-D6C762392E60}.Release|Any CPU.Build.0 = Release|Any CPU
		{0C478653-850F-72C9-945B-27AFDE5CE4CE}.Debug|Any CPU.ActiveCfg = Debug|Any CPU
		{0C478653-850F-72C9-945B-27AFDE5CE4CE}.Debug|Any CPU.Build.0 = Debug|Any CPU
		{0C478653-850F-72C9-945B-27AFDE5CE4CE}.Release|Any CPU.ActiveCfg = Release|Any CPU
		{0C478653-850F-72C9-945B-27AFDE5CE4CE}.Release|Any CPU.Build.0 = Release|Any CPU
		{CBA55DF2-FFEB-F1F4-3C4A-B2A238D62221}.Debug|Any CPU.ActiveCfg = Debug|Any CPU
		{CBA55DF2-FFEB-F1F4-3C4A-B2A238D62221}.Debug|Any CPU.Build.0 = Debug|Any CPU
		{CBA55DF2-FFEB-F1F4-3C4A-B2A238D62221}.Release|Any CPU.ActiveCfg = Release|Any CPU
		{CBA55DF2-FFEB-F1F4-3C4A-B2A238D62221}.Release|Any CPU.Build.0 = Release|Any CPU
		{6583269F-FE1A-CBD5-B890-8114A7C712B4}.Debug|Any CPU.ActiveCfg = Debug|Any CPU
		{6583269F-FE1A-CBD5-B890-8114A7C712B4}.Debug|Any CPU.Build.0 = Debug|Any CPU
		{6583269F-FE1A-CBD5-B890-8114A7C712B4}.Release|Any CPU.ActiveCfg = Release|Any CPU
		{6583269F-FE1A-CBD5-B890-8114A7C712B4}.Release|Any CPU.Build.0 = Release|Any CPU
		{6F341EBA-F55E-7F31-6CCD-AE25BD7CF615}.Debug|Any CPU.ActiveCfg = Debug|Any CPU
		{6F341EBA-F55E-7F31-6CCD-AE25BD7CF615}.Debug|Any CPU.Build.0 = Debug|Any CPU
		{6F341EBA-F55E-7F31-6CCD-AE25BD7CF615}.Release|Any CPU.ActiveCfg = Release|Any CPU
		{6F341EBA-F55E-7F31-6CCD-AE25BD7CF615}.Release|Any CPU.Build.0 = Release|Any CPU
		{22DC4782-A4BA-F071-D6DA-43E6C9E73708}.Debug|Any CPU.ActiveCfg = Debug|Any CPU
		{22DC4782-A4BA-F071-D6DA-43E6C9E73708}.Debug|Any CPU.Build.0 = Debug|Any CPU
		{22DC4782-A4BA-F071-D6DA-43E6C9E73708}.Release|Any CPU.ActiveCfg = Release|Any CPU
		{22DC4782-A4BA-F071-D6DA-43E6C9E73708}.Release|Any CPU.Build.0 = Release|Any CPU
		{7EE22EFE-A909-7236-44B0-6924A42D750F}.Debug|Any CPU.ActiveCfg = Debug|Any CPU
		{7EE22EFE-A909-7236-44B0-6924A42D750F}.Debug|Any CPU.Build.0 = Debug|Any CPU
		{7EE22EFE-A909-7236-44B0-6924A42D750F}.Release|Any CPU.ActiveCfg = Release|Any CPU
		{7EE22EFE-A909-7236-44B0-6924A42D750F}.Release|Any CPU.Build.0 = Release|Any CPU
		{474DEFA1-AE0E-2D00-33D4-DC4613E95133}.Debug|Any CPU.ActiveCfg = Debug|Any CPU
		{474DEFA1-AE0E-2D00-33D4-DC4613E95133}.Debug|Any CPU.Build.0 = Debug|Any CPU
		{474DEFA1-AE0E-2D00-33D4-DC4613E95133}.Release|Any CPU.ActiveCfg = Release|Any CPU
		{474DEFA1-AE0E-2D00-33D4-DC4613E95133}.Release|Any CPU.Build.0 = Release|Any CPU
		{98112E27-9851-06D9-010C-2861D1D82BF2}.Debug|Any CPU.ActiveCfg = Debug|Any CPU
		{98112E27-9851-06D9-010C-2861D1D82BF2}.Debug|Any CPU.Build.0 = Debug|Any CPU
		{98112E27-9851-06D9-010C-2861D1D82BF2}.Release|Any CPU.ActiveCfg = Release|Any CPU
		{98112E27-9851-06D9-010C-2861D1D82BF2}.Release|Any CPU.Build.0 = Release|Any CPU
		{4058C1C5-D7B5-854F-34EB-D1075238C103}.Debug|Any CPU.ActiveCfg = Debug|Any CPU
		{4058C1C5-D7B5-854F-34EB-D1075238C103}.Debug|Any CPU.Build.0 = Debug|Any CPU
		{4058C1C5-D7B5-854F-34EB-D1075238C103}.Release|Any CPU.ActiveCfg = Release|Any CPU
		{4058C1C5-D7B5-854F-34EB-D1075238C103}.Release|Any CPU.Build.0 = Release|Any CPU
		{1A7040EA-426C-0FDA-22A4-4739BB4CF32D}.Debug|Any CPU.ActiveCfg = Debug|Any CPU
		{1A7040EA-426C-0FDA-22A4-4739BB4CF32D}.Debug|Any CPU.Build.0 = Debug|Any CPU
		{1A7040EA-426C-0FDA-22A4-4739BB4CF32D}.Release|Any CPU.ActiveCfg = Release|Any CPU
		{1A7040EA-426C-0FDA-22A4-4739BB4CF32D}.Release|Any CPU.Build.0 = Release|Any CPU
		{287F7BC1-D414-208A-E57B-B57051B69CF8}.Debug|Any CPU.ActiveCfg = Debug|Any CPU
		{287F7BC1-D414-208A-E57B-B57051B69CF8}.Debug|Any CPU.Build.0 = Debug|Any CPU
		{287F7BC1-D414-208A-E57B-B57051B69CF8}.Release|Any CPU.ActiveCfg = Release|Any CPU
		{287F7BC1-D414-208A-E57B-B57051B69CF8}.Release|Any CPU.Build.0 = Release|Any CPU
		{8E74F333-3C7D-D9DF-A165-47B3052EFD71}.Debug|Any CPU.ActiveCfg = Debug|Any CPU
		{8E74F333-3C7D-D9DF-A165-47B3052EFD71}.Debug|Any CPU.Build.0 = Debug|Any CPU
		{8E74F333-3C7D-D9DF-A165-47B3052EFD71}.Release|Any CPU.ActiveCfg = Release|Any CPU
		{8E74F333-3C7D-D9DF-A165-47B3052EFD71}.Release|Any CPU.Build.0 = Release|Any CPU
		{9DD6E43D-04E0-16C3-9042-4228D9EFC1D1}.Debug|Any CPU.ActiveCfg = Debug|Any CPU
		{9DD6E43D-04E0-16C3-9042-4228D9EFC1D1}.Debug|Any CPU.Build.0 = Debug|Any CPU
		{9DD6E43D-04E0-16C3-9042-4228D9EFC1D1}.Release|Any CPU.ActiveCfg = Release|Any CPU
		{9DD6E43D-04E0-16C3-9042-4228D9EFC1D1}.Release|Any CPU.Build.0 = Release|Any CPU
		{936AE8B9-D49D-989D-FA65-B35C0DD8C10B}.Debug|Any CPU.ActiveCfg = Debug|Any CPU
		{936AE8B9-D49D-989D-FA65-B35C0DD8C10B}.Debug|Any CPU.Build.0 = Debug|Any CPU
		{936AE8B9-D49D-989D-FA65-B35C0DD8C10B}.Release|Any CPU.ActiveCfg = Release|Any CPU
		{936AE8B9-D49D-989D-FA65-B35C0DD8C10B}.Release|Any CPU.Build.0 = Release|Any CPU
		{4C68B4BC-A9F2-2A32-DA0B-A94E4D6E0393}.Debug|Any CPU.ActiveCfg = Debug|Any CPU
		{4C68B4BC-A9F2-2A32-DA0B-A94E4D6E0393}.Debug|Any CPU.Build.0 = Debug|Any CPU
		{4C68B4BC-A9F2-2A32-DA0B-A94E4D6E0393}.Release|Any CPU.ActiveCfg = Release|Any CPU
		{4C68B4BC-A9F2-2A32-DA0B-A94E4D6E0393}.Release|Any CPU.Build.0 = Release|Any CPU
		{5CDC4603-4A67-D279-4DBF-CA20C3BCEB88}.Debug|Any CPU.ActiveCfg = Debug|Any CPU
		{5CDC4603-4A67-D279-4DBF-CA20C3BCEB88}.Debug|Any CPU.Build.0 = Debug|Any CPU
		{5CDC4603-4A67-D279-4DBF-CA20C3BCEB88}.Release|Any CPU.ActiveCfg = Release|Any CPU
		{5CDC4603-4A67-D279-4DBF-CA20C3BCEB88}.Release|Any CPU.Build.0 = Release|Any CPU
		{B903BA0A-35A1-5BC2-9F32-A18B9880D3B0}.Debug|Any CPU.ActiveCfg = Debug|Any CPU
		{B903BA0A-35A1-5BC2-9F32-A18B9880D3B0}.Debug|Any CPU.Build.0 = Debug|Any CPU
		{B903BA0A-35A1-5BC2-9F32-A18B9880D3B0}.Release|Any CPU.ActiveCfg = Release|Any CPU
		{B903BA0A-35A1-5BC2-9F32-A18B9880D3B0}.Release|Any CPU.Build.0 = Release|Any CPU
		{F2993C67-BA98-B98D-2F96-EB53EF929789}.Debug|Any CPU.ActiveCfg = Debug|Any CPU
		{F2993C67-BA98-B98D-2F96-EB53EF929789}.Debug|Any CPU.Build.0 = Debug|Any CPU
		{F2993C67-BA98-B98D-2F96-EB53EF929789}.Release|Any CPU.ActiveCfg = Release|Any CPU
		{F2993C67-BA98-B98D-2F96-EB53EF929789}.Release|Any CPU.Build.0 = Release|Any CPU
		{B35C39C0-7826-5A76-4303-6FE0E3F0E530}.Debug|Any CPU.ActiveCfg = Debug|Any CPU
		{B35C39C0-7826-5A76-4303-6FE0E3F0E530}.Debug|Any CPU.Build.0 = Debug|Any CPU
		{B35C39C0-7826-5A76-4303-6FE0E3F0E530}.Release|Any CPU.ActiveCfg = Release|Any CPU
		{B35C39C0-7826-5A76-4303-6FE0E3F0E530}.Release|Any CPU.Build.0 = Release|Any CPU
		{F415C74F-A022-3CC2-9751-70F35455EB7E}.Debug|Any CPU.ActiveCfg = Debug|Any CPU
		{F415C74F-A022-3CC2-9751-70F35455EB7E}.Debug|Any CPU.Build.0 = Debug|Any CPU
		{F415C74F-A022-3CC2-9751-70F35455EB7E}.Release|Any CPU.ActiveCfg = Release|Any CPU
		{F415C74F-A022-3CC2-9751-70F35455EB7E}.Release|Any CPU.Build.0 = Release|Any CPU
		{CAB248A7-C3BF-E63C-5848-8E3C02C54EB6}.Debug|Any CPU.ActiveCfg = Debug|Any CPU
		{CAB248A7-C3BF-E63C-5848-8E3C02C54EB6}.Debug|Any CPU.Build.0 = Debug|Any CPU
		{CAB248A7-C3BF-E63C-5848-8E3C02C54EB6}.Release|Any CPU.ActiveCfg = Release|Any CPU
		{CAB248A7-C3BF-E63C-5848-8E3C02C54EB6}.Release|Any CPU.Build.0 = Release|Any CPU
		{E9D5ED0D-6817-4994-8DE8-61E907CF0EB4}.Debug|Any CPU.ActiveCfg = Debug|Any CPU
		{E9D5ED0D-6817-4994-8DE8-61E907CF0EB4}.Debug|Any CPU.Build.0 = Debug|Any CPU
		{E9D5ED0D-6817-4994-8DE8-61E907CF0EB4}.Release|Any CPU.ActiveCfg = Release|Any CPU
		{E9D5ED0D-6817-4994-8DE8-61E907CF0EB4}.Release|Any CPU.Build.0 = Release|Any CPU
		{ABF7862E-4466-DB4C-E7AB-8A5186C0C062}.Debug|Any CPU.ActiveCfg = Debug|Any CPU
		{ABF7862E-4466-DB4C-E7AB-8A5186C0C062}.Debug|Any CPU.Build.0 = Debug|Any CPU
		{ABF7862E-4466-DB4C-E7AB-8A5186C0C062}.Release|Any CPU.ActiveCfg = Release|Any CPU
		{ABF7862E-4466-DB4C-E7AB-8A5186C0C062}.Release|Any CPU.Build.0 = Release|Any CPU
		{F815CDE2-BC00-0978-DCC6-5BF04ADF01A9}.Debug|Any CPU.ActiveCfg = Debug|Any CPU
		{F815CDE2-BC00-0978-DCC6-5BF04ADF01A9}.Debug|Any CPU.Build.0 = Debug|Any CPU
		{F815CDE2-BC00-0978-DCC6-5BF04ADF01A9}.Release|Any CPU.ActiveCfg = Release|Any CPU
		{F815CDE2-BC00-0978-DCC6-5BF04ADF01A9}.Release|Any CPU.Build.0 = Release|Any CPU
		{B24643BD-F7BF-A13C-94F0-A9EAAD18B3ED}.Debug|Any CPU.ActiveCfg = Debug|Any CPU
		{B24643BD-F7BF-A13C-94F0-A9EAAD18B3ED}.Debug|Any CPU.Build.0 = Debug|Any CPU
		{B24643BD-F7BF-A13C-94F0-A9EAAD18B3ED}.Release|Any CPU.ActiveCfg = Release|Any CPU
		{B24643BD-F7BF-A13C-94F0-A9EAAD18B3ED}.Release|Any CPU.Build.0 = Release|Any CPU
		{5B1BAA03-9043-C8B4-E197-465D6E0150E4}.Debug|Any CPU.ActiveCfg = Debug|Any CPU
		{5B1BAA03-9043-C8B4-E197-465D6E0150E4}.Debug|Any CPU.Build.0 = Debug|Any CPU
		{5B1BAA03-9043-C8B4-E197-465D6E0150E4}.Release|Any CPU.ActiveCfg = Release|Any CPU
		{5B1BAA03-9043-C8B4-E197-465D6E0150E4}.Release|Any CPU.Build.0 = Release|Any CPU
		{4CA426A6-74DE-E4EA-0648-C77F766DD405}.Debug|Any CPU.ActiveCfg = Debug|Any CPU
		{4CA426A6-74DE-E4EA-0648-C77F766DD405}.Debug|Any CPU.Build.0 = Debug|Any CPU
		{4CA426A6-74DE-E4EA-0648-C77F766DD405}.Release|Any CPU.ActiveCfg = Release|Any CPU
		{4CA426A6-74DE-E4EA-0648-C77F766DD405}.Release|Any CPU.Build.0 = Release|Any CPU
		{4487A4CE-79AA-3B85-5665-91C68F7E3453}.Debug|Any CPU.ActiveCfg = Debug|Any CPU
		{4487A4CE-79AA-3B85-5665-91C68F7E3453}.Debug|Any CPU.Build.0 = Debug|Any CPU
		{4487A4CE-79AA-3B85-5665-91C68F7E3453}.Release|Any CPU.ActiveCfg = Release|Any CPU
		{4487A4CE-79AA-3B85-5665-91C68F7E3453}.Release|Any CPU.Build.0 = Release|Any CPU
		{93BD3DAD-5D19-2588-3E40-F94A0757E7C7}.Debug|Any CPU.ActiveCfg = Debug|Any CPU
		{93BD3DAD-5D19-2588-3E40-F94A0757E7C7}.Debug|Any CPU.Build.0 = Debug|Any CPU
		{93BD3DAD-5D19-2588-3E40-F94A0757E7C7}.Release|Any CPU.ActiveCfg = Release|Any CPU
		{93BD3DAD-5D19-2588-3E40-F94A0757E7C7}.Release|Any CPU.Build.0 = Release|Any CPU
		{3115087F-750E-79A1-9CF2-13A6CEF2FFA2}.Debug|Any CPU.ActiveCfg = Debug|Any CPU
		{3115087F-750E-79A1-9CF2-13A6CEF2FFA2}.Debug|Any CPU.Build.0 = Debug|Any CPU
		{3115087F-750E-79A1-9CF2-13A6CEF2FFA2}.Release|Any CPU.ActiveCfg = Release|Any CPU
		{3115087F-750E-79A1-9CF2-13A6CEF2FFA2}.Release|Any CPU.Build.0 = Release|Any CPU
		{EF457B6A-A8C9-1E00-463F-8D03A79C9632}.Debug|Any CPU.ActiveCfg = Debug|Any CPU
		{EF457B6A-A8C9-1E00-463F-8D03A79C9632}.Debug|Any CPU.Build.0 = Debug|Any CPU
		{EF457B6A-A8C9-1E00-463F-8D03A79C9632}.Release|Any CPU.ActiveCfg = Release|Any CPU
		{EF457B6A-A8C9-1E00-463F-8D03A79C9632}.Release|Any CPU.Build.0 = Release|Any CPU
		{2B4D87F3-4D94-120B-E72C-A8A3B15E2885}.Debug|Any CPU.ActiveCfg = Debug|Any CPU
		{2B4D87F3-4D94-120B-E72C-A8A3B15E2885}.Debug|Any CPU.Build.0 = Debug|Any CPU
		{2B4D87F3-4D94-120B-E72C-A8A3B15E2885}.Release|Any CPU.ActiveCfg = Release|Any CPU
		{2B4D87F3-4D94-120B-E72C-A8A3B15E2885}.Release|Any CPU.Build.0 = Release|Any CPU
		{13B38395-EA50-9D05-3186-C8F178577AE7}.Debug|Any CPU.ActiveCfg = Debug|Any CPU
		{13B38395-EA50-9D05-3186-C8F178577AE7}.Debug|Any CPU.Build.0 = Debug|Any CPU
		{13B38395-EA50-9D05-3186-C8F178577AE7}.Release|Any CPU.ActiveCfg = Release|Any CPU
		{13B38395-EA50-9D05-3186-C8F178577AE7}.Release|Any CPU.Build.0 = Release|Any CPU
		{133883EB-CD1E-D04D-B15C-07D12B522057}.Debug|Any CPU.ActiveCfg = Debug|Any CPU
		{133883EB-CD1E-D04D-B15C-07D12B522057}.Debug|Any CPU.Build.0 = Debug|Any CPU
		{133883EB-CD1E-D04D-B15C-07D12B522057}.Release|Any CPU.ActiveCfg = Release|Any CPU
		{133883EB-CD1E-D04D-B15C-07D12B522057}.Release|Any CPU.Build.0 = Release|Any CPU
		{420B2DFC-8963-1022-795F-F6AE7CC18802}.Debug|Any CPU.ActiveCfg = Debug|Any CPU
		{420B2DFC-8963-1022-795F-F6AE7CC18802}.Debug|Any CPU.Build.0 = Debug|Any CPU
		{420B2DFC-8963-1022-795F-F6AE7CC18802}.Release|Any CPU.ActiveCfg = Release|Any CPU
		{420B2DFC-8963-1022-795F-F6AE7CC18802}.Release|Any CPU.Build.0 = Release|Any CPU
		{5AD2E09C-7901-4A89-5A84-8123B6558857}.Debug|Any CPU.ActiveCfg = Debug|Any CPU
		{5AD2E09C-7901-4A89-5A84-8123B6558857}.Debug|Any CPU.Build.0 = Debug|Any CPU
		{5AD2E09C-7901-4A89-5A84-8123B6558857}.Release|Any CPU.ActiveCfg = Release|Any CPU
		{5AD2E09C-7901-4A89-5A84-8123B6558857}.Release|Any CPU.Build.0 = Release|Any CPU
		{E531ABA5-A452-5D9A-FA41-556DEB47689B}.Debug|Any CPU.ActiveCfg = Debug|Any CPU
		{E531ABA5-A452-5D9A-FA41-556DEB47689B}.Debug|Any CPU.Build.0 = Debug|Any CPU
		{E531ABA5-A452-5D9A-FA41-556DEB47689B}.Release|Any CPU.ActiveCfg = Release|Any CPU
		{E531ABA5-A452-5D9A-FA41-556DEB47689B}.Release|Any CPU.Build.0 = Release|Any CPU
		{DC8DCF19-F73B-9E12-872E-CAD1BDE74212}.Debug|Any CPU.ActiveCfg = Debug|Any CPU
		{DC8DCF19-F73B-9E12-872E-CAD1BDE74212}.Debug|Any CPU.Build.0 = Debug|Any CPU
		{DC8DCF19-F73B-9E12-872E-CAD1BDE74212}.Release|Any CPU.ActiveCfg = Release|Any CPU
		{DC8DCF19-F73B-9E12-872E-CAD1BDE74212}.Release|Any CPU.Build.0 = Release|Any CPU
		{0A464631-98DF-A71C-39C8-B9ADA85164E4}.Debug|Any CPU.ActiveCfg = Debug|Any CPU
		{0A464631-98DF-A71C-39C8-B9ADA85164E4}.Debug|Any CPU.Build.0 = Debug|Any CPU
		{0A464631-98DF-A71C-39C8-B9ADA85164E4}.Release|Any CPU.ActiveCfg = Release|Any CPU
		{0A464631-98DF-A71C-39C8-B9ADA85164E4}.Release|Any CPU.Build.0 = Release|Any CPU
		{84882763-AEED-73C7-128F-9678FDF4A500}.Debug|Any CPU.ActiveCfg = Debug|Any CPU
		{84882763-AEED-73C7-128F-9678FDF4A500}.Debug|Any CPU.Build.0 = Debug|Any CPU
		{84882763-AEED-73C7-128F-9678FDF4A500}.Release|Any CPU.ActiveCfg = Release|Any CPU
		{84882763-AEED-73C7-128F-9678FDF4A500}.Release|Any CPU.Build.0 = Release|Any CPU
		{CA9E1781-77A3-A086-D4CC-A03705E971B8}.Debug|Any CPU.ActiveCfg = Debug|Any CPU
		{CA9E1781-77A3-A086-D4CC-A03705E971B8}.Debug|Any CPU.Build.0 = Debug|Any CPU
		{CA9E1781-77A3-A086-D4CC-A03705E971B8}.Release|Any CPU.ActiveCfg = Release|Any CPU
		{CA9E1781-77A3-A086-D4CC-A03705E971B8}.Release|Any CPU.Build.0 = Release|Any CPU
		{F35A6906-B471-2039-997B-19DB834A31B8}.Debug|Any CPU.ActiveCfg = Debug|Any CPU
		{F35A6906-B471-2039-997B-19DB834A31B8}.Debug|Any CPU.Build.0 = Debug|Any CPU
		{F35A6906-B471-2039-997B-19DB834A31B8}.Release|Any CPU.ActiveCfg = Release|Any CPU
		{F35A6906-B471-2039-997B-19DB834A31B8}.Release|Any CPU.Build.0 = Release|Any CPU
		{F03D7780-5239-A998-83C4-2B3FCBA69F02}.Debug|Any CPU.ActiveCfg = Debug|Any CPU
		{F03D7780-5239-A998-83C4-2B3FCBA69F02}.Debug|Any CPU.Build.0 = Debug|Any CPU
		{F03D7780-5239-A998-83C4-2B3FCBA69F02}.Release|Any CPU.ActiveCfg = Release|Any CPU
		{F03D7780-5239-A998-83C4-2B3FCBA69F02}.Release|Any CPU.Build.0 = Release|Any CPU
		{4311770A-675C-CDA5-0070-547F30C5EAAA}.Debug|Any CPU.ActiveCfg = Debug|Any CPU
		{4311770A-675C-CDA5-0070-547F30C5EAAA}.Debug|Any CPU.Build.0 = Debug|Any CPU
		{4311770A-675C-CDA5-0070-547F30C5EAAA}.Release|Any CPU.ActiveCfg = Release|Any CPU
		{4311770A-675C-CDA5-0070-547F30C5EAAA}.Release|Any CPU.Build.0 = Release|Any CPU
		{56D7A316-DE0F-B1B2-06B8-CC39FDF5F8F0}.Debug|Any CPU.ActiveCfg = Debug|Any CPU
		{56D7A316-DE0F-B1B2-06B8-CC39FDF5F8F0}.Debug|Any CPU.Build.0 = Debug|Any CPU
		{56D7A316-DE0F-B1B2-06B8-CC39FDF5F8F0}.Release|Any CPU.ActiveCfg = Release|Any CPU
		{56D7A316-DE0F-B1B2-06B8-CC39FDF5F8F0}.Release|Any CPU.Build.0 = Release|Any CPU
		{32D30F0B-577B-D9BC-9C0F-6A32CD762F2F}.Debug|Any CPU.ActiveCfg = Debug|Any CPU
		{32D30F0B-577B-D9BC-9C0F-6A32CD762F2F}.Debug|Any CPU.Build.0 = Debug|Any CPU
		{32D30F0B-577B-D9BC-9C0F-6A32CD762F2F}.Release|Any CPU.ActiveCfg = Release|Any CPU
		{32D30F0B-577B-D9BC-9C0F-6A32CD762F2F}.Release|Any CPU.Build.0 = Release|Any CPU
		{5B6AE7F3-97BA-DC9A-D7BA-09242FB4462D}.Debug|Any CPU.ActiveCfg = Debug|Any CPU
		{5B6AE7F3-97BA-DC9A-D7BA-09242FB4462D}.Debug|Any CPU.Build.0 = Debug|Any CPU
		{5B6AE7F3-97BA-DC9A-D7BA-09242FB4462D}.Release|Any CPU.ActiveCfg = Release|Any CPU
		{5B6AE7F3-97BA-DC9A-D7BA-09242FB4462D}.Release|Any CPU.Build.0 = Release|Any CPU
		{CBE58A9A-BDC0-B53D-89D2-104CF9B0063E}.Debug|Any CPU.ActiveCfg = Debug|Any CPU
		{CBE58A9A-BDC0-B53D-89D2-104CF9B0063E}.Debug|Any CPU.Build.0 = Debug|Any CPU
		{CBE58A9A-BDC0-B53D-89D2-104CF9B0063E}.Release|Any CPU.ActiveCfg = Release|Any CPU
		{CBE58A9A-BDC0-B53D-89D2-104CF9B0063E}.Release|Any CPU.Build.0 = Release|Any CPU
		{BD694EEB-DC48-36BB-FE6B-E301070E8F30}.Debug|Any CPU.ActiveCfg = Debug|Any CPU
		{BD694EEB-DC48-36BB-FE6B-E301070E8F30}.Debug|Any CPU.Build.0 = Debug|Any CPU
		{BD694EEB-DC48-36BB-FE6B-E301070E8F30}.Release|Any CPU.ActiveCfg = Release|Any CPU
		{BD694EEB-DC48-36BB-FE6B-E301070E8F30}.Release|Any CPU.Build.0 = Release|Any CPU
		{AD9B12A7-743D-59D3-E6A1-5EC5F00DFC4D}.Debug|Any CPU.ActiveCfg = Debug|Any CPU
		{AD9B12A7-743D-59D3-E6A1-5EC5F00DFC4D}.Debug|Any CPU.Build.0 = Debug|Any CPU
		{AD9B12A7-743D-59D3-E6A1-5EC5F00DFC4D}.Release|Any CPU.ActiveCfg = Release|Any CPU
		{AD9B12A7-743D-59D3-E6A1-5EC5F00DFC4D}.Release|Any CPU.Build.0 = Release|Any CPU
		{B55EA710-DFAF-0683-B534-63D6CBC577D6}.Debug|Any CPU.ActiveCfg = Debug|Any CPU
		{B55EA710-DFAF-0683-B534-63D6CBC577D6}.Debug|Any CPU.Build.0 = Debug|Any CPU
		{B55EA710-DFAF-0683-B534-63D6CBC577D6}.Release|Any CPU.ActiveCfg = Release|Any CPU
		{B55EA710-DFAF-0683-B534-63D6CBC577D6}.Release|Any CPU.Build.0 = Release|Any CPU
		{2822CF44-8633-0327-5821-BFEAB0021C27}.Debug|Any CPU.ActiveCfg = Debug|Any CPU
		{2822CF44-8633-0327-5821-BFEAB0021C27}.Debug|Any CPU.Build.0 = Debug|Any CPU
		{2822CF44-8633-0327-5821-BFEAB0021C27}.Release|Any CPU.ActiveCfg = Release|Any CPU
		{2822CF44-8633-0327-5821-BFEAB0021C27}.Release|Any CPU.Build.0 = Release|Any CPU
		{194EB0A4-4216-751E-044A-5DC05437D1CF}.Debug|Any CPU.ActiveCfg = Debug|Any CPU
		{194EB0A4-4216-751E-044A-5DC05437D1CF}.Debug|Any CPU.Build.0 = Debug|Any CPU
		{194EB0A4-4216-751E-044A-5DC05437D1CF}.Release|Any CPU.ActiveCfg = Release|Any CPU
		{194EB0A4-4216-751E-044A-5DC05437D1CF}.Release|Any CPU.Build.0 = Release|Any CPU
		{306F9D27-AC4A-5128-4D58-B54CB2517BE5}.Debug|Any CPU.ActiveCfg = Debug|Any CPU
		{306F9D27-AC4A-5128-4D58-B54CB2517BE5}.Debug|Any CPU.Build.0 = Debug|Any CPU
		{306F9D27-AC4A-5128-4D58-B54CB2517BE5}.Release|Any CPU.ActiveCfg = Release|Any CPU
		{306F9D27-AC4A-5128-4D58-B54CB2517BE5}.Release|Any CPU.Build.0 = Release|Any CPU
	EndGlobalSection
	GlobalSection(SolutionProperties) = preSolution
		HideSolutionNode = FALSE
	EndGlobalSection
EndGlobal
