
Microsoft Visual Studio Solution File, Format Version 12.00
# Visual Studio 15
Project("{FAE04EC0-301F-11D3-BF4B-00C04F79EFBC}") = "Oculus.Interaction", "Oculus.Interaction.csproj", "{B98849EE-C9B2-FACC-DC90-EB2D170378FE}"
EndProject
Project("{FAE04EC0-301F-11D3-BF4B-00C04F79EFBC}") = "Oculus.Interaction.Editor", "Oculus.Interaction.Editor.csproj", "{AD14D680-1866-7A4F-45F2-E29FED272BAA}"
EndProject
Project("{FAE04EC0-301F-11D3-BF4B-00C04F79EFBC}") = "Assembly-CSharp", "Assembly-CSharp.csproj", "{A1211903-2D5B-B6A0-D0B8-03FE72A3B7AD}"
EndProject
Project("{FAE04EC0-301F-11D3-BF4B-00C04F79EFBC}") = "Oculus.Platform", "Oculus.Platform.csproj", "{74E696A8-72A8-D13A-BADB-D27437049DF4}"
EndProject
Project("{FAE04EC0-301F-11D3-BF4B-00C04F79EFBC}") = "Oculus.Interaction.OVR.Samples", "Oculus.Interaction.OVR.Samples.csproj", "{6583DA84-2D14-495F-7942-F2CF75F3D95E}"
EndProject
Project("{FAE04EC0-301F-11D3-BF4B-00C04F79EFBC}") = "Meta.WitAi.Lib", "Meta.WitAi.Lib.csproj", "{7510BE50-ED89-73CB-853E-925AE4FC6F7C}"
EndProject
Project("{FAE04EC0-301F-11D3-BF4B-00C04F79EFBC}") = "Oculus.VR", "Oculus.VR.csproj", "{CDD0D8D6-3026-21C6-9244-ADD683175608}"
EndProject
Project("{FAE04EC0-301F-11D3-BF4B-00C04F79EFBC}") = "Meta.WitAi.Conduit.Editor", "Meta.WitAi.Conduit.Editor.csproj", "{2CB92891-FFB5-287D-85F4-EE5AE6FA43C4}"
EndProject
Project("{FAE04EC0-301F-11D3-BF4B-00C04F79EFBC}") = "Meta.WitAi", "Meta.WitAi.csproj", "{BA665FCA-0AA0-109D-E6CA-EE18AA0FFE28}"
EndProject
Project("{FAE04EC0-301F-11D3-BF4B-00C04F79EFBC}") = "Oculus.VR.Editor", "Oculus.VR.Editor.csproj", "{EC5B1AD5-CB23-2E04-2240-E835C0B2E7F0}"
EndProject
Project("{FAE04EC0-301F-11D3-BF4B-00C04F79EFBC}") = "Oculus.LipSync", "Oculus.LipSync.csproj", "{EC0A46B2-8DA9-C955-D7BD-19483747637D}"
EndProject
Project("{FAE04EC0-301F-11D3-BF4B-00C04F79EFBC}") = "Oculus.Interaction.OVR", "Oculus.Interaction.OVR.csproj", "{67CF23CF-D159-BC1E-A2E2-52C6DB9505FD}"
EndProject
Project("{FAE04EC0-301F-11D3-BF4B-00C04F79EFBC}") = "Assembly-CSharp-Editor", "Assembly-CSharp-Editor.csproj", "{843094BB-E59A-ABCF-4B1F-54D71A743255}"
EndProject
Project("{FAE04EC0-301F-11D3-BF4B-00C04F79EFBC}") = "Meta.WitAI.Lib.Editor", "Meta.WitAI.Lib.Editor.csproj", "{9890AA49-5EE9-5B7E-26D4-B4E459466957}"
EndProject
Project("{FAE04EC0-301F-11D3-BF4B-00C04F79EFBC}") = "Meta.WitAi.Editor", "Meta.WitAi.Editor.csproj", "{A5C75836-72BC-BCF5-AB8D-835BA04BEC1B}"
EndProject
Project("{FAE04EC0-301F-11D3-BF4B-00C04F79EFBC}") = "Meta.Voice.Samples.BuiltInTimer", "Meta.Voice.Samples.BuiltInTimer.csproj", "{ED4B0132-4A88-E4E1-6FEA-4DB937454B8F}"
EndProject
Project("{FAE04EC0-301F-11D3-BF4B-00C04F79EFBC}") = "Meta.WitAi.Conduit", "Meta.WitAi.Conduit.csproj", "{AE3BF742-8F88-C819-7E31-767C62355C99}"
EndProject
Project("{FAE04EC0-301F-11D3-BF4B-00C04F79EFBC}") = "Meta.XR.BuildingBlocks.Editor", "Meta.XR.BuildingBlocks.Editor.csproj", "{3EA0BCD1-2600-B5F6-62BD-F3B80096526C}"
EndProject
Project("{FAE04EC0-301F-11D3-BF4B-00C04F79EFBC}") = "VoiceSDK.Dictation.Runtime", "VoiceSDK.Dictation.Runtime.csproj", "{8C3A4FA0-51A5-E880-AFB6-A8FFF7710F6E}"
EndProject
Project("{FAE04EC0-301F-11D3-BF4B-00C04F79EFBC}") = "VoiceSDK.Editor", "VoiceSDK.Editor.csproj", "{9DF477C6-AB2A-09B0-70A8-D1699128043E}"
EndProject
Project("{FAE04EC0-301F-11D3-BF4B-00C04F79EFBC}") = "Oculus.VR.Scripts.Editor", "Oculus.VR.Scripts.Editor.csproj", "{9B49F41E-69D4-EE12-29D0-3C592ABE031E}"
EndProject
Project("{FAE04EC0-301F-11D3-BF4B-00C04F79EFBC}") = "Meta.Voice.Samples.LightTraits", "Meta.Voice.Samples.LightTraits.csproj", "{F0BDBA7F-4129-11E1-7E85-D4D5720B9E55}"
EndProject
Project("{FAE04EC0-301F-11D3-BF4B-00C04F79EFBC}") = "Meta.Voice.Samples.TTSVoices", "Meta.Voice.Samples.TTSVoices.csproj", "{6C9178BF-9A84-A06E-ACAC-85DAF954F8FB}"
EndProject
Project("{FAE04EC0-301F-11D3-BF4B-00C04F79EFBC}") = "VoiceSDK.Runtime", "VoiceSDK.Runtime.csproj", "{5CF87C5E-327E-DA40-E75A-CFAB4CF331F5}"
EndProject
Project("{FAE04EC0-301F-11D3-BF4B-00C04F79EFBC}") = "Oculus.Interaction.Samples.Editor", "Oculus.Interaction.Samples.Editor.csproj", "{C76EDBD0-E5FE-9FB5-4607-E4F725BBEB97}"
EndProject
Project("{FAE04EC0-301F-11D3-BF4B-00C04F79EFBC}") = "Meta.WitAi.TTS.Editor", "Meta.WitAi.TTS.Editor.csproj", "{E6FD083A-3EB3-2584-8440-88792651E8EA}"
EndProject
Project("{FAE04EC0-301F-11D3-BF4B-00C04F79EFBC}") = "Oculus.Platform.Editor", "Oculus.Platform.Editor.csproj", "{E153C06B-A868-EBB8-7464-B7934293B033}"
EndProject
Project("{FAE04EC0-301F-11D3-BF4B-00C04F79EFBC}") = "Facebook.Wit.Dictation", "Facebook.Wit.Dictation.csproj", "{43442839-0DCB-2404-B2FC-DBF6B522F7DF}"
EndProject
Project("{FAE04EC0-301F-11D3-BF4B-00C04F79EFBC}") = "Oculus.AudioManager.Utils.Editor", "Oculus.AudioManager.Utils.Editor.csproj", "{DD7BE00F-C346-6170-606A-6191D2E9622E}"
EndProject
Project("{FAE04EC0-301F-11D3-BF4B-00C04F79EFBC}") = "Meta.VoiceSDK.Mic.Common", "Meta.VoiceSDK.Mic.Common.csproj", "{9FAD8B3D-8BF5-01B1-F80D-84F793F503B6}"
EndProject
Project("{FAE04EC0-301F-11D3-BF4B-00C04F79EFBC}") = "Meta.Voice.Hub.Editor", "Meta.Voice.Hub.Editor.csproj", "{4D9222CB-9325-C5A5-219F-A7A6585C8033}"
EndProject
Project("{FAE04EC0-301F-11D3-BF4B-00C04F79EFBC}") = "Meta.Voice.Samples.ShapesConduit", "Meta.Voice.Samples.ShapesConduit.csproj", "{8E7982F8-6308-35C2-4260-EFF9C226F678}"
EndProject
Project("{FAE04EC0-301F-11D3-BF4B-00C04F79EFBC}") = "Meta.VoiceSDK.Mic.Other", "Meta.VoiceSDK.Mic.Other.csproj", "{C03E3B1B-813D-AB76-4BCF-EC256C152AE9}"
EndProject
Project("{FAE04EC0-301F-11D3-BF4B-00C04F79EFBC}") = "Meta.WitAi.TTS", "Meta.WitAi.TTS.csproj", "{52BDC8AE-8919-A15B-5CAB-F6AFB9822031}"
EndProject
Project("{FAE04EC0-301F-11D3-BF4B-00C04F79EFBC}") = "Oculus.Interaction.InterfaceSupport", "Oculus.Interaction.InterfaceSupport.csproj", "{3ABA0D53-457D-DB0C-EC5F-0DBACC79D0C7}"
EndProject
Project("{FAE04EC0-301F-11D3-BF4B-00C04F79EFBC}") = "AssistantCoreSDKRuntime", "AssistantCoreSDKRuntime.csproj", "{E6EB4415-DFA2-8132-B62C-1007292C28AE}"
EndProject
Project("{FAE04EC0-301F-11D3-BF4B-00C04F79EFBC}") = "Oculus.AudioManager.Audio.Editor", "Oculus.AudioManager.Audio.Editor.csproj", "{A00BF969-DFF2-2D0B-C68F-5CF48047E576}"
EndProject
Project("{FAE04EC0-301F-11D3-BF4B-00C04F79EFBC}") = "Oculus.Spatializer.Editor", "Oculus.Spatializer.Editor.csproj", "{1E28421E-1F21-6EE7-D03B-7ED51974A483}"
EndProject
Project("{FAE04EC0-301F-11D3-BF4B-00C04F79EFBC}") = "Oculus.Spatializer", "Oculus.Spatializer.csproj", "{B6998A36-E12F-DC04-19FB-4B94CA47C338}"
EndProject
Project("{FAE04EC0-301F-11D3-BF4B-00C04F79EFBC}") = "Meta.Voice.Hub.Runtime", "Meta.Voice.Hub.Runtime.csproj", "{64C66DE6-FFF0-A5F8-2228-43263EF1F0C2}"
EndProject
Project("{FAE04EC0-301F-11D3-BF4B-00C04F79EFBC}") = "Oculus.AudioManager", "Oculus.AudioManager.csproj", "{6F1E4FA6-DD85-D680-44FC-BD2CE9EB60B0}"
EndProject
Project("{FAE04EC0-301F-11D3-BF4B-00C04F79EFBC}") = "Meta.Voice.Samples.Shapes", "Meta.Voice.Samples.Shapes.csproj", "{6254794A-25F8-0355-52EE-0586B9F8A4F6}"
EndProject
Project("{FAE04EC0-301F-11D3-BF4B-00C04F79EFBC}") = "Meta.Voice.VSDKHub.Editor", "Meta.Voice.VSDKHub.Editor.csproj", "{3451B54B-253F-D707-DADA-B81347E2FA69}"
EndProject
Project("{FAE04EC0-301F-11D3-BF4B-00C04F79EFBC}") = "Oculus.Interaction.OVR.Editor", "Oculus.Interaction.OVR.Editor.csproj", "{FDFA285A-35DE-B0AC-172E-7CFC003900A4}"
EndProject
Project("{FAE04EC0-301F-11D3-BF4B-00C04F79EFBC}") = "Meta.Voice.Samples.Dictation", "Meta.Voice.Samples.Dictation.csproj", "{96AB31D4-5801-06BA-A097-338EEC0089F4}"
EndProject
Project("{FAE04EC0-301F-11D3-BF4B-00C04F79EFBC}") = "VoiceSDK.Dictation.Editor", "VoiceSDK.Dictation.Editor.csproj", "{67734365-28B6-4144-943A-D6DF713AF175}"
EndProject
Project("{FAE04EC0-301F-11D3-BF4B-00C04F79EFBC}") = "VoiceSDK.Telemetry", "VoiceSDK.Telemetry.csproj", "{55152728-04EF-66B5-1120-48B7D510EAFB}"
EndProject
Project("{FAE04EC0-301F-11D3-BF4B-00C04F79EFBC}") = "Facebook.Wit.Dictation.Editor", "Facebook.Wit.Dictation.Editor.csproj", "{8A168D8F-CF7C-DD73-1FF0-DF05F81D67FF}"
EndProject
Project("{FAE04EC0-301F-11D3-BF4B-00C04F79EFBC}") = "Meta.XR.BuildingBlocks", "Meta.XR.BuildingBlocks.csproj", "{9C2566B5-CBD2-469B-5A5F-61026E295C01}"
EndProject
Project("{FAE04EC0-301F-11D3-BF4B-00C04F79EFBC}") = "Oculus.LipSync.Editor", "Oculus.LipSync.Editor.csproj", "{EC544F0D-27BA-A7FB-7F47-C3061A408FD9}"
EndProject
Project("{FAE04EC0-301F-11D3-BF4B-00C04F79EFBC}") = "Meta.Voice.Samples.LiveUnderstanding", "Meta.Voice.Samples.LiveUnderstanding.csproj", "{2CAB96EE-F736-3731-C018-0688C6B0364B}"
EndProject
Project("{FAE04EC0-301F-11D3-BF4B-00C04F79EFBC}") = "AssistantCoreSDKEditor", "AssistantCoreSDKEditor.csproj", "{94AFD583-B2F8-70EB-7E1B-40AD1DCE4D35}"
EndProject
Project("{FAE04EC0-301F-11D3-BF4B-00C04F79EFBC}") = "Meta.VoiceSDK.Mic.WebGL", "Meta.VoiceSDK.Mic.WebGL.csproj", "{FD6BCEDF-5B0D-F412-FD36-79B0887BF6A2}"
EndProject
Project("{FAE04EC0-301F-11D3-BF4B-00C04F79EFBC}") = "BNGHandPoseID", "BNGHandPoseID.csproj", "{AB9A3689-91B0-11E4-4EB0-842AFA449BC2}"
EndProject
Project("{FAE04EC0-301F-11D3-BF4B-00C04F79EFBC}") = "Meta.Voice.Samples.Chess", "Meta.Voice.Samples.Chess.csproj", "{CE7FA8D1-C715-DBDA-238D-AE015E58F1A0}"
EndProject
Global
	GlobalSection(SolutionConfigurationPlatforms) = preSolution
		Debug|Any CPU = Debug|Any CPU
		Release|Any CPU = Release|Any CPU
	EndGlobalSection
	GlobalSection(ProjectConfigurationPlatforms) = postSolution
		{B98849EE-C9B2-FACC-DC90-EB2D170378FE}.Debug|Any CPU.ActiveCfg = Debug|Any CPU
		{B98849EE-C9B2-FACC-DC90-EB2D170378FE}.Debug|Any CPU.Build.0 = Debug|Any CPU
		{B98849EE-C9B2-FACC-DC90-EB2D170378FE}.Release|Any CPU.ActiveCfg = Release|Any CPU
		{B98849EE-C9B2-FACC-DC90-EB2D170378FE}.Release|Any CPU.Build.0 = Release|Any CPU
		{AD14D680-1866-7A4F-45F2-E29FED272BAA}.Debug|Any CPU.ActiveCfg = Debug|Any CPU
		{AD14D680-1866-7A4F-45F2-E29FED272BAA}.Debug|Any CPU.Build.0 = Debug|Any CPU
		{AD14D680-1866-7A4F-45F2-E29FED272BAA}.Release|Any CPU.ActiveCfg = Release|Any CPU
		{AD14D680-1866-7A4F-45F2-E29FED272BAA}.Release|Any CPU.Build.0 = Release|Any CPU
		{A1211903-2D5B-B6A0-D0B8-03FE72A3B7AD}.Debug|Any CPU.ActiveCfg = Debug|Any CPU
		{A1211903-2D5B-B6A0-D0B8-03FE72A3B7AD}.Debug|Any CPU.Build.0 = Debug|Any CPU
		{A1211903-2D5B-B6A0-D0B8-03FE72A3B7AD}.Release|Any CPU.ActiveCfg = Release|Any CPU
		{A1211903-2D5B-B6A0-D0B8-03FE72A3B7AD}.Release|Any CPU.Build.0 = Release|Any CPU
		{74E696A8-72A8-D13A-BADB-D27437049DF4}.Debug|Any CPU.ActiveCfg = Debug|Any CPU
		{74E696A8-72A8-D13A-BADB-D27437049DF4}.Debug|Any CPU.Build.0 = Debug|Any CPU
		{74E696A8-72A8-D13A-BADB-D27437049DF4}.Release|Any CPU.ActiveCfg = Release|Any CPU
		{74E696A8-72A8-D13A-BADB-D27437049DF4}.Release|Any CPU.Build.0 = Release|Any CPU
		{6583DA84-2D14-495F-7942-F2CF75F3D95E}.Debug|Any CPU.ActiveCfg = Debug|Any CPU
		{6583DA84-2D14-495F-7942-F2CF75F3D95E}.Debug|Any CPU.Build.0 = Debug|Any CPU
		{6583DA84-2D14-495F-7942-F2CF75F3D95E}.Release|Any CPU.ActiveCfg = Release|Any CPU
		{6583DA84-2D14-495F-7942-F2CF75F3D95E}.Release|Any CPU.Build.0 = Release|Any CPU
		{7510BE50-ED89-73CB-853E-925AE4FC6F7C}.Debug|Any CPU.ActiveCfg = Debug|Any CPU
		{7510BE50-ED89-73CB-853E-925AE4FC6F7C}.Debug|Any CPU.Build.0 = Debug|Any CPU
		{7510BE50-ED89-73CB-853E-925AE4FC6F7C}.Release|Any CPU.ActiveCfg = Release|Any CPU
		{7510BE50-ED89-73CB-853E-925AE4FC6F7C}.Release|Any CPU.Build.0 = Release|Any CPU
		{CDD0D8D6-3026-21C6-9244-ADD683175608}.Debug|Any CPU.ActiveCfg = Debug|Any CPU
		{CDD0D8D6-3026-21C6-9244-ADD683175608}.Debug|Any CPU.Build.0 = Debug|Any CPU
		{CDD0D8D6-3026-21C6-9244-ADD683175608}.Release|Any CPU.ActiveCfg = Release|Any CPU
		{CDD0D8D6-3026-21C6-9244-ADD683175608}.Release|Any CPU.Build.0 = Release|Any CPU
		{2CB92891-FFB5-287D-85F4-EE5AE6FA43C4}.Debug|Any CPU.ActiveCfg = Debug|Any CPU
		{2CB92891-FFB5-287D-85F4-EE5AE6FA43C4}.Debug|Any CPU.Build.0 = Debug|Any CPU
		{2CB92891-FFB5-287D-85F4-EE5AE6FA43C4}.Release|Any CPU.ActiveCfg = Release|Any CPU
		{2CB92891-FFB5-287D-85F4-EE5AE6FA43C4}.Release|Any CPU.Build.0 = Release|Any CPU
		{BA665FCA-0AA0-109D-E6CA-EE18AA0FFE28}.Debug|Any CPU.ActiveCfg = Debug|Any CPU
		{BA665FCA-0AA0-109D-E6CA-EE18AA0FFE28}.Debug|Any CPU.Build.0 = Debug|Any CPU
		{BA665FCA-0AA0-109D-E6CA-EE18AA0FFE28}.Release|Any CPU.ActiveCfg = Release|Any CPU
		{BA665FCA-0AA0-109D-E6CA-EE18AA0FFE28}.Release|Any CPU.Build.0 = Release|Any CPU
		{EC5B1AD5-CB23-2E04-2240-E835C0B2E7F0}.Debug|Any CPU.ActiveCfg = Debug|Any CPU
		{EC5B1AD5-CB23-2E04-2240-E835C0B2E7F0}.Debug|Any CPU.Build.0 = Debug|Any CPU
		{EC5B1AD5-CB23-2E04-2240-E835C0B2E7F0}.Release|Any CPU.ActiveCfg = Release|Any CPU
		{EC5B1AD5-CB23-2E04-2240-E835C0B2E7F0}.Release|Any CPU.Build.0 = Release|Any CPU
		{EC0A46B2-8DA9-C955-D7BD-19483747637D}.Debug|Any CPU.ActiveCfg = Debug|Any CPU
		{EC0A46B2-8DA9-C955-D7BD-19483747637D}.Debug|Any CPU.Build.0 = Debug|Any CPU
		{EC0A46B2-8DA9-C955-D7BD-19483747637D}.Release|Any CPU.ActiveCfg = Release|Any CPU
		{EC0A46B2-8DA9-C955-D7BD-19483747637D}.Release|Any CPU.Build.0 = Release|Any CPU
		{67CF23CF-D159-BC1E-A2E2-52C6DB9505FD}.Debug|Any CPU.ActiveCfg = Debug|Any CPU
		{67CF23CF-D159-BC1E-A2E2-52C6DB9505FD}.Debug|Any CPU.Build.0 = Debug|Any CPU
		{67CF23CF-D159-BC1E-A2E2-52C6DB9505FD}.Release|Any CPU.ActiveCfg = Release|Any CPU
		{67CF23CF-D159-BC1E-A2E2-52C6DB9505FD}.Release|Any CPU.Build.0 = Release|Any CPU
		{843094BB-E59A-ABCF-4B1F-54D71A743255}.Debug|Any CPU.ActiveCfg = Debug|Any CPU
		{843094BB-E59A-ABCF-4B1F-54D71A743255}.Debug|Any CPU.Build.0 = Debug|Any CPU
		{843094BB-E59A-ABCF-4B1F-54D71A743255}.Release|Any CPU.ActiveCfg = Release|Any CPU
		{843094BB-E59A-ABCF-4B1F-54D71A743255}.Release|Any CPU.Build.0 = Release|Any CPU
		{9890AA49-5EE9-5B7E-26D4-B4E459466957}.Debug|Any CPU.ActiveCfg = Debug|Any CPU
		{9890AA49-5EE9-5B7E-26D4-B4E459466957}.Debug|Any CPU.Build.0 = Debug|Any CPU
		{9890AA49-5EE9-5B7E-26D4-B4E459466957}.Release|Any CPU.ActiveCfg = Release|Any CPU
		{9890AA49-5EE9-5B7E-26D4-B4E459466957}.Release|Any CPU.Build.0 = Release|Any CPU
		{A5C75836-72BC-BCF5-AB8D-835BA04BEC1B}.Debug|Any CPU.ActiveCfg = Debug|Any CPU
		{A5C75836-72BC-BCF5-AB8D-835BA04BEC1B}.Debug|Any CPU.Build.0 = Debug|Any CPU
		{A5C75836-72BC-BCF5-AB8D-835BA04BEC1B}.Release|Any CPU.ActiveCfg = Release|Any CPU
		{A5C75836-72BC-BCF5-AB8D-835BA04BEC1B}.Release|Any CPU.Build.0 = Release|Any CPU
		{ED4B0132-4A88-E4E1-6FEA-4DB937454B8F}.Debug|Any CPU.ActiveCfg = Debug|Any CPU
		{ED4B0132-4A88-E4E1-6FEA-4DB937454B8F}.Debug|Any CPU.Build.0 = Debug|Any CPU
		{ED4B0132-4A88-E4E1-6FEA-4DB937454B8F}.Release|Any CPU.ActiveCfg = Release|Any CPU
		{ED4B0132-4A88-E4E1-6FEA-4DB937454B8F}.Release|Any CPU.Build.0 = Release|Any CPU
		{AE3BF742-8F88-C819-7E31-767C62355C99}.Debug|Any CPU.ActiveCfg = Debug|Any CPU
		{AE3BF742-8F88-C819-7E31-767C62355C99}.Debug|Any CPU.Build.0 = Debug|Any CPU
		{AE3BF742-8F88-C819-7E31-767C62355C99}.Release|Any CPU.ActiveCfg = Release|Any CPU
		{AE3BF742-8F88-C819-7E31-767C62355C99}.Release|Any CPU.Build.0 = Release|Any CPU
		{3EA0BCD1-2600-B5F6-62BD-F3B80096526C}.Debug|Any CPU.ActiveCfg = Debug|Any CPU
		{3EA0BCD1-2600-B5F6-62BD-F3B80096526C}.Debug|Any CPU.Build.0 = Debug|Any CPU
		{3EA0BCD1-2600-B5F6-62BD-F3B80096526C}.Release|Any CPU.ActiveCfg = Release|Any CPU
		{3EA0BCD1-2600-B5F6-62BD-F3B80096526C}.Release|Any CPU.Build.0 = Release|Any CPU
		{8C3A4FA0-51A5-E880-AFB6-A8FFF7710F6E}.Debug|Any CPU.ActiveCfg = Debug|Any CPU
		{8C3A4FA0-51A5-E880-AFB6-A8FFF7710F6E}.Debug|Any CPU.Build.0 = Debug|Any CPU
		{8C3A4FA0-51A5-E880-AFB6-A8FFF7710F6E}.Release|Any CPU.ActiveCfg = Release|Any CPU
		{8C3A4FA0-51A5-E880-AFB6-A8FFF7710F6E}.Release|Any CPU.Build.0 = Release|Any CPU
		{9DF477C6-AB2A-09B0-70A8-D1699128043E}.Debug|Any CPU.ActiveCfg = Debug|Any CPU
		{9DF477C6-AB2A-09B0-70A8-D1699128043E}.Debug|Any CPU.Build.0 = Debug|Any CPU
		{9DF477C6-AB2A-09B0-70A8-D1699128043E}.Release|Any CPU.ActiveCfg = Release|Any CPU
		{9DF477C6-AB2A-09B0-70A8-D1699128043E}.Release|Any CPU.Build.0 = Release|Any CPU
		{9B49F41E-69D4-EE12-29D0-3C592ABE031E}.Debug|Any CPU.ActiveCfg = Debug|Any CPU
		{9B49F41E-69D4-EE12-29D0-3C592ABE031E}.Debug|Any CPU.Build.0 = Debug|Any CPU
		{9B49F41E-69D4-EE12-29D0-3C592ABE031E}.Release|Any CPU.ActiveCfg = Release|Any CPU
		{9B49F41E-69D4-EE12-29D0-3C592ABE031E}.Release|Any CPU.Build.0 = Release|Any CPU
		{F0BDBA7F-4129-11E1-7E85-D4D5720B9E55}.Debug|Any CPU.ActiveCfg = Debug|Any CPU
		{F0BDBA7F-4129-11E1-7E85-D4D5720B9E55}.Debug|Any CPU.Build.0 = Debug|Any CPU
		{F0BDBA7F-4129-11E1-7E85-D4D5720B9E55}.Release|Any CPU.ActiveCfg = Release|Any CPU
		{F0BDBA7F-4129-11E1-7E85-D4D5720B9E55}.Release|Any CPU.Build.0 = Release|Any CPU
		{6C9178BF-9A84-A06E-ACAC-85DAF954F8FB}.Debug|Any CPU.ActiveCfg = Debug|Any CPU
		{6C9178BF-9A84-A06E-ACAC-85DAF954F8FB}.Debug|Any CPU.Build.0 = Debug|Any CPU
		{6C9178BF-9A84-A06E-ACAC-85DAF954F8FB}.Release|Any CPU.ActiveCfg = Release|Any CPU
		{6C9178BF-9A84-A06E-ACAC-85DAF954F8FB}.Release|Any CPU.Build.0 = Release|Any CPU
		{5CF87C5E-327E-DA40-E75A-CFAB4CF331F5}.Debug|Any CPU.ActiveCfg = Debug|Any CPU
		{5CF87C5E-327E-DA40-E75A-CFAB4CF331F5}.Debug|Any CPU.Build.0 = Debug|Any CPU
		{5CF87C5E-327E-DA40-E75A-CFAB4CF331F5}.Release|Any CPU.ActiveCfg = Release|Any CPU
		{5CF87C5E-327E-DA40-E75A-CFAB4CF331F5}.Release|Any CPU.Build.0 = Release|Any CPU
		{C76EDBD0-E5FE-9FB5-4607-E4F725BBEB97}.Debug|Any CPU.ActiveCfg = Debug|Any CPU
		{C76EDBD0-E5FE-9FB5-4607-E4F725BBEB97}.Debug|Any CPU.Build.0 = Debug|Any CPU
		{C76EDBD0-E5FE-9FB5-4607-E4F725BBEB97}.Release|Any CPU.ActiveCfg = Release|Any CPU
		{C76EDBD0-E5FE-9FB5-4607-E4F725BBEB97}.Release|Any CPU.Build.0 = Release|Any CPU
		{E6FD083A-3EB3-2584-8440-88792651E8EA}.Debug|Any CPU.ActiveCfg = Debug|Any CPU
		{E6FD083A-3EB3-2584-8440-88792651E8EA}.Debug|Any CPU.Build.0 = Debug|Any CPU
		{E6FD083A-3EB3-2584-8440-88792651E8EA}.Release|Any CPU.ActiveCfg = Release|Any CPU
		{E6FD083A-3EB3-2584-8440-88792651E8EA}.Release|Any CPU.Build.0 = Release|Any CPU
		{E153C06B-A868-EBB8-7464-B7934293B033}.Debug|Any CPU.ActiveCfg = Debug|Any CPU
		{E153C06B-A868-EBB8-7464-B7934293B033}.Debug|Any CPU.Build.0 = Debug|Any CPU
		{E153C06B-A868-EBB8-7464-B7934293B033}.Release|Any CPU.ActiveCfg = Release|Any CPU
		{E153C06B-A868-EBB8-7464-B7934293B033}.Release|Any CPU.Build.0 = Release|Any CPU
		{43442839-0DCB-2404-B2FC-DBF6B522F7DF}.Debug|Any CPU.ActiveCfg = Debug|Any CPU
		{43442839-0DCB-2404-B2FC-DBF6B522F7DF}.Debug|Any CPU.Build.0 = Debug|Any CPU
		{43442839-0DCB-2404-B2FC-DBF6B522F7DF}.Release|Any CPU.ActiveCfg = Release|Any CPU
		{43442839-0DCB-2404-B2FC-DBF6B522F7DF}.Release|Any CPU.Build.0 = Release|Any CPU
		{DD7BE00F-C346-6170-606A-6191D2E9622E}.Debug|Any CPU.ActiveCfg = Debug|Any CPU
		{DD7BE00F-C346-6170-606A-6191D2E9622E}.Debug|Any CPU.Build.0 = Debug|Any CPU
		{DD7BE00F-C346-6170-606A-6191D2E9622E}.Release|Any CPU.ActiveCfg = Release|Any CPU
		{DD7BE00F-C346-6170-606A-6191D2E9622E}.Release|Any CPU.Build.0 = Release|Any CPU
		{9FAD8B3D-8BF5-01B1-F80D-84F793F503B6}.Debug|Any CPU.ActiveCfg = Debug|Any CPU
		{9FAD8B3D-8BF5-01B1-F80D-84F793F503B6}.Debug|Any CPU.Build.0 = Debug|Any CPU
		{9FAD8B3D-8BF5-01B1-F80D-84F793F503B6}.Release|Any CPU.ActiveCfg = Release|Any CPU
		{9FAD8B3D-8BF5-01B1-F80D-84F793F503B6}.Release|Any CPU.Build.0 = Release|Any CPU
		{4D9222CB-9325-C5A5-219F-A7A6585C8033}.Debug|Any CPU.ActiveCfg = Debug|Any CPU
		{4D9222CB-9325-C5A5-219F-A7A6585C8033}.Debug|Any CPU.Build.0 = Debug|Any CPU
		{4D9222CB-9325-C5A5-219F-A7A6585C8033}.Release|Any CPU.ActiveCfg = Release|Any CPU
		{4D9222CB-9325-C5A5-219F-A7A6585C8033}.Release|Any CPU.Build.0 = Release|Any CPU
		{8E7982F8-6308-35C2-4260-EFF9C226F678}.Debug|Any CPU.ActiveCfg = Debug|Any CPU
		{8E7982F8-6308-35C2-4260-EFF9C226F678}.Debug|Any CPU.Build.0 = Debug|Any CPU
		{8E7982F8-6308-35C2-4260-EFF9C226F678}.Release|Any CPU.ActiveCfg = Release|Any CPU
		{8E7982F8-6308-35C2-4260-EFF9C226F678}.Release|Any CPU.Build.0 = Release|Any CPU
		{C03E3B1B-813D-AB76-4BCF-EC256C152AE9}.Debug|Any CPU.ActiveCfg = Debug|Any CPU
		{C03E3B1B-813D-AB76-4BCF-EC256C152AE9}.Debug|Any CPU.Build.0 = Debug|Any CPU
		{C03E3B1B-813D-AB76-4BCF-EC256C152AE9}.Release|Any CPU.ActiveCfg = Release|Any CPU
		{C03E3B1B-813D-AB76-4BCF-EC256C152AE9}.Release|Any CPU.Build.0 = Release|Any CPU
		{52BDC8AE-8919-A15B-5CAB-F6AFB9822031}.Debug|Any CPU.ActiveCfg = Debug|Any CPU
		{52BDC8AE-8919-A15B-5CAB-F6AFB9822031}.Debug|Any CPU.Build.0 = Debug|Any CPU
		{52BDC8AE-8919-A15B-5CAB-F6AFB9822031}.Release|Any CPU.ActiveCfg = Release|Any CPU
		{52BDC8AE-8919-A15B-5CAB-F6AFB9822031}.Release|Any CPU.Build.0 = Release|Any CPU
		{3ABA0D53-457D-DB0C-EC5F-0DBACC79D0C7}.Debug|Any CPU.ActiveCfg = Debug|Any CPU
		{3ABA0D53-457D-DB0C-EC5F-0DBACC79D0C7}.Debug|Any CPU.Build.0 = Debug|Any CPU
		{3ABA0D53-457D-DB0C-EC5F-0DBACC79D0C7}.Release|Any CPU.ActiveCfg = Release|Any CPU
		{3ABA0D53-457D-DB0C-EC5F-0DBACC79D0C7}.Release|Any CPU.Build.0 = Release|Any CPU
		{E6EB4415-DFA2-8132-B62C-1007292C28AE}.Debug|Any CPU.ActiveCfg = Debug|Any CPU
		{E6EB4415-DFA2-8132-B62C-1007292C28AE}.Debug|Any CPU.Build.0 = Debug|Any CPU
		{E6EB4415-DFA2-8132-B62C-1007292C28AE}.Release|Any CPU.ActiveCfg = Release|Any CPU
		{E6EB4415-DFA2-8132-B62C-1007292C28AE}.Release|Any CPU.Build.0 = Release|Any CPU
		{A00BF969-DFF2-2D0B-C68F-5CF48047E576}.Debug|Any CPU.ActiveCfg = Debug|Any CPU
		{A00BF969-DFF2-2D0B-C68F-5CF48047E576}.Debug|Any CPU.Build.0 = Debug|Any CPU
		{A00BF969-DFF2-2D0B-C68F-5CF48047E576}.Release|Any CPU.ActiveCfg = Release|Any CPU
		{A00BF969-DFF2-2D0B-C68F-5CF48047E576}.Release|Any CPU.Build.0 = Release|Any CPU
		{1E28421E-1F21-6EE7-D03B-7ED51974A483}.Debug|Any CPU.ActiveCfg = Debug|Any CPU
		{1E28421E-1F21-6EE7-D03B-7ED51974A483}.Debug|Any CPU.Build.0 = Debug|Any CPU
		{1E28421E-1F21-6EE7-D03B-7ED51974A483}.Release|Any CPU.ActiveCfg = Release|Any CPU
		{1E28421E-1F21-6EE7-D03B-7ED51974A483}.Release|Any CPU.Build.0 = Release|Any CPU
		{B6998A36-E12F-DC04-19FB-4B94CA47C338}.Debug|Any CPU.ActiveCfg = Debug|Any CPU
		{B6998A36-E12F-DC04-19FB-4B94CA47C338}.Debug|Any CPU.Build.0 = Debug|Any CPU
		{B6998A36-E12F-DC04-19FB-4B94CA47C338}.Release|Any CPU.ActiveCfg = Release|Any CPU
		{B6998A36-E12F-DC04-19FB-4B94CA47C338}.Release|Any CPU.Build.0 = Release|Any CPU
		{64C66DE6-FFF0-A5F8-2228-43263EF1F0C2}.Debug|Any CPU.ActiveCfg = Debug|Any CPU
		{64C66DE6-FFF0-A5F8-2228-43263EF1F0C2}.Debug|Any CPU.Build.0 = Debug|Any CPU
		{64C66DE6-FFF0-A5F8-2228-43263EF1F0C2}.Release|Any CPU.ActiveCfg = Release|Any CPU
		{64C66DE6-FFF0-A5F8-2228-43263EF1F0C2}.Release|Any CPU.Build.0 = Release|Any CPU
		{6F1E4FA6-DD85-D680-44FC-BD2CE9EB60B0}.Debug|Any CPU.ActiveCfg = Debug|Any CPU
		{6F1E4FA6-DD85-D680-44FC-BD2CE9EB60B0}.Debug|Any CPU.Build.0 = Debug|Any CPU
		{6F1E4FA6-DD85-D680-44FC-BD2CE9EB60B0}.Release|Any CPU.ActiveCfg = Release|Any CPU
		{6F1E4FA6-DD85-D680-44FC-BD2CE9EB60B0}.Release|Any CPU.Build.0 = Release|Any CPU
		{6254794A-25F8-0355-52EE-0586B9F8A4F6}.Debug|Any CPU.ActiveCfg = Debug|Any CPU
		{6254794A-25F8-0355-52EE-0586B9F8A4F6}.Debug|Any CPU.Build.0 = Debug|Any CPU
		{6254794A-25F8-0355-52EE-0586B9F8A4F6}.Release|Any CPU.ActiveCfg = Release|Any CPU
		{6254794A-25F8-0355-52EE-0586B9F8A4F6}.Release|Any CPU.Build.0 = Release|Any CPU
		{3451B54B-253F-D707-DADA-B81347E2FA69}.Debug|Any CPU.ActiveCfg = Debug|Any CPU
		{3451B54B-253F-D707-DADA-B81347E2FA69}.Debug|Any CPU.Build.0 = Debug|Any CPU
		{3451B54B-253F-D707-DADA-B81347E2FA69}.Release|Any CPU.ActiveCfg = Release|Any CPU
		{3451B54B-253F-D707-DADA-B81347E2FA69}.Release|Any CPU.Build.0 = Release|Any CPU
		{FDFA285A-35DE-B0AC-172E-7CFC003900A4}.Debug|Any CPU.ActiveCfg = Debug|Any CPU
		{FDFA285A-35DE-B0AC-172E-7CFC003900A4}.Debug|Any CPU.Build.0 = Debug|Any CPU
		{FDFA285A-35DE-B0AC-172E-7CFC003900A4}.Release|Any CPU.ActiveCfg = Release|Any CPU
		{FDFA285A-35DE-B0AC-172E-7CFC003900A4}.Release|Any CPU.Build.0 = Release|Any CPU
		{96AB31D4-5801-06BA-A097-338EEC0089F4}.Debug|Any CPU.ActiveCfg = Debug|Any CPU
		{96AB31D4-5801-06BA-A097-338EEC0089F4}.Debug|Any CPU.Build.0 = Debug|Any CPU
		{96AB31D4-5801-06BA-A097-338EEC0089F4}.Release|Any CPU.ActiveCfg = Release|Any CPU
		{96AB31D4-5801-06BA-A097-338EEC0089F4}.Release|Any CPU.Build.0 = Release|Any CPU
		{67734365-28B6-4144-943A-D6DF713AF175}.Debug|Any CPU.ActiveCfg = Debug|Any CPU
		{67734365-28B6-4144-943A-D6DF713AF175}.Debug|Any CPU.Build.0 = Debug|Any CPU
		{67734365-28B6-4144-943A-D6DF713AF175}.Release|Any CPU.ActiveCfg = Release|Any CPU
		{67734365-28B6-4144-943A-D6DF713AF175}.Release|Any CPU.Build.0 = Release|Any CPU
		{55152728-04EF-66B5-1120-48B7D510EAFB}.Debug|Any CPU.ActiveCfg = Debug|Any CPU
		{55152728-04EF-66B5-1120-48B7D510EAFB}.Debug|Any CPU.Build.0 = Debug|Any CPU
		{55152728-04EF-66B5-1120-48B7D510EAFB}.Release|Any CPU.ActiveCfg = Release|Any CPU
		{55152728-04EF-66B5-1120-48B7D510EAFB}.Release|Any CPU.Build.0 = Release|Any CPU
		{8A168D8F-CF7C-DD73-1FF0-DF05F81D67FF}.Debug|Any CPU.ActiveCfg = Debug|Any CPU
		{8A168D8F-CF7C-DD73-1FF0-DF05F81D67FF}.Debug|Any CPU.Build.0 = Debug|Any CPU
		{8A168D8F-CF7C-DD73-1FF0-DF05F81D67FF}.Release|Any CPU.ActiveCfg = Release|Any CPU
		{8A168D8F-CF7C-DD73-1FF0-DF05F81D67FF}.Release|Any CPU.Build.0 = Release|Any CPU
		{9C2566B5-CBD2-469B-5A5F-61026E295C01}.Debug|Any CPU.ActiveCfg = Debug|Any CPU
		{9C2566B5-CBD2-469B-5A5F-61026E295C01}.Debug|Any CPU.Build.0 = Debug|Any CPU
		{9C2566B5-CBD2-469B-5A5F-61026E295C01}.Release|Any CPU.ActiveCfg = Release|Any CPU
		{9C2566B5-CBD2-469B-5A5F-61026E295C01}.Release|Any CPU.Build.0 = Release|Any CPU
		{EC544F0D-27BA-A7FB-7F47-C3061A408FD9}.Debug|Any CPU.ActiveCfg = Debug|Any CPU
		{EC544F0D-27BA-A7FB-7F47-C3061A408FD9}.Debug|Any CPU.Build.0 = Debug|Any CPU
		{EC544F0D-27BA-A7FB-7F47-C3061A408FD9}.Release|Any CPU.ActiveCfg = Release|Any CPU
		{EC544F0D-27BA-A7FB-7F47-C3061A408FD9}.Release|Any CPU.Build.0 = Release|Any CPU
		{2CAB96EE-F736-3731-C018-0688C6B0364B}.Debug|Any CPU.ActiveCfg = Debug|Any CPU
		{2CAB96EE-F736-3731-C018-0688C6B0364B}.Debug|Any CPU.Build.0 = Debug|Any CPU
		{2CAB96EE-F736-3731-C018-0688C6B0364B}.Release|Any CPU.ActiveCfg = Release|Any CPU
		{2CAB96EE-F736-3731-C018-0688C6B0364B}.Release|Any CPU.Build.0 = Release|Any CPU
		{94AFD583-B2F8-70EB-7E1B-40AD1DCE4D35}.Debug|Any CPU.ActiveCfg = Debug|Any CPU
		{94AFD583-B2F8-70EB-7E1B-40AD1DCE4D35}.Debug|Any CPU.Build.0 = Debug|Any CPU
		{94AFD583-B2F8-70EB-7E1B-40AD1DCE4D35}.Release|Any CPU.ActiveCfg = Release|Any CPU
		{94AFD583-B2F8-70EB-7E1B-40AD1DCE4D35}.Release|Any CPU.Build.0 = Release|Any CPU
		{FD6BCEDF-5B0D-F412-FD36-79B0887BF6A2}.Debug|Any CPU.ActiveCfg = Debug|Any CPU
		{FD6BCEDF-5B0D-F412-FD36-79B0887BF6A2}.Debug|Any CPU.Build.0 = Debug|Any CPU
		{FD6BCEDF-5B0D-F412-FD36-79B0887BF6A2}.Release|Any CPU.ActiveCfg = Release|Any CPU
		{FD6BCEDF-5B0D-F412-FD36-79B0887BF6A2}.Release|Any CPU.Build.0 = Release|Any CPU
		{AB9A3689-91B0-11E4-4EB0-842AFA449BC2}.Debug|Any CPU.ActiveCfg = Debug|Any CPU
		{AB9A3689-91B0-11E4-4EB0-842AFA449BC2}.Debug|Any CPU.Build.0 = Debug|Any CPU
		{AB9A3689-91B0-11E4-4EB0-842AFA449BC2}.Release|Any CPU.ActiveCfg = Release|Any CPU
		{AB9A3689-91B0-11E4-4EB0-842AFA449BC2}.Release|Any CPU.Build.0 = Release|Any CPU
		{CE7FA8D1-C715-DBDA-238D-AE015E58F1A0}.Debug|Any CPU.ActiveCfg = Debug|Any CPU
		{CE7FA8D1-C715-DBDA-238D-AE015E58F1A0}.Debug|Any CPU.Build.0 = Debug|Any CPU
		{CE7FA8D1-C715-DBDA-238D-AE015E58F1A0}.Release|Any CPU.ActiveCfg = Release|Any CPU
		{CE7FA8D1-C715-DBDA-238D-AE015E58F1A0}.Release|Any CPU.Build.0 = Release|Any CPU
	EndGlobalSection
	GlobalSection(SolutionProperties) = preSolution
		HideSolutionNode = FALSE
	EndGlobalSection
EndGlobal
