
Microsoft Visual Studio Solution File, Format Version 12.00
# Visual Studio 15
Project("{FAE04EC0-301F-11D3-BF4B-00C04F79EFBC}") = "Oculus.Interaction", "Oculus.Interaction.csproj", "{55BC2086-37E4-5332-8717-F7002B0255EB}"
EndProject
Project("{FAE04EC0-301F-11D3-BF4B-00C04F79EFBC}") = "Oculus.Interaction.Editor", "Oculus.Interaction.Editor.csproj", "{5ECB5B93-C289-E5E2-C6B4-FEA41D326F40}"
EndProject
Project("{FAE04EC0-301F-11D3-BF4B-00C04F79EFBC}") = "Assembly-CSharp", "Assembly-CSharp.csproj", "{593DA28B-B617-C316-7DEC-48B84A5C0311}"
EndProject
Project("{FAE04EC0-301F-11D3-BF4B-00C04F79EFBC}") = "Oculus.Platform", "Oculus.Platform.csproj", "{2A815C1E-C2E5-0027-44D9-C600BDC18851}"
EndProject
Project("{FAE04EC0-301F-11D3-BF4B-00C04F79EFBC}") = "Oculus.Interaction.OVR.Samples", "Oculus.Interaction.OVR.Samples.csproj", "{AF9669C1-3F4C-9B14-E8BA-2FB983B0ABCC}"
EndProject
Project("{FAE04EC0-301F-11D3-BF4B-00C04F79EFBC}") = "Meta.WitAi.Lib", "Meta.WitAi.Lib.csproj", "{D48E11EC-1880-4870-F65D-21D6BEB84602}"
EndProject
Project("{FAE04EC0-301F-11D3-BF4B-00C04F79EFBC}") = "Oculus.VR", "Oculus.VR.csproj", "{F9F3A762-7A53-ADC2-69CB-32E59FE15D8A}"
EndProject
Project("{FAE04EC0-301F-11D3-BF4B-00C04F79EFBC}") = "Meta.WitAi.Conduit.Editor", "Meta.WitAi.Conduit.Editor.csproj", "{09E4ACB7-236F-F902-0FFB-C55E383728F2}"
EndProject
Project("{FAE04EC0-301F-11D3-BF4B-00C04F79EFBC}") = "Meta.WitAi", "Meta.WitAi.csproj", "{8108496B-1329-A104-BBAF-994F1D658EA5}"
EndProject
Project("{FAE04EC0-301F-11D3-BF4B-00C04F79EFBC}") = "Oculus.VR.Editor", "Oculus.VR.Editor.csproj", "{3A18E321-D49B-A3B7-3C87-4F5E5B4CD3AE}"
EndProject
Project("{FAE04EC0-301F-11D3-BF4B-00C04F79EFBC}") = "Oculus.LipSync", "Oculus.LipSync.csproj", "{C7D2F56B-2716-2FB8-84A0-EB5EB9F23273}"
EndProject
Project("{FAE04EC0-301F-11D3-BF4B-00C04F79EFBC}") = "Oculus.Interaction.OVR", "Oculus.Interaction.OVR.csproj", "{4BE0FF6A-F582-DEF4-62E9-41B9031E39F2}"
EndProject
Project("{FAE04EC0-301F-11D3-BF4B-00C04F79EFBC}") = "Assembly-CSharp-Editor", "Assembly-CSharp-Editor.csproj", "{41A86A64-9162-1D73-9709-43E25CFAA95C}"
EndProject
Project("{FAE04EC0-301F-11D3-BF4B-00C04F79EFBC}") = "Meta.WitAI.Lib.Editor", "Meta.WitAI.Lib.Editor.csproj", "{0ED58F53-F430-3843-B6B5-82B8C3115B08}"
EndProject
Project("{FAE04EC0-301F-11D3-BF4B-00C04F79EFBC}") = "Meta.WitAi.Editor", "Meta.WitAi.Editor.csproj", "{9A2EEFD1-1119-1CBA-1215-B67449B68958}"
EndProject
Project("{FAE04EC0-301F-11D3-BF4B-00C04F79EFBC}") = "Meta.Voice.Samples.BuiltInTimer", "Meta.Voice.Samples.BuiltInTimer.csproj", "{3E9BC1A1-CB51-D6CF-9CE1-37CF08A69F6B}"
EndProject
Project("{FAE04EC0-301F-11D3-BF4B-00C04F79EFBC}") = "Meta.WitAi.Conduit", "Meta.WitAi.Conduit.csproj", "{EF15FC98-E617-D212-CEB1-BD63917BACCA}"
EndProject
Project("{FAE04EC0-301F-11D3-BF4B-00C04F79EFBC}") = "Meta.XR.BuildingBlocks.Editor", "Meta.XR.BuildingBlocks.Editor.csproj", "{CB9C96E1-66E4-A17A-AB13-A5914BFC27B2}"
EndProject
Project("{FAE04EC0-301F-11D3-BF4B-00C04F79EFBC}") = "VoiceSDK.Dictation.Runtime", "VoiceSDK.Dictation.Runtime.csproj", "{10AA0587-83FF-E7A8-4128-ECFE86E0FB8B}"
EndProject
Project("{FAE04EC0-301F-11D3-BF4B-00C04F79EFBC}") = "VoiceSDK.Editor", "VoiceSDK.Editor.csproj", "{0A3D0B03-CDC8-D4FC-C371-68EFD1DCE6B1}"
EndProject
Project("{FAE04EC0-301F-11D3-BF4B-00C04F79EFBC}") = "Oculus.VR.Scripts.Editor", "Oculus.VR.Scripts.Editor.csproj", "{F6453AEA-FF93-F7BB-83F9-ED56BCF4A023}"
EndProject
Project("{FAE04EC0-301F-11D3-BF4B-00C04F79EFBC}") = "Meta.Voice.Samples.LightTraits", "Meta.Voice.Samples.LightTraits.csproj", "{571D123D-8655-A8AD-77FD-F0A8540B8974}"
EndProject
Project("{FAE04EC0-301F-11D3-BF4B-00C04F79EFBC}") = "Meta.Voice.Samples.TTSVoices", "Meta.Voice.Samples.TTSVoices.csproj", "{D622EF84-978A-BA12-BC0A-3058204CA037}"
EndProject
Project("{FAE04EC0-301F-11D3-BF4B-00C04F79EFBC}") = "VoiceSDK.Runtime", "VoiceSDK.Runtime.csproj", "{81C87593-D8EC-1BB6-8680-A33D17715C3E}"
EndProject
Project("{FAE04EC0-301F-11D3-BF4B-00C04F79EFBC}") = "Oculus.Interaction.Samples.Editor", "Oculus.Interaction.Samples.Editor.csproj", "{F10F6C35-861C-C746-F7CC-CEC384513B90}"
EndProject
Project("{FAE04EC0-301F-11D3-BF4B-00C04F79EFBC}") = "Meta.WitAi.TTS.Editor", "Meta.WitAi.TTS.Editor.csproj", "{3DF94794-6DF8-AE15-D8BD-7DED00AE89BC}"
EndProject
Project("{FAE04EC0-301F-11D3-BF4B-00C04F79EFBC}") = "Oculus.Platform.Editor", "Oculus.Platform.Editor.csproj", "{7B3F723E-2BE7-FD19-796C-2D2A157BE066}"
EndProject
Project("{FAE04EC0-301F-11D3-BF4B-00C04F79EFBC}") = "Facebook.Wit.Dictation", "Facebook.Wit.Dictation.csproj", "{70424F8A-DC27-D949-871E-632137BA8B53}"
EndProject
Project("{FAE04EC0-301F-11D3-BF4B-00C04F79EFBC}") = "Oculus.AudioManager.Utils.Editor", "Oculus.AudioManager.Utils.Editor.csproj", "{5CF5732D-52DE-DF9E-3D64-88D995DD59DF}"
EndProject
Project("{FAE04EC0-301F-11D3-BF4B-00C04F79EFBC}") = "Meta.VoiceSDK.Mic.Common", "Meta.VoiceSDK.Mic.Common.csproj", "{6796FA41-FC00-D631-F59E-F56BEA095D45}"
EndProject
Project("{FAE04EC0-301F-11D3-BF4B-00C04F79EFBC}") = "Meta.Voice.Hub.Editor", "Meta.Voice.Hub.Editor.csproj", "{18CC5925-3018-FED0-50D6-FCD40556EB4A}"
EndProject
Project("{FAE04EC0-301F-11D3-BF4B-00C04F79EFBC}") = "Meta.Voice.Samples.ShapesConduit", "Meta.Voice.Samples.ShapesConduit.csproj", "{81CAB34A-0A3C-57D8-D9E4-0249D76993DB}"
EndProject
Project("{FAE04EC0-301F-11D3-BF4B-00C04F79EFBC}") = "Meta.VoiceSDK.Mic.Other", "Meta.VoiceSDK.Mic.Other.csproj", "{BA6BEC3A-164E-F7E8-8CB7-841B235B6843}"
EndProject
Project("{FAE04EC0-301F-11D3-BF4B-00C04F79EFBC}") = "Meta.WitAi.TTS", "Meta.WitAi.TTS.csproj", "{EFA64863-4984-0E35-4C60-9465C4F1AA5F}"
EndProject
Project("{FAE04EC0-301F-11D3-BF4B-00C04F79EFBC}") = "Oculus.Interaction.InterfaceSupport", "Oculus.Interaction.InterfaceSupport.csproj", "{3F42F31B-7619-609D-0FCA-664CFA7D0F0B}"
EndProject
Project("{FAE04EC0-301F-11D3-BF4B-00C04F79EFBC}") = "AssistantCoreSDKRuntime", "AssistantCoreSDKRuntime.csproj", "{22D36F50-4DDD-2D45-3575-3EA808542871}"
EndProject
Project("{FAE04EC0-301F-11D3-BF4B-00C04F79EFBC}") = "Oculus.AudioManager.Audio.Editor", "Oculus.AudioManager.Audio.Editor.csproj", "{2CEA2542-8858-AF6C-083A-4484B186701B}"
EndProject
Project("{FAE04EC0-301F-11D3-BF4B-00C04F79EFBC}") = "Oculus.Spatializer.Editor", "Oculus.Spatializer.Editor.csproj", "{1D45D112-1AC0-EF7C-DEB0-BCA44B9B2B98}"
EndProject
Project("{FAE04EC0-301F-11D3-BF4B-00C04F79EFBC}") = "Oculus.Spatializer", "Oculus.Spatializer.csproj", "{26781627-7D9F-0A18-7161-163E7764EAE4}"
EndProject
Project("{FAE04EC0-301F-11D3-BF4B-00C04F79EFBC}") = "Meta.Voice.Hub.Runtime", "Meta.Voice.Hub.Runtime.csproj", "{C7EF1B2D-C158-8EAF-A150-93BDE5B4789B}"
EndProject
Project("{FAE04EC0-301F-11D3-BF4B-00C04F79EFBC}") = "Oculus.AudioManager", "Oculus.AudioManager.csproj", "{7F4E82C7-52A9-93A3-EA9D-D499C2E9CE97}"
EndProject
Project("{FAE04EC0-301F-11D3-BF4B-00C04F79EFBC}") = "Meta.Voice.Samples.Shapes", "Meta.Voice.Samples.Shapes.csproj", "{C41F51B9-282F-42C8-BBB1-B83BE7359B0A}"
EndProject
Project("{FAE04EC0-301F-11D3-BF4B-00C04F79EFBC}") = "Meta.Voice.VSDKHub.Editor", "Meta.Voice.VSDKHub.Editor.csproj", "{899955EA-B041-A6FE-50B2-20FAEDDEB8A9}"
EndProject
Project("{FAE04EC0-301F-11D3-BF4B-00C04F79EFBC}") = "Oculus.Interaction.OVR.Editor", "Oculus.Interaction.OVR.Editor.csproj", "{7DB2C288-9878-1645-999A-3623B4BAF7C5}"
EndProject
Project("{FAE04EC0-301F-11D3-BF4B-00C04F79EFBC}") = "Meta.Voice.Samples.Dictation", "Meta.Voice.Samples.Dictation.csproj", "{63A3B347-B9B7-A179-D097-840F83C7837C}"
EndProject
Project("{FAE04EC0-301F-11D3-BF4B-00C04F79EFBC}") = "VoiceSDK.Dictation.Editor", "VoiceSDK.Dictation.Editor.csproj", "{C9827F97-7377-F3E9-FA3D-36F34211958E}"
EndProject
Project("{FAE04EC0-301F-11D3-BF4B-00C04F79EFBC}") = "VoiceSDK.Telemetry", "VoiceSDK.Telemetry.csproj", "{8D8DC39E-9BE0-C621-8349-B0BF25FA21B0}"
EndProject
Project("{FAE04EC0-301F-11D3-BF4B-00C04F79EFBC}") = "Facebook.Wit.Dictation.Editor", "Facebook.Wit.Dictation.Editor.csproj", "{1889D31C-9CBD-F114-6CA4-A32C1C2669A6}"
EndProject
Project("{FAE04EC0-301F-11D3-BF4B-00C04F79EFBC}") = "Meta.XR.BuildingBlocks", "Meta.XR.BuildingBlocks.csproj", "{F21EBB65-CFE3-FABE-C99D-370BDBBD6BA0}"
EndProject
Project("{FAE04EC0-301F-11D3-BF4B-00C04F79EFBC}") = "Oculus.LipSync.Editor", "Oculus.LipSync.Editor.csproj", "{1106D00B-9CD8-FACC-1120-6526FC62FDC6}"
EndProject
Project("{FAE04EC0-301F-11D3-BF4B-00C04F79EFBC}") = "Meta.Voice.Samples.LiveUnderstanding", "Meta.Voice.Samples.LiveUnderstanding.csproj", "{C2D0E338-48F4-904A-127E-1DF70C289A5A}"
EndProject
Project("{FAE04EC0-301F-11D3-BF4B-00C04F79EFBC}") = "AssistantCoreSDKEditor", "AssistantCoreSDKEditor.csproj", "{79112E79-4F29-3514-A03D-F81EFD11C3A4}"
EndProject
Project("{FAE04EC0-301F-11D3-BF4B-00C04F79EFBC}") = "Meta.VoiceSDK.Mic.WebGL", "Meta.VoiceSDK.Mic.WebGL.csproj", "{F1E571C5-C48B-C19B-D6B3-2EF0B9CBCBB7}"
EndProject
Project("{FAE04EC0-301F-11D3-BF4B-00C04F79EFBC}") = "BNGHandPoseID", "BNGHandPoseID.csproj", "{2A52343C-1B00-FB53-ABE2-27A45AA58F99}"
EndProject
Project("{FAE04EC0-301F-11D3-BF4B-00C04F79EFBC}") = "Meta.Voice.Samples.Chess", "Meta.Voice.Samples.Chess.csproj", "{4A2430CC-7EE8-027F-DEFF-0E9922ED347C}"
EndProject
Global
	GlobalSection(SolutionConfigurationPlatforms) = preSolution
		Debug|Any CPU = Debug|Any CPU
		Release|Any CPU = Release|Any CPU
	EndGlobalSection
	GlobalSection(ProjectConfigurationPlatforms) = postSolution
		{55BC2086-37E4-5332-8717-F7002B0255EB}.Debug|Any CPU.ActiveCfg = Debug|Any CPU
		{55BC2086-37E4-5332-8717-F7002B0255EB}.Debug|Any CPU.Build.0 = Debug|Any CPU
		{55BC2086-37E4-5332-8717-F7002B0255EB}.Release|Any CPU.ActiveCfg = Release|Any CPU
		{55BC2086-37E4-5332-8717-F7002B0255EB}.Release|Any CPU.Build.0 = Release|Any CPU
		{5ECB5B93-C289-E5E2-C6B4-FEA41D326F40}.Debug|Any CPU.ActiveCfg = Debug|Any CPU
		{5ECB5B93-C289-E5E2-C6B4-FEA41D326F40}.Debug|Any CPU.Build.0 = Debug|Any CPU
		{5ECB5B93-C289-E5E2-C6B4-FEA41D326F40}.Release|Any CPU.ActiveCfg = Release|Any CPU
		{5ECB5B93-C289-E5E2-C6B4-FEA41D326F40}.Release|Any CPU.Build.0 = Release|Any CPU
		{593DA28B-B617-C316-7DEC-48B84A5C0311}.Debug|Any CPU.ActiveCfg = Debug|Any CPU
		{593DA28B-B617-C316-7DEC-48B84A5C0311}.Debug|Any CPU.Build.0 = Debug|Any CPU
		{593DA28B-B617-C316-7DEC-48B84A5C0311}.Release|Any CPU.ActiveCfg = Release|Any CPU
		{593DA28B-B617-C316-7DEC-48B84A5C0311}.Release|Any CPU.Build.0 = Release|Any CPU
		{2A815C1E-C2E5-0027-44D9-C600BDC18851}.Debug|Any CPU.ActiveCfg = Debug|Any CPU
		{2A815C1E-C2E5-0027-44D9-C600BDC18851}.Debug|Any CPU.Build.0 = Debug|Any CPU
		{2A815C1E-C2E5-0027-44D9-C600BDC18851}.Release|Any CPU.ActiveCfg = Release|Any CPU
		{2A815C1E-C2E5-0027-44D9-C600BDC18851}.Release|Any CPU.Build.0 = Release|Any CPU
		{AF9669C1-3F4C-9B14-E8BA-2FB983B0ABCC}.Debug|Any CPU.ActiveCfg = Debug|Any CPU
		{AF9669C1-3F4C-9B14-E8BA-2FB983B0ABCC}.Debug|Any CPU.Build.0 = Debug|Any CPU
		{AF9669C1-3F4C-9B14-E8BA-2FB983B0ABCC}.Release|Any CPU.ActiveCfg = Release|Any CPU
		{AF9669C1-3F4C-9B14-E8BA-2FB983B0ABCC}.Release|Any CPU.Build.0 = Release|Any CPU
		{D48E11EC-1880-4870-F65D-21D6BEB84602}.Debug|Any CPU.ActiveCfg = Debug|Any CPU
		{D48E11EC-1880-4870-F65D-21D6BEB84602}.Debug|Any CPU.Build.0 = Debug|Any CPU
		{D48E11EC-1880-4870-F65D-21D6BEB84602}.Release|Any CPU.ActiveCfg = Release|Any CPU
		{D48E11EC-1880-4870-F65D-21D6BEB84602}.Release|Any CPU.Build.0 = Release|Any CPU
		{F9F3A762-7A53-ADC2-69CB-32E59FE15D8A}.Debug|Any CPU.ActiveCfg = Debug|Any CPU
		{F9F3A762-7A53-ADC2-69CB-32E59FE15D8A}.Debug|Any CPU.Build.0 = Debug|Any CPU
		{F9F3A762-7A53-ADC2-69CB-32E59FE15D8A}.Release|Any CPU.ActiveCfg = Release|Any CPU
		{F9F3A762-7A53-ADC2-69CB-32E59FE15D8A}.Release|Any CPU.Build.0 = Release|Any CPU
		{09E4ACB7-236F-F902-0FFB-C55E383728F2}.Debug|Any CPU.ActiveCfg = Debug|Any CPU
		{09E4ACB7-236F-F902-0FFB-C55E383728F2}.Debug|Any CPU.Build.0 = Debug|Any CPU
		{09E4ACB7-236F-F902-0FFB-C55E383728F2}.Release|Any CPU.ActiveCfg = Release|Any CPU
		{09E4ACB7-236F-F902-0FFB-C55E383728F2}.Release|Any CPU.Build.0 = Release|Any CPU
		{8108496B-1329-A104-BBAF-994F1D658EA5}.Debug|Any CPU.ActiveCfg = Debug|Any CPU
		{8108496B-1329-A104-BBAF-994F1D658EA5}.Debug|Any CPU.Build.0 = Debug|Any CPU
		{8108496B-1329-A104-BBAF-994F1D658EA5}.Release|Any CPU.ActiveCfg = Release|Any CPU
		{8108496B-1329-A104-BBAF-994F1D658EA5}.Release|Any CPU.Build.0 = Release|Any CPU
		{3A18E321-D49B-A3B7-3C87-4F5E5B4CD3AE}.Debug|Any CPU.ActiveCfg = Debug|Any CPU
		{3A18E321-D49B-A3B7-3C87-4F5E5B4CD3AE}.Debug|Any CPU.Build.0 = Debug|Any CPU
		{3A18E321-D49B-A3B7-3C87-4F5E5B4CD3AE}.Release|Any CPU.ActiveCfg = Release|Any CPU
		{3A18E321-D49B-A3B7-3C87-4F5E5B4CD3AE}.Release|Any CPU.Build.0 = Release|Any CPU
		{C7D2F56B-2716-2FB8-84A0-EB5EB9F23273}.Debug|Any CPU.ActiveCfg = Debug|Any CPU
		{C7D2F56B-2716-2FB8-84A0-EB5EB9F23273}.Debug|Any CPU.Build.0 = Debug|Any CPU
		{C7D2F56B-2716-2FB8-84A0-EB5EB9F23273}.Release|Any CPU.ActiveCfg = Release|Any CPU
		{C7D2F56B-2716-2FB8-84A0-EB5EB9F23273}.Release|Any CPU.Build.0 = Release|Any CPU
		{4BE0FF6A-F582-DEF4-62E9-41B9031E39F2}.Debug|Any CPU.ActiveCfg = Debug|Any CPU
		{4BE0FF6A-F582-DEF4-62E9-41B9031E39F2}.Debug|Any CPU.Build.0 = Debug|Any CPU
		{4BE0FF6A-F582-DEF4-62E9-41B9031E39F2}.Release|Any CPU.ActiveCfg = Release|Any CPU
		{4BE0FF6A-F582-DEF4-62E9-41B9031E39F2}.Release|Any CPU.Build.0 = Release|Any CPU
		{41A86A64-9162-1D73-9709-43E25CFAA95C}.Debug|Any CPU.ActiveCfg = Debug|Any CPU
		{41A86A64-9162-1D73-9709-43E25CFAA95C}.Debug|Any CPU.Build.0 = Debug|Any CPU
		{41A86A64-9162-1D73-9709-43E25CFAA95C}.Release|Any CPU.ActiveCfg = Release|Any CPU
		{41A86A64-9162-1D73-9709-43E25CFAA95C}.Release|Any CPU.Build.0 = Release|Any CPU
		{0ED58F53-F430-3843-B6B5-82B8C3115B08}.Debug|Any CPU.ActiveCfg = Debug|Any CPU
		{0ED58F53-F430-3843-B6B5-82B8C3115B08}.Debug|Any CPU.Build.0 = Debug|Any CPU
		{0ED58F53-F430-3843-B6B5-82B8C3115B08}.Release|Any CPU.ActiveCfg = Release|Any CPU
		{0ED58F53-F430-3843-B6B5-82B8C3115B08}.Release|Any CPU.Build.0 = Release|Any CPU
		{9A2EEFD1-1119-1CBA-1215-B67449B68958}.Debug|Any CPU.ActiveCfg = Debug|Any CPU
		{9A2EEFD1-1119-1CBA-1215-B67449B68958}.Debug|Any CPU.Build.0 = Debug|Any CPU
		{9A2EEFD1-1119-1CBA-1215-B67449B68958}.Release|Any CPU.ActiveCfg = Release|Any CPU
		{9A2EEFD1-1119-1CBA-1215-B67449B68958}.Release|Any CPU.Build.0 = Release|Any CPU
		{3E9BC1A1-CB51-D6CF-9CE1-37CF08A69F6B}.Debug|Any CPU.ActiveCfg = Debug|Any CPU
		{3E9BC1A1-CB51-D6CF-9CE1-37CF08A69F6B}.Debug|Any CPU.Build.0 = Debug|Any CPU
		{3E9BC1A1-CB51-D6CF-9CE1-37CF08A69F6B}.Release|Any CPU.ActiveCfg = Release|Any CPU
		{3E9BC1A1-CB51-D6CF-9CE1-37CF08A69F6B}.Release|Any CPU.Build.0 = Release|Any CPU
		{EF15FC98-E617-D212-CEB1-BD63917BACCA}.Debug|Any CPU.ActiveCfg = Debug|Any CPU
		{EF15FC98-E617-D212-CEB1-BD63917BACCA}.Debug|Any CPU.Build.0 = Debug|Any CPU
		{EF15FC98-E617-D212-CEB1-BD63917BACCA}.Release|Any CPU.ActiveCfg = Release|Any CPU
		{EF15FC98-E617-D212-CEB1-BD63917BACCA}.Release|Any CPU.Build.0 = Release|Any CPU
		{CB9C96E1-66E4-A17A-AB13-A5914BFC27B2}.Debug|Any CPU.ActiveCfg = Debug|Any CPU
		{CB9C96E1-66E4-A17A-AB13-A5914BFC27B2}.Debug|Any CPU.Build.0 = Debug|Any CPU
		{CB9C96E1-66E4-A17A-AB13-A5914BFC27B2}.Release|Any CPU.ActiveCfg = Release|Any CPU
		{CB9C96E1-66E4-A17A-AB13-A5914BFC27B2}.Release|Any CPU.Build.0 = Release|Any CPU
		{10AA0587-83FF-E7A8-4128-ECFE86E0FB8B}.Debug|Any CPU.ActiveCfg = Debug|Any CPU
		{10AA0587-83FF-E7A8-4128-ECFE86E0FB8B}.Debug|Any CPU.Build.0 = Debug|Any CPU
		{10AA0587-83FF-E7A8-4128-ECFE86E0FB8B}.Release|Any CPU.ActiveCfg = Release|Any CPU
		{10AA0587-83FF-E7A8-4128-ECFE86E0FB8B}.Release|Any CPU.Build.0 = Release|Any CPU
		{0A3D0B03-CDC8-D4FC-C371-68EFD1DCE6B1}.Debug|Any CPU.ActiveCfg = Debug|Any CPU
		{0A3D0B03-CDC8-D4FC-C371-68EFD1DCE6B1}.Debug|Any CPU.Build.0 = Debug|Any CPU
		{0A3D0B03-CDC8-D4FC-C371-68EFD1DCE6B1}.Release|Any CPU.ActiveCfg = Release|Any CPU
		{0A3D0B03-CDC8-D4FC-C371-68EFD1DCE6B1}.Release|Any CPU.Build.0 = Release|Any CPU
		{F6453AEA-FF93-F7BB-83F9-ED56BCF4A023}.Debug|Any CPU.ActiveCfg = Debug|Any CPU
		{F6453AEA-FF93-F7BB-83F9-ED56BCF4A023}.Debug|Any CPU.Build.0 = Debug|Any CPU
		{F6453AEA-FF93-F7BB-83F9-ED56BCF4A023}.Release|Any CPU.ActiveCfg = Release|Any CPU
		{F6453AEA-FF93-F7BB-83F9-ED56BCF4A023}.Release|Any CPU.Build.0 = Release|Any CPU
		{571D123D-8655-A8AD-77FD-F0A8540B8974}.Debug|Any CPU.ActiveCfg = Debug|Any CPU
		{571D123D-8655-A8AD-77FD-F0A8540B8974}.Debug|Any CPU.Build.0 = Debug|Any CPU
		{571D123D-8655-A8AD-77FD-F0A8540B8974}.Release|Any CPU.ActiveCfg = Release|Any CPU
		{571D123D-8655-A8AD-77FD-F0A8540B8974}.Release|Any CPU.Build.0 = Release|Any CPU
		{D622EF84-978A-BA12-BC0A-3058204CA037}.Debug|Any CPU.ActiveCfg = Debug|Any CPU
		{D622EF84-978A-BA12-BC0A-3058204CA037}.Debug|Any CPU.Build.0 = Debug|Any CPU
		{D622EF84-978A-BA12-BC0A-3058204CA037}.Release|Any CPU.ActiveCfg = Release|Any CPU
		{D622EF84-978A-BA12-BC0A-3058204CA037}.Release|Any CPU.Build.0 = Release|Any CPU
		{81C87593-D8EC-1BB6-8680-A33D17715C3E}.Debug|Any CPU.ActiveCfg = Debug|Any CPU
		{81C87593-D8EC-1BB6-8680-A33D17715C3E}.Debug|Any CPU.Build.0 = Debug|Any CPU
		{81C87593-D8EC-1BB6-8680-A33D17715C3E}.Release|Any CPU.ActiveCfg = Release|Any CPU
		{81C87593-D8EC-1BB6-8680-A33D17715C3E}.Release|Any CPU.Build.0 = Release|Any CPU
		{F10F6C35-861C-C746-F7CC-CEC384513B90}.Debug|Any CPU.ActiveCfg = Debug|Any CPU
		{F10F6C35-861C-C746-F7CC-CEC384513B90}.Debug|Any CPU.Build.0 = Debug|Any CPU
		{F10F6C35-861C-C746-F7CC-CEC384513B90}.Release|Any CPU.ActiveCfg = Release|Any CPU
		{F10F6C35-861C-C746-F7CC-CEC384513B90}.Release|Any CPU.Build.0 = Release|Any CPU
		{3DF94794-6DF8-AE15-D8BD-7DED00AE89BC}.Debug|Any CPU.ActiveCfg = Debug|Any CPU
		{3DF94794-6DF8-AE15-D8BD-7DED00AE89BC}.Debug|Any CPU.Build.0 = Debug|Any CPU
		{3DF94794-6DF8-AE15-D8BD-7DED00AE89BC}.Release|Any CPU.ActiveCfg = Release|Any CPU
		{3DF94794-6DF8-AE15-D8BD-7DED00AE89BC}.Release|Any CPU.Build.0 = Release|Any CPU
		{7B3F723E-2BE7-FD19-796C-2D2A157BE066}.Debug|Any CPU.ActiveCfg = Debug|Any CPU
		{7B3F723E-2BE7-FD19-796C-2D2A157BE066}.Debug|Any CPU.Build.0 = Debug|Any CPU
		{7B3F723E-2BE7-FD19-796C-2D2A157BE066}.Release|Any CPU.ActiveCfg = Release|Any CPU
		{7B3F723E-2BE7-FD19-796C-2D2A157BE066}.Release|Any CPU.Build.0 = Release|Any CPU
		{70424F8A-DC27-D949-871E-632137BA8B53}.Debug|Any CPU.ActiveCfg = Debug|Any CPU
		{70424F8A-DC27-D949-871E-632137BA8B53}.Debug|Any CPU.Build.0 = Debug|Any CPU
		{70424F8A-DC27-D949-871E-632137BA8B53}.Release|Any CPU.ActiveCfg = Release|Any CPU
		{70424F8A-DC27-D949-871E-632137BA8B53}.Release|Any CPU.Build.0 = Release|Any CPU
		{5CF5732D-52DE-DF9E-3D64-88D995DD59DF}.Debug|Any CPU.ActiveCfg = Debug|Any CPU
		{5CF5732D-52DE-DF9E-3D64-88D995DD59DF}.Debug|Any CPU.Build.0 = Debug|Any CPU
		{5CF5732D-52DE-DF9E-3D64-88D995DD59DF}.Release|Any CPU.ActiveCfg = Release|Any CPU
		{5CF5732D-52DE-DF9E-3D64-88D995DD59DF}.Release|Any CPU.Build.0 = Release|Any CPU
		{6796FA41-FC00-D631-F59E-F56BEA095D45}.Debug|Any CPU.ActiveCfg = Debug|Any CPU
		{6796FA41-FC00-D631-F59E-F56BEA095D45}.Debug|Any CPU.Build.0 = Debug|Any CPU
		{6796FA41-FC00-D631-F59E-F56BEA095D45}.Release|Any CPU.ActiveCfg = Release|Any CPU
		{6796FA41-FC00-D631-F59E-F56BEA095D45}.Release|Any CPU.Build.0 = Release|Any CPU
		{18CC5925-3018-FED0-50D6-FCD40556EB4A}.Debug|Any CPU.ActiveCfg = Debug|Any CPU
		{18CC5925-3018-FED0-50D6-FCD40556EB4A}.Debug|Any CPU.Build.0 = Debug|Any CPU
		{18CC5925-3018-FED0-50D6-FCD40556EB4A}.Release|Any CPU.ActiveCfg = Release|Any CPU
		{18CC5925-3018-FED0-50D6-FCD40556EB4A}.Release|Any CPU.Build.0 = Release|Any CPU
		{81CAB34A-0A3C-57D8-D9E4-0249D76993DB}.Debug|Any CPU.ActiveCfg = Debug|Any CPU
		{81CAB34A-0A3C-57D8-D9E4-0249D76993DB}.Debug|Any CPU.Build.0 = Debug|Any CPU
		{81CAB34A-0A3C-57D8-D9E4-0249D76993DB}.Release|Any CPU.ActiveCfg = Release|Any CPU
		{81CAB34A-0A3C-57D8-D9E4-0249D76993DB}.Release|Any CPU.Build.0 = Release|Any CPU
		{BA6BEC3A-164E-F7E8-8CB7-841B235B6843}.Debug|Any CPU.ActiveCfg = Debug|Any CPU
		{BA6BEC3A-164E-F7E8-8CB7-841B235B6843}.Debug|Any CPU.Build.0 = Debug|Any CPU
		{BA6BEC3A-164E-F7E8-8CB7-841B235B6843}.Release|Any CPU.ActiveCfg = Release|Any CPU
		{BA6BEC3A-164E-F7E8-8CB7-841B235B6843}.Release|Any CPU.Build.0 = Release|Any CPU
		{EFA64863-4984-0E35-4C60-9465C4F1AA5F}.Debug|Any CPU.ActiveCfg = Debug|Any CPU
		{EFA64863-4984-0E35-4C60-9465C4F1AA5F}.Debug|Any CPU.Build.0 = Debug|Any CPU
		{EFA64863-4984-0E35-4C60-9465C4F1AA5F}.Release|Any CPU.ActiveCfg = Release|Any CPU
		{EFA64863-4984-0E35-4C60-9465C4F1AA5F}.Release|Any CPU.Build.0 = Release|Any CPU
		{3F42F31B-7619-609D-0FCA-664CFA7D0F0B}.Debug|Any CPU.ActiveCfg = Debug|Any CPU
		{3F42F31B-7619-609D-0FCA-664CFA7D0F0B}.Debug|Any CPU.Build.0 = Debug|Any CPU
		{3F42F31B-7619-609D-0FCA-664CFA7D0F0B}.Release|Any CPU.ActiveCfg = Release|Any CPU
		{3F42F31B-7619-609D-0FCA-664CFA7D0F0B}.Release|Any CPU.Build.0 = Release|Any CPU
		{22D36F50-4DDD-2D45-3575-3EA808542871}.Debug|Any CPU.ActiveCfg = Debug|Any CPU
		{22D36F50-4DDD-2D45-3575-3EA808542871}.Debug|Any CPU.Build.0 = Debug|Any CPU
		{22D36F50-4DDD-2D45-3575-3EA808542871}.Release|Any CPU.ActiveCfg = Release|Any CPU
		{22D36F50-4DDD-2D45-3575-3EA808542871}.Release|Any CPU.Build.0 = Release|Any CPU
		{2CEA2542-8858-AF6C-083A-4484B186701B}.Debug|Any CPU.ActiveCfg = Debug|Any CPU
		{2CEA2542-8858-AF6C-083A-4484B186701B}.Debug|Any CPU.Build.0 = Debug|Any CPU
		{2CEA2542-8858-AF6C-083A-4484B186701B}.Release|Any CPU.ActiveCfg = Release|Any CPU
		{2CEA2542-8858-AF6C-083A-4484B186701B}.Release|Any CPU.Build.0 = Release|Any CPU
		{1D45D112-1AC0-EF7C-DEB0-BCA44B9B2B98}.Debug|Any CPU.ActiveCfg = Debug|Any CPU
		{1D45D112-1AC0-EF7C-DEB0-BCA44B9B2B98}.Debug|Any CPU.Build.0 = Debug|Any CPU
		{1D45D112-1AC0-EF7C-DEB0-BCA44B9B2B98}.Release|Any CPU.ActiveCfg = Release|Any CPU
		{1D45D112-1AC0-EF7C-DEB0-BCA44B9B2B98}.Release|Any CPU.Build.0 = Release|Any CPU
		{26781627-7D9F-0A18-7161-163E7764EAE4}.Debug|Any CPU.ActiveCfg = Debug|Any CPU
		{26781627-7D9F-0A18-7161-163E7764EAE4}.Debug|Any CPU.Build.0 = Debug|Any CPU
		{26781627-7D9F-0A18-7161-163E7764EAE4}.Release|Any CPU.ActiveCfg = Release|Any CPU
		{26781627-7D9F-0A18-7161-163E7764EAE4}.Release|Any CPU.Build.0 = Release|Any CPU
		{C7EF1B2D-C158-8EAF-A150-93BDE5B4789B}.Debug|Any CPU.ActiveCfg = Debug|Any CPU
		{C7EF1B2D-C158-8EAF-A150-93BDE5B4789B}.Debug|Any CPU.Build.0 = Debug|Any CPU
		{C7EF1B2D-C158-8EAF-A150-93BDE5B4789B}.Release|Any CPU.ActiveCfg = Release|Any CPU
		{C7EF1B2D-C158-8EAF-A150-93BDE5B4789B}.Release|Any CPU.Build.0 = Release|Any CPU
		{7F4E82C7-52A9-93A3-EA9D-D499C2E9CE97}.Debug|Any CPU.ActiveCfg = Debug|Any CPU
		{7F4E82C7-52A9-93A3-EA9D-D499C2E9CE97}.Debug|Any CPU.Build.0 = Debug|Any CPU
		{7F4E82C7-52A9-93A3-EA9D-D499C2E9CE97}.Release|Any CPU.ActiveCfg = Release|Any CPU
		{7F4E82C7-52A9-93A3-EA9D-D499C2E9CE97}.Release|Any CPU.Build.0 = Release|Any CPU
		{C41F51B9-282F-42C8-BBB1-B83BE7359B0A}.Debug|Any CPU.ActiveCfg = Debug|Any CPU
		{C41F51B9-282F-42C8-BBB1-B83BE7359B0A}.Debug|Any CPU.Build.0 = Debug|Any CPU
		{C41F51B9-282F-42C8-BBB1-B83BE7359B0A}.Release|Any CPU.ActiveCfg = Release|Any CPU
		{C41F51B9-282F-42C8-BBB1-B83BE7359B0A}.Release|Any CPU.Build.0 = Release|Any CPU
		{899955EA-B041-A6FE-50B2-20FAEDDEB8A9}.Debug|Any CPU.ActiveCfg = Debug|Any CPU
		{899955EA-B041-A6FE-50B2-20FAEDDEB8A9}.Debug|Any CPU.Build.0 = Debug|Any CPU
		{899955EA-B041-A6FE-50B2-20FAEDDEB8A9}.Release|Any CPU.ActiveCfg = Release|Any CPU
		{899955EA-B041-A6FE-50B2-20FAEDDEB8A9}.Release|Any CPU.Build.0 = Release|Any CPU
		{7DB2C288-9878-1645-999A-3623B4BAF7C5}.Debug|Any CPU.ActiveCfg = Debug|Any CPU
		{7DB2C288-9878-1645-999A-3623B4BAF7C5}.Debug|Any CPU.Build.0 = Debug|Any CPU
		{7DB2C288-9878-1645-999A-3623B4BAF7C5}.Release|Any CPU.ActiveCfg = Release|Any CPU
		{7DB2C288-9878-1645-999A-3623B4BAF7C5}.Release|Any CPU.Build.0 = Release|Any CPU
		{63A3B347-B9B7-A179-D097-840F83C7837C}.Debug|Any CPU.ActiveCfg = Debug|Any CPU
		{63A3B347-B9B7-A179-D097-840F83C7837C}.Debug|Any CPU.Build.0 = Debug|Any CPU
		{63A3B347-B9B7-A179-D097-840F83C7837C}.Release|Any CPU.ActiveCfg = Release|Any CPU
		{63A3B347-B9B7-A179-D097-840F83C7837C}.Release|Any CPU.Build.0 = Release|Any CPU
		{C9827F97-7377-F3E9-FA3D-36F34211958E}.Debug|Any CPU.ActiveCfg = Debug|Any CPU
		{C9827F97-7377-F3E9-FA3D-36F34211958E}.Debug|Any CPU.Build.0 = Debug|Any CPU
		{C9827F97-7377-F3E9-FA3D-36F34211958E}.Release|Any CPU.ActiveCfg = Release|Any CPU
		{C9827F97-7377-F3E9-FA3D-36F34211958E}.Release|Any CPU.Build.0 = Release|Any CPU
		{8D8DC39E-9BE0-C621-8349-B0BF25FA21B0}.Debug|Any CPU.ActiveCfg = Debug|Any CPU
		{8D8DC39E-9BE0-C621-8349-B0BF25FA21B0}.Debug|Any CPU.Build.0 = Debug|Any CPU
		{8D8DC39E-9BE0-C621-8349-B0BF25FA21B0}.Release|Any CPU.ActiveCfg = Release|Any CPU
		{8D8DC39E-9BE0-C621-8349-B0BF25FA21B0}.Release|Any CPU.Build.0 = Release|Any CPU
		{1889D31C-9CBD-F114-6CA4-A32C1C2669A6}.Debug|Any CPU.ActiveCfg = Debug|Any CPU
		{1889D31C-9CBD-F114-6CA4-A32C1C2669A6}.Debug|Any CPU.Build.0 = Debug|Any CPU
		{1889D31C-9CBD-F114-6CA4-A32C1C2669A6}.Release|Any CPU.ActiveCfg = Release|Any CPU
		{1889D31C-9CBD-F114-6CA4-A32C1C2669A6}.Release|Any CPU.Build.0 = Release|Any CPU
		{F21EBB65-CFE3-FABE-C99D-370BDBBD6BA0}.Debug|Any CPU.ActiveCfg = Debug|Any CPU
		{F21EBB65-CFE3-FABE-C99D-370BDBBD6BA0}.Debug|Any CPU.Build.0 = Debug|Any CPU
		{F21EBB65-CFE3-FABE-C99D-370BDBBD6BA0}.Release|Any CPU.ActiveCfg = Release|Any CPU
		{F21EBB65-CFE3-FABE-C99D-370BDBBD6BA0}.Release|Any CPU.Build.0 = Release|Any CPU
		{1106D00B-9CD8-FACC-1120-6526FC62FDC6}.Debug|Any CPU.ActiveCfg = Debug|Any CPU
		{1106D00B-9CD8-FACC-1120-6526FC62FDC6}.Debug|Any CPU.Build.0 = Debug|Any CPU
		{1106D00B-9CD8-FACC-1120-6526FC62FDC6}.Release|Any CPU.ActiveCfg = Release|Any CPU
		{1106D00B-9CD8-FACC-1120-6526FC62FDC6}.Release|Any CPU.Build.0 = Release|Any CPU
		{C2D0E338-48F4-904A-127E-1DF70C289A5A}.Debug|Any CPU.ActiveCfg = Debug|Any CPU
		{C2D0E338-48F4-904A-127E-1DF70C289A5A}.Debug|Any CPU.Build.0 = Debug|Any CPU
		{C2D0E338-48F4-904A-127E-1DF70C289A5A}.Release|Any CPU.ActiveCfg = Release|Any CPU
		{C2D0E338-48F4-904A-127E-1DF70C289A5A}.Release|Any CPU.Build.0 = Release|Any CPU
		{79112E79-4F29-3514-A03D-F81EFD11C3A4}.Debug|Any CPU.ActiveCfg = Debug|Any CPU
		{79112E79-4F29-3514-A03D-F81EFD11C3A4}.Debug|Any CPU.Build.0 = Debug|Any CPU
		{79112E79-4F29-3514-A03D-F81EFD11C3A4}.Release|Any CPU.ActiveCfg = Release|Any CPU
		{79112E79-4F29-3514-A03D-F81EFD11C3A4}.Release|Any CPU.Build.0 = Release|Any CPU
		{F1E571C5-C48B-C19B-D6B3-2EF0B9CBCBB7}.Debug|Any CPU.ActiveCfg = Debug|Any CPU
		{F1E571C5-C48B-C19B-D6B3-2EF0B9CBCBB7}.Debug|Any CPU.Build.0 = Debug|Any CPU
		{F1E571C5-C48B-C19B-D6B3-2EF0B9CBCBB7}.Release|Any CPU.ActiveCfg = Release|Any CPU
		{F1E571C5-C48B-C19B-D6B3-2EF0B9CBCBB7}.Release|Any CPU.Build.0 = Release|Any CPU
		{2A52343C-1B00-FB53-ABE2-27A45AA58F99}.Debug|Any CPU.ActiveCfg = Debug|Any CPU
		{2A52343C-1B00-FB53-ABE2-27A45AA58F99}.Debug|Any CPU.Build.0 = Debug|Any CPU
		{2A52343C-1B00-FB53-ABE2-27A45AA58F99}.Release|Any CPU.ActiveCfg = Release|Any CPU
		{2A52343C-1B00-FB53-ABE2-27A45AA58F99}.Release|Any CPU.Build.0 = Release|Any CPU
		{4A2430CC-7EE8-027F-DEFF-0E9922ED347C}.Debug|Any CPU.ActiveCfg = Debug|Any CPU
		{4A2430CC-7EE8-027F-DEFF-0E9922ED347C}.Debug|Any CPU.Build.0 = Debug|Any CPU
		{4A2430CC-7EE8-027F-DEFF-0E9922ED347C}.Release|Any CPU.ActiveCfg = Release|Any CPU
		{4A2430CC-7EE8-027F-DEFF-0E9922ED347C}.Release|Any CPU.Build.0 = Release|Any CPU
	EndGlobalSection
	GlobalSection(SolutionProperties) = preSolution
		HideSolutionNode = FALSE
	EndGlobalSection
EndGlobal
