
Microsoft Visual Studio Solution File, Format Version 12.00
# Visual Studio 15
Project("{FAE04EC0-301F-11D3-BF4B-00C04F79EFBC}") = "Oculus.Interaction", "Oculus.Interaction.csproj", "{EF02AC98-1E9B-F353-47EB-10B1CC8885A1}"
EndProject
Project("{FAE04EC0-301F-11D3-BF4B-00C04F79EFBC}") = "Oculus.Interaction.Editor", "Oculus.Interaction.Editor.csproj", "{19488D10-D5ED-086F-F64F-F5C4D9BBE3BD}"
EndProject
Project("{FAE04EC0-301F-11D3-BF4B-00C04F79EFBC}") = "Assembly-CSharp", "Assembly-CSharp.csproj", "{9BC93762-E311-7D2E-D78D-1CB68EDC1D00}"
EndProject
Project("{FAE04EC0-301F-11D3-BF4B-00C04F79EFBC}") = "Oculus.Platform", "Oculus.Platform.csproj", "{F9EE236B-C944-B8C5-A0C0-36620FE0F342}"
EndProject
Project("{FAE04EC0-301F-11D3-BF4B-00C04F79EFBC}") = "Oculus.Interaction.OVR.Samples", "Oculus.Interaction.OVR.Samples.csproj", "{DC9FD156-5DB5-748F-BE98-408DFADFC7A3}"
EndProject
Project("{FAE04EC0-301F-11D3-BF4B-00C04F79EFBC}") = "Meta.WitAi.Lib", "Meta.WitAi.Lib.csproj", "{2DF40109-63EC-4DE5-FAD6-52BE315D7076}"
EndProject
Project("{FAE04EC0-301F-11D3-BF4B-00C04F79EFBC}") = "Oculus.VR", "Oculus.VR.csproj", "{D3578B4D-9138-605D-5B71-98610253FA63}"
EndProject
Project("{FAE04EC0-301F-11D3-BF4B-00C04F79EFBC}") = "Meta.WitAi.Conduit.Editor", "Meta.WitAi.Conduit.Editor.csproj", "{9F11626B-BE64-17A5-5C85-EE2E79B728DF}"
EndProject
Project("{FAE04EC0-301F-11D3-BF4B-00C04F79EFBC}") = "Meta.WitAi", "Meta.WitAi.csproj", "{42687230-39EE-1360-E476-14F3764EC6D2}"
EndProject
Project("{FAE04EC0-301F-11D3-BF4B-00C04F79EFBC}") = "Oculus.VR.Editor", "Oculus.VR.Editor.csproj", "{C4911167-904C-DD08-56C6-8AAE6C6AF8BD}"
EndProject
Project("{FAE04EC0-301F-11D3-BF4B-00C04F79EFBC}") = "Oculus.LipSync", "Oculus.LipSync.csproj", "{4D4913E5-5097-B50C-353E-0B4400F974DF}"
EndProject
Project("{FAE04EC0-301F-11D3-BF4B-00C04F79EFBC}") = "Oculus.Interaction.OVR", "Oculus.Interaction.OVR.csproj", "{2A7E71B3-F52E-2C11-54E8-918D635D015E}"
EndProject
Project("{FAE04EC0-301F-11D3-BF4B-00C04F79EFBC}") = "Assembly-CSharp-Editor", "Assembly-CSharp-Editor.csproj", "{467EBD20-FDDC-5EB6-A54D-AFEF2FD09909}"
EndProject
Project("{FAE04EC0-301F-11D3-BF4B-00C04F79EFBC}") = "Meta.WitAI.Lib.Editor", "Meta.WitAI.Lib.Editor.csproj", "{5EB3B24A-4720-658A-9E8C-D5A488B96AB6}"
EndProject
Project("{FAE04EC0-301F-11D3-BF4B-00C04F79EFBC}") = "Meta.WitAi.Editor", "Meta.WitAi.Editor.csproj", "{0B5CF6A7-7191-3F32-9FB1-CFA5B768892F}"
EndProject
Project("{FAE04EC0-301F-11D3-BF4B-00C04F79EFBC}") = "Meta.Voice.Samples.BuiltInTimer", "Meta.Voice.Samples.BuiltInTimer.csproj", "{3DED1630-26B7-875A-576B-A54E31BCC232}"
EndProject
Project("{FAE04EC0-301F-11D3-BF4B-00C04F79EFBC}") = "Meta.WitAi.Conduit", "Meta.WitAi.Conduit.csproj", "{BECD648D-A215-596B-3895-850FDBF496FA}"
EndProject
Project("{FAE04EC0-301F-11D3-BF4B-00C04F79EFBC}") = "Meta.XR.BuildingBlocks.Editor", "Meta.XR.BuildingBlocks.Editor.csproj", "{9342A276-9D11-3B62-C303-161F54BB54FB}"
EndProject
Project("{FAE04EC0-301F-11D3-BF4B-00C04F79EFBC}") = "VoiceSDK.Dictation.Runtime", "VoiceSDK.Dictation.Runtime.csproj", "{24D82540-3309-67B8-C4B7-CA630B8065A0}"
EndProject
Project("{FAE04EC0-301F-11D3-BF4B-00C04F79EFBC}") = "VoiceSDK.Editor", "VoiceSDK.Editor.csproj", "{BADB1E7D-5E3A-F323-6D5D-28DD3735D905}"
EndProject
Project("{FAE04EC0-301F-11D3-BF4B-00C04F79EFBC}") = "Oculus.VR.Scripts.Editor", "Oculus.VR.Scripts.Editor.csproj", "{ED478502-4E7E-8DA5-CABD-7F1104C7A0E7}"
EndProject
Project("{FAE04EC0-301F-11D3-BF4B-00C04F79EFBC}") = "Meta.Voice.Samples.LightTraits", "Meta.Voice.Samples.LightTraits.csproj", "{8F3C69B5-E6DB-ED43-2ED8-A2F868DB9AFF}"
EndProject
Project("{FAE04EC0-301F-11D3-BF4B-00C04F79EFBC}") = "Meta.Voice.Samples.TTSVoices", "Meta.Voice.Samples.TTSVoices.csproj", "{9D77197C-06A6-21BC-4423-B03EE6A7F342}"
EndProject
Project("{FAE04EC0-301F-11D3-BF4B-00C04F79EFBC}") = "VoiceSDK.Runtime", "VoiceSDK.Runtime.csproj", "{B6F3133C-BB93-2DAF-A4FF-89F2BCFFCF8C}"
EndProject
Project("{FAE04EC0-301F-11D3-BF4B-00C04F79EFBC}") = "Oculus.Interaction.Samples.Editor", "Oculus.Interaction.Samples.Editor.csproj", "{1B1E2697-72E0-0621-246A-C90CAA691C35}"
EndProject
Project("{FAE04EC0-301F-11D3-BF4B-00C04F79EFBC}") = "Meta.WitAi.TTS.Editor", "Meta.WitAi.TTS.Editor.csproj", "{6F2C1AE7-D202-23E5-D3AA-6636D316B491}"
EndProject
Project("{FAE04EC0-301F-11D3-BF4B-00C04F79EFBC}") = "Oculus.Platform.Editor", "Oculus.Platform.Editor.csproj", "{505C5E92-47AF-78A0-A0D3-4B1E0C7D54C1}"
EndProject
Project("{FAE04EC0-301F-11D3-BF4B-00C04F79EFBC}") = "Facebook.Wit.Dictation", "Facebook.Wit.Dictation.csproj", "{0710685A-D21C-2D9E-AA42-7144C05DEB1E}"
EndProject
Project("{FAE04EC0-301F-11D3-BF4B-00C04F79EFBC}") = "Oculus.AudioManager.Utils.Editor", "Oculus.AudioManager.Utils.Editor.csproj", "{B46F369C-C609-A9D2-752C-7B48FDA39EED}"
EndProject
Project("{FAE04EC0-301F-11D3-BF4B-00C04F79EFBC}") = "Meta.VoiceSDK.Mic.Common", "Meta.VoiceSDK.Mic.Common.csproj", "{4B7EE69B-0440-11A1-B53D-89C3866EA1EB}"
EndProject
Project("{FAE04EC0-301F-11D3-BF4B-00C04F79EFBC}") = "Meta.Voice.Hub.Editor", "Meta.Voice.Hub.Editor.csproj", "{1CF63029-EFC9-4194-B895-3358F42C9CE3}"
EndProject
Project("{FAE04EC0-301F-11D3-BF4B-00C04F79EFBC}") = "Meta.Voice.Samples.ShapesConduit", "Meta.Voice.Samples.ShapesConduit.csproj", "{8902186A-0394-B0EB-5A9B-9A0205B8C735}"
EndProject
Project("{FAE04EC0-301F-11D3-BF4B-00C04F79EFBC}") = "Meta.VoiceSDK.Mic.Other", "Meta.VoiceSDK.Mic.Other.csproj", "{40FD013D-CA3A-1165-47AE-0E8954C1564E}"
EndProject
Project("{FAE04EC0-301F-11D3-BF4B-00C04F79EFBC}") = "Meta.WitAi.TTS", "Meta.WitAi.TTS.csproj", "{F77BC584-30D4-9751-CEAA-61A2664FF6A3}"
EndProject
Project("{FAE04EC0-301F-11D3-BF4B-00C04F79EFBC}") = "Oculus.Interaction.InterfaceSupport", "Oculus.Interaction.InterfaceSupport.csproj", "{D91BD8A0-020A-4C07-E046-29BA7D2FC1C4}"
EndProject
Project("{FAE04EC0-301F-11D3-BF4B-00C04F79EFBC}") = "AssistantCoreSDKRuntime", "AssistantCoreSDKRuntime.csproj", "{0DD5B693-6612-926F-F3C3-D2D62A067625}"
EndProject
Project("{FAE04EC0-301F-11D3-BF4B-00C04F79EFBC}") = "Oculus.AudioManager.Audio.Editor", "Oculus.AudioManager.Audio.Editor.csproj", "{48A3A3FB-498E-1F07-B76C-D876B042D310}"
EndProject
Project("{FAE04EC0-301F-11D3-BF4B-00C04F79EFBC}") = "Oculus.Spatializer.Editor", "Oculus.Spatializer.Editor.csproj", "{1091F663-1878-01A2-DA1A-D6A91A807BAC}"
EndProject
Project("{FAE04EC0-301F-11D3-BF4B-00C04F79EFBC}") = "Oculus.Spatializer", "Oculus.Spatializer.csproj", "{0B268B76-F405-64BA-0AF2-BC1FFE7104A1}"
EndProject
Project("{FAE04EC0-301F-11D3-BF4B-00C04F79EFBC}") = "Meta.Voice.Hub.Runtime", "Meta.Voice.Hub.Runtime.csproj", "{5F2BE424-A3C2-79D7-BDD9-16DAE6989D13}"
EndProject
Project("{FAE04EC0-301F-11D3-BF4B-00C04F79EFBC}") = "Oculus.AudioManager", "Oculus.AudioManager.csproj", "{60A7D27F-6CB9-E67C-59AB-2902826081E7}"
EndProject
Project("{FAE04EC0-301F-11D3-BF4B-00C04F79EFBC}") = "Meta.Voice.Samples.Shapes", "Meta.Voice.Samples.Shapes.csproj", "{A6C80140-3D9C-0F35-3258-D1F0DE500911}"
EndProject
Project("{FAE04EC0-301F-11D3-BF4B-00C04F79EFBC}") = "Meta.Voice.VSDKHub.Editor", "Meta.Voice.VSDKHub.Editor.csproj", "{AA6EE68E-70A1-1DCE-D27D-9A49A86C1B9B}"
EndProject
Project("{FAE04EC0-301F-11D3-BF4B-00C04F79EFBC}") = "Oculus.Interaction.OVR.Editor", "Oculus.Interaction.OVR.Editor.csproj", "{012F36BF-FCAA-80DD-A1A5-28A84BF7A840}"
EndProject
Project("{FAE04EC0-301F-11D3-BF4B-00C04F79EFBC}") = "Meta.Voice.Samples.Dictation", "Meta.Voice.Samples.Dictation.csproj", "{A4AFE89B-4AB4-4A6A-742F-6A6505AF86E9}"
EndProject
Project("{FAE04EC0-301F-11D3-BF4B-00C04F79EFBC}") = "VoiceSDK.Dictation.Editor", "VoiceSDK.Dictation.Editor.csproj", "{C3CAF5F2-7E54-C280-AE9A-DED2587F146F}"
EndProject
Project("{FAE04EC0-301F-11D3-BF4B-00C04F79EFBC}") = "VoiceSDK.Telemetry", "VoiceSDK.Telemetry.csproj", "{6066C80E-F325-34E5-B6C2-D57202D1BA30}"
EndProject
Project("{FAE04EC0-301F-11D3-BF4B-00C04F79EFBC}") = "Facebook.Wit.Dictation.Editor", "Facebook.Wit.Dictation.Editor.csproj", "{BFC323D3-4053-3C2B-6C75-C5BE3B0998C6}"
EndProject
Project("{FAE04EC0-301F-11D3-BF4B-00C04F79EFBC}") = "Meta.XR.BuildingBlocks", "Meta.XR.BuildingBlocks.csproj", "{1FF983F7-8A68-A5B5-FCC6-884E1E62AB0A}"
EndProject
Project("{FAE04EC0-301F-11D3-BF4B-00C04F79EFBC}") = "Oculus.LipSync.Editor", "Oculus.LipSync.Editor.csproj", "{C3ED3808-E119-2615-B696-29C57062474C}"
EndProject
Project("{FAE04EC0-301F-11D3-BF4B-00C04F79EFBC}") = "Meta.Voice.Samples.LiveUnderstanding", "Meta.Voice.Samples.LiveUnderstanding.csproj", "{7F00DDF8-8106-DA53-B5CD-AF9396CA55D4}"
EndProject
Project("{FAE04EC0-301F-11D3-BF4B-00C04F79EFBC}") = "AssistantCoreSDKEditor", "AssistantCoreSDKEditor.csproj", "{5EAD9DB2-84BB-B2C6-208A-EA9EE4E54022}"
EndProject
Project("{FAE04EC0-301F-11D3-BF4B-00C04F79EFBC}") = "Meta.VoiceSDK.Mic.WebGL", "Meta.VoiceSDK.Mic.WebGL.csproj", "{B8FFD6D5-5E75-8B22-836A-D8EC66D7A94E}"
EndProject
Project("{FAE04EC0-301F-11D3-BF4B-00C04F79EFBC}") = "BNGHandPoseID", "BNGHandPoseID.csproj", "{7665852C-D4AD-0F0B-99E9-AD0EF09F248F}"
EndProject
Project("{FAE04EC0-301F-11D3-BF4B-00C04F79EFBC}") = "Meta.Voice.Samples.Chess", "Meta.Voice.Samples.Chess.csproj", "{CBB6A931-59B6-B565-B066-6C7DE7548672}"
EndProject
Global
	GlobalSection(SolutionConfigurationPlatforms) = preSolution
		Debug|Any CPU = Debug|Any CPU
		Release|Any CPU = Release|Any CPU
	EndGlobalSection
	GlobalSection(ProjectConfigurationPlatforms) = postSolution
		{EF02AC98-1E9B-F353-47EB-10B1CC8885A1}.Debug|Any CPU.ActiveCfg = Debug|Any CPU
		{EF02AC98-1E9B-F353-47EB-10B1CC8885A1}.Debug|Any CPU.Build.0 = Debug|Any CPU
		{EF02AC98-1E9B-F353-47EB-10B1CC8885A1}.Release|Any CPU.ActiveCfg = Release|Any CPU
		{EF02AC98-1E9B-F353-47EB-10B1CC8885A1}.Release|Any CPU.Build.0 = Release|Any CPU
		{19488D10-D5ED-086F-F64F-F5C4D9BBE3BD}.Debug|Any CPU.ActiveCfg = Debug|Any CPU
		{19488D10-D5ED-086F-F64F-F5C4D9BBE3BD}.Debug|Any CPU.Build.0 = Debug|Any CPU
		{19488D10-D5ED-086F-F64F-F5C4D9BBE3BD}.Release|Any CPU.ActiveCfg = Release|Any CPU
		{19488D10-D5ED-086F-F64F-F5C4D9BBE3BD}.Release|Any CPU.Build.0 = Release|Any CPU
		{9BC93762-E311-7D2E-D78D-1CB68EDC1D00}.Debug|Any CPU.ActiveCfg = Debug|Any CPU
		{9BC93762-E311-7D2E-D78D-1CB68EDC1D00}.Debug|Any CPU.Build.0 = Debug|Any CPU
		{9BC93762-E311-7D2E-D78D-1CB68EDC1D00}.Release|Any CPU.ActiveCfg = Release|Any CPU
		{9BC93762-E311-7D2E-D78D-1CB68EDC1D00}.Release|Any CPU.Build.0 = Release|Any CPU
		{F9EE236B-C944-B8C5-A0C0-36620FE0F342}.Debug|Any CPU.ActiveCfg = Debug|Any CPU
		{F9EE236B-C944-B8C5-A0C0-36620FE0F342}.Debug|Any CPU.Build.0 = Debug|Any CPU
		{F9EE236B-C944-B8C5-A0C0-36620FE0F342}.Release|Any CPU.ActiveCfg = Release|Any CPU
		{F9EE236B-C944-B8C5-A0C0-36620FE0F342}.Release|Any CPU.Build.0 = Release|Any CPU
		{DC9FD156-5DB5-748F-BE98-408DFADFC7A3}.Debug|Any CPU.ActiveCfg = Debug|Any CPU
		{DC9FD156-5DB5-748F-BE98-408DFADFC7A3}.Debug|Any CPU.Build.0 = Debug|Any CPU
		{DC9FD156-5DB5-748F-BE98-408DFADFC7A3}.Release|Any CPU.ActiveCfg = Release|Any CPU
		{DC9FD156-5DB5-748F-BE98-408DFADFC7A3}.Release|Any CPU.Build.0 = Release|Any CPU
		{2DF40109-63EC-4DE5-FAD6-52BE315D7076}.Debug|Any CPU.ActiveCfg = Debug|Any CPU
		{2DF40109-63EC-4DE5-FAD6-52BE315D7076}.Debug|Any CPU.Build.0 = Debug|Any CPU
		{2DF40109-63EC-4DE5-FAD6-52BE315D7076}.Release|Any CPU.ActiveCfg = Release|Any CPU
		{2DF40109-63EC-4DE5-FAD6-52BE315D7076}.Release|Any CPU.Build.0 = Release|Any CPU
		{D3578B4D-9138-605D-5B71-98610253FA63}.Debug|Any CPU.ActiveCfg = Debug|Any CPU
		{D3578B4D-9138-605D-5B71-98610253FA63}.Debug|Any CPU.Build.0 = Debug|Any CPU
		{D3578B4D-9138-605D-5B71-98610253FA63}.Release|Any CPU.ActiveCfg = Release|Any CPU
		{D3578B4D-9138-605D-5B71-98610253FA63}.Release|Any CPU.Build.0 = Release|Any CPU
		{9F11626B-BE64-17A5-5C85-EE2E79B728DF}.Debug|Any CPU.ActiveCfg = Debug|Any CPU
		{9F11626B-BE64-17A5-5C85-EE2E79B728DF}.Debug|Any CPU.Build.0 = Debug|Any CPU
		{9F11626B-BE64-17A5-5C85-EE2E79B728DF}.Release|Any CPU.ActiveCfg = Release|Any CPU
		{9F11626B-BE64-17A5-5C85-EE2E79B728DF}.Release|Any CPU.Build.0 = Release|Any CPU
		{42687230-39EE-1360-E476-14F3764EC6D2}.Debug|Any CPU.ActiveCfg = Debug|Any CPU
		{42687230-39EE-1360-E476-14F3764EC6D2}.Debug|Any CPU.Build.0 = Debug|Any CPU
		{42687230-39EE-1360-E476-14F3764EC6D2}.Release|Any CPU.ActiveCfg = Release|Any CPU
		{42687230-39EE-1360-E476-14F3764EC6D2}.Release|Any CPU.Build.0 = Release|Any CPU
		{C4911167-904C-DD08-56C6-8AAE6C6AF8BD}.Debug|Any CPU.ActiveCfg = Debug|Any CPU
		{C4911167-904C-DD08-56C6-8AAE6C6AF8BD}.Debug|Any CPU.Build.0 = Debug|Any CPU
		{C4911167-904C-DD08-56C6-8AAE6C6AF8BD}.Release|Any CPU.ActiveCfg = Release|Any CPU
		{C4911167-904C-DD08-56C6-8AAE6C6AF8BD}.Release|Any CPU.Build.0 = Release|Any CPU
		{4D4913E5-5097-B50C-353E-0B4400F974DF}.Debug|Any CPU.ActiveCfg = Debug|Any CPU
		{4D4913E5-5097-B50C-353E-0B4400F974DF}.Debug|Any CPU.Build.0 = Debug|Any CPU
		{4D4913E5-5097-B50C-353E-0B4400F974DF}.Release|Any CPU.ActiveCfg = Release|Any CPU
		{4D4913E5-5097-B50C-353E-0B4400F974DF}.Release|Any CPU.Build.0 = Release|Any CPU
		{2A7E71B3-F52E-2C11-54E8-918D635D015E}.Debug|Any CPU.ActiveCfg = Debug|Any CPU
		{2A7E71B3-F52E-2C11-54E8-918D635D015E}.Debug|Any CPU.Build.0 = Debug|Any CPU
		{2A7E71B3-F52E-2C11-54E8-918D635D015E}.Release|Any CPU.ActiveCfg = Release|Any CPU
		{2A7E71B3-F52E-2C11-54E8-918D635D015E}.Release|Any CPU.Build.0 = Release|Any CPU
		{467EBD20-FDDC-5EB6-A54D-AFEF2FD09909}.Debug|Any CPU.ActiveCfg = Debug|Any CPU
		{467EBD20-FDDC-5EB6-A54D-AFEF2FD09909}.Debug|Any CPU.Build.0 = Debug|Any CPU
		{467EBD20-FDDC-5EB6-A54D-AFEF2FD09909}.Release|Any CPU.ActiveCfg = Release|Any CPU
		{467EBD20-FDDC-5EB6-A54D-AFEF2FD09909}.Release|Any CPU.Build.0 = Release|Any CPU
		{5EB3B24A-4720-658A-9E8C-D5A488B96AB6}.Debug|Any CPU.ActiveCfg = Debug|Any CPU
		{5EB3B24A-4720-658A-9E8C-D5A488B96AB6}.Debug|Any CPU.Build.0 = Debug|Any CPU
		{5EB3B24A-4720-658A-9E8C-D5A488B96AB6}.Release|Any CPU.ActiveCfg = Release|Any CPU
		{5EB3B24A-4720-658A-9E8C-D5A488B96AB6}.Release|Any CPU.Build.0 = Release|Any CPU
		{0B5CF6A7-7191-3F32-9FB1-CFA5B768892F}.Debug|Any CPU.ActiveCfg = Debug|Any CPU
		{0B5CF6A7-7191-3F32-9FB1-CFA5B768892F}.Debug|Any CPU.Build.0 = Debug|Any CPU
		{0B5CF6A7-7191-3F32-9FB1-CFA5B768892F}.Release|Any CPU.ActiveCfg = Release|Any CPU
		{0B5CF6A7-7191-3F32-9FB1-CFA5B768892F}.Release|Any CPU.Build.0 = Release|Any CPU
		{3DED1630-26B7-875A-576B-A54E31BCC232}.Debug|Any CPU.ActiveCfg = Debug|Any CPU
		{3DED1630-26B7-875A-576B-A54E31BCC232}.Debug|Any CPU.Build.0 = Debug|Any CPU
		{3DED1630-26B7-875A-576B-A54E31BCC232}.Release|Any CPU.ActiveCfg = Release|Any CPU
		{3DED1630-26B7-875A-576B-A54E31BCC232}.Release|Any CPU.Build.0 = Release|Any CPU
		{BECD648D-A215-596B-3895-850FDBF496FA}.Debug|Any CPU.ActiveCfg = Debug|Any CPU
		{BECD648D-A215-596B-3895-850FDBF496FA}.Debug|Any CPU.Build.0 = Debug|Any CPU
		{BECD648D-A215-596B-3895-850FDBF496FA}.Release|Any CPU.ActiveCfg = Release|Any CPU
		{BECD648D-A215-596B-3895-850FDBF496FA}.Release|Any CPU.Build.0 = Release|Any CPU
		{9342A276-9D11-3B62-C303-161F54BB54FB}.Debug|Any CPU.ActiveCfg = Debug|Any CPU
		{9342A276-9D11-3B62-C303-161F54BB54FB}.Debug|Any CPU.Build.0 = Debug|Any CPU
		{9342A276-9D11-3B62-C303-161F54BB54FB}.Release|Any CPU.ActiveCfg = Release|Any CPU
		{9342A276-9D11-3B62-C303-161F54BB54FB}.Release|Any CPU.Build.0 = Release|Any CPU
		{24D82540-3309-67B8-C4B7-CA630B8065A0}.Debug|Any CPU.ActiveCfg = Debug|Any CPU
		{24D82540-3309-67B8-C4B7-CA630B8065A0}.Debug|Any CPU.Build.0 = Debug|Any CPU
		{24D82540-3309-67B8-C4B7-CA630B8065A0}.Release|Any CPU.ActiveCfg = Release|Any CPU
		{24D82540-3309-67B8-C4B7-CA630B8065A0}.Release|Any CPU.Build.0 = Release|Any CPU
		{BADB1E7D-5E3A-F323-6D5D-28DD3735D905}.Debug|Any CPU.ActiveCfg = Debug|Any CPU
		{BADB1E7D-5E3A-F323-6D5D-28DD3735D905}.Debug|Any CPU.Build.0 = Debug|Any CPU
		{BADB1E7D-5E3A-F323-6D5D-28DD3735D905}.Release|Any CPU.ActiveCfg = Release|Any CPU
		{BADB1E7D-5E3A-F323-6D5D-28DD3735D905}.Release|Any CPU.Build.0 = Release|Any CPU
		{ED478502-4E7E-8DA5-CABD-7F1104C7A0E7}.Debug|Any CPU.ActiveCfg = Debug|Any CPU
		{ED478502-4E7E-8DA5-CABD-7F1104C7A0E7}.Debug|Any CPU.Build.0 = Debug|Any CPU
		{ED478502-4E7E-8DA5-CABD-7F1104C7A0E7}.Release|Any CPU.ActiveCfg = Release|Any CPU
		{ED478502-4E7E-8DA5-CABD-7F1104C7A0E7}.Release|Any CPU.Build.0 = Release|Any CPU
		{8F3C69B5-E6DB-ED43-2ED8-A2F868DB9AFF}.Debug|Any CPU.ActiveCfg = Debug|Any CPU
		{8F3C69B5-E6DB-ED43-2ED8-A2F868DB9AFF}.Debug|Any CPU.Build.0 = Debug|Any CPU
		{8F3C69B5-E6DB-ED43-2ED8-A2F868DB9AFF}.Release|Any CPU.ActiveCfg = Release|Any CPU
		{8F3C69B5-E6DB-ED43-2ED8-A2F868DB9AFF}.Release|Any CPU.Build.0 = Release|Any CPU
		{9D77197C-06A6-21BC-4423-B03EE6A7F342}.Debug|Any CPU.ActiveCfg = Debug|Any CPU
		{9D77197C-06A6-21BC-4423-B03EE6A7F342}.Debug|Any CPU.Build.0 = Debug|Any CPU
		{9D77197C-06A6-21BC-4423-B03EE6A7F342}.Release|Any CPU.ActiveCfg = Release|Any CPU
		{9D77197C-06A6-21BC-4423-B03EE6A7F342}.Release|Any CPU.Build.0 = Release|Any CPU
		{B6F3133C-BB93-2DAF-A4FF-89F2BCFFCF8C}.Debug|Any CPU.ActiveCfg = Debug|Any CPU
		{B6F3133C-BB93-2DAF-A4FF-89F2BCFFCF8C}.Debug|Any CPU.Build.0 = Debug|Any CPU
		{B6F3133C-BB93-2DAF-A4FF-89F2BCFFCF8C}.Release|Any CPU.ActiveCfg = Release|Any CPU
		{B6F3133C-BB93-2DAF-A4FF-89F2BCFFCF8C}.Release|Any CPU.Build.0 = Release|Any CPU
		{1B1E2697-72E0-0621-246A-C90CAA691C35}.Debug|Any CPU.ActiveCfg = Debug|Any CPU
		{1B1E2697-72E0-0621-246A-C90CAA691C35}.Debug|Any CPU.Build.0 = Debug|Any CPU
		{1B1E2697-72E0-0621-246A-C90CAA691C35}.Release|Any CPU.ActiveCfg = Release|Any CPU
		{1B1E2697-72E0-0621-246A-C90CAA691C35}.Release|Any CPU.Build.0 = Release|Any CPU
		{6F2C1AE7-D202-23E5-D3AA-6636D316B491}.Debug|Any CPU.ActiveCfg = Debug|Any CPU
		{6F2C1AE7-D202-23E5-D3AA-6636D316B491}.Debug|Any CPU.Build.0 = Debug|Any CPU
		{6F2C1AE7-D202-23E5-D3AA-6636D316B491}.Release|Any CPU.ActiveCfg = Release|Any CPU
		{6F2C1AE7-D202-23E5-D3AA-6636D316B491}.Release|Any CPU.Build.0 = Release|Any CPU
		{505C5E92-47AF-78A0-A0D3-4B1E0C7D54C1}.Debug|Any CPU.ActiveCfg = Debug|Any CPU
		{505C5E92-47AF-78A0-A0D3-4B1E0C7D54C1}.Debug|Any CPU.Build.0 = Debug|Any CPU
		{505C5E92-47AF-78A0-A0D3-4B1E0C7D54C1}.Release|Any CPU.ActiveCfg = Release|Any CPU
		{505C5E92-47AF-78A0-A0D3-4B1E0C7D54C1}.Release|Any CPU.Build.0 = Release|Any CPU
		{0710685A-D21C-2D9E-AA42-7144C05DEB1E}.Debug|Any CPU.ActiveCfg = Debug|Any CPU
		{0710685A-D21C-2D9E-AA42-7144C05DEB1E}.Debug|Any CPU.Build.0 = Debug|Any CPU
		{0710685A-D21C-2D9E-AA42-7144C05DEB1E}.Release|Any CPU.ActiveCfg = Release|Any CPU
		{0710685A-D21C-2D9E-AA42-7144C05DEB1E}.Release|Any CPU.Build.0 = Release|Any CPU
		{B46F369C-C609-A9D2-752C-7B48FDA39EED}.Debug|Any CPU.ActiveCfg = Debug|Any CPU
		{B46F369C-C609-A9D2-752C-7B48FDA39EED}.Debug|Any CPU.Build.0 = Debug|Any CPU
		{B46F369C-C609-A9D2-752C-7B48FDA39EED}.Release|Any CPU.ActiveCfg = Release|Any CPU
		{B46F369C-C609-A9D2-752C-7B48FDA39EED}.Release|Any CPU.Build.0 = Release|Any CPU
		{4B7EE69B-0440-11A1-B53D-89C3866EA1EB}.Debug|Any CPU.ActiveCfg = Debug|Any CPU
		{4B7EE69B-0440-11A1-B53D-89C3866EA1EB}.Debug|Any CPU.Build.0 = Debug|Any CPU
		{4B7EE69B-0440-11A1-B53D-89C3866EA1EB}.Release|Any CPU.ActiveCfg = Release|Any CPU
		{4B7EE69B-0440-11A1-B53D-89C3866EA1EB}.Release|Any CPU.Build.0 = Release|Any CPU
		{1CF63029-EFC9-4194-B895-3358F42C9CE3}.Debug|Any CPU.ActiveCfg = Debug|Any CPU
		{1CF63029-EFC9-4194-B895-3358F42C9CE3}.Debug|Any CPU.Build.0 = Debug|Any CPU
		{1CF63029-EFC9-4194-B895-3358F42C9CE3}.Release|Any CPU.ActiveCfg = Release|Any CPU
		{1CF63029-EFC9-4194-B895-3358F42C9CE3}.Release|Any CPU.Build.0 = Release|Any CPU
		{8902186A-0394-B0EB-5A9B-9A0205B8C735}.Debug|Any CPU.ActiveCfg = Debug|Any CPU
		{8902186A-0394-B0EB-5A9B-9A0205B8C735}.Debug|Any CPU.Build.0 = Debug|Any CPU
		{8902186A-0394-B0EB-5A9B-9A0205B8C735}.Release|Any CPU.ActiveCfg = Release|Any CPU
		{8902186A-0394-B0EB-5A9B-9A0205B8C735}.Release|Any CPU.Build.0 = Release|Any CPU
		{40FD013D-CA3A-1165-47AE-0E8954C1564E}.Debug|Any CPU.ActiveCfg = Debug|Any CPU
		{40FD013D-CA3A-1165-47AE-0E8954C1564E}.Debug|Any CPU.Build.0 = Debug|Any CPU
		{40FD013D-CA3A-1165-47AE-0E8954C1564E}.Release|Any CPU.ActiveCfg = Release|Any CPU
		{40FD013D-CA3A-1165-47AE-0E8954C1564E}.Release|Any CPU.Build.0 = Release|Any CPU
		{F77BC584-30D4-9751-CEAA-61A2664FF6A3}.Debug|Any CPU.ActiveCfg = Debug|Any CPU
		{F77BC584-30D4-9751-CEAA-61A2664FF6A3}.Debug|Any CPU.Build.0 = Debug|Any CPU
		{F77BC584-30D4-9751-CEAA-61A2664FF6A3}.Release|Any CPU.ActiveCfg = Release|Any CPU
		{F77BC584-30D4-9751-CEAA-61A2664FF6A3}.Release|Any CPU.Build.0 = Release|Any CPU
		{D91BD8A0-020A-4C07-E046-29BA7D2FC1C4}.Debug|Any CPU.ActiveCfg = Debug|Any CPU
		{D91BD8A0-020A-4C07-E046-29BA7D2FC1C4}.Debug|Any CPU.Build.0 = Debug|Any CPU
		{D91BD8A0-020A-4C07-E046-29BA7D2FC1C4}.Release|Any CPU.ActiveCfg = Release|Any CPU
		{D91BD8A0-020A-4C07-E046-29BA7D2FC1C4}.Release|Any CPU.Build.0 = Release|Any CPU
		{0DD5B693-6612-926F-F3C3-D2D62A067625}.Debug|Any CPU.ActiveCfg = Debug|Any CPU
		{0DD5B693-6612-926F-F3C3-D2D62A067625}.Debug|Any CPU.Build.0 = Debug|Any CPU
		{0DD5B693-6612-926F-F3C3-D2D62A067625}.Release|Any CPU.ActiveCfg = Release|Any CPU
		{0DD5B693-6612-926F-F3C3-D2D62A067625}.Release|Any CPU.Build.0 = Release|Any CPU
		{48A3A3FB-498E-1F07-B76C-D876B042D310}.Debug|Any CPU.ActiveCfg = Debug|Any CPU
		{48A3A3FB-498E-1F07-B76C-D876B042D310}.Debug|Any CPU.Build.0 = Debug|Any CPU
		{48A3A3FB-498E-1F07-B76C-D876B042D310}.Release|Any CPU.ActiveCfg = Release|Any CPU
		{48A3A3FB-498E-1F07-B76C-D876B042D310}.Release|Any CPU.Build.0 = Release|Any CPU
		{1091F663-1878-01A2-DA1A-D6A91A807BAC}.Debug|Any CPU.ActiveCfg = Debug|Any CPU
		{1091F663-1878-01A2-DA1A-D6A91A807BAC}.Debug|Any CPU.Build.0 = Debug|Any CPU
		{1091F663-1878-01A2-DA1A-D6A91A807BAC}.Release|Any CPU.ActiveCfg = Release|Any CPU
		{1091F663-1878-01A2-DA1A-D6A91A807BAC}.Release|Any CPU.Build.0 = Release|Any CPU
		{0B268B76-F405-64BA-0AF2-BC1FFE7104A1}.Debug|Any CPU.ActiveCfg = Debug|Any CPU
		{0B268B76-F405-64BA-0AF2-BC1FFE7104A1}.Debug|Any CPU.Build.0 = Debug|Any CPU
		{0B268B76-F405-64BA-0AF2-BC1FFE7104A1}.Release|Any CPU.ActiveCfg = Release|Any CPU
		{0B268B76-F405-64BA-0AF2-BC1FFE7104A1}.Release|Any CPU.Build.0 = Release|Any CPU
		{5F2BE424-A3C2-79D7-BDD9-16DAE6989D13}.Debug|Any CPU.ActiveCfg = Debug|Any CPU
		{5F2BE424-A3C2-79D7-BDD9-16DAE6989D13}.Debug|Any CPU.Build.0 = Debug|Any CPU
		{5F2BE424-A3C2-79D7-BDD9-16DAE6989D13}.Release|Any CPU.ActiveCfg = Release|Any CPU
		{5F2BE424-A3C2-79D7-BDD9-16DAE6989D13}.Release|Any CPU.Build.0 = Release|Any CPU
		{60A7D27F-6CB9-E67C-59AB-2902826081E7}.Debug|Any CPU.ActiveCfg = Debug|Any CPU
		{60A7D27F-6CB9-E67C-59AB-2902826081E7}.Debug|Any CPU.Build.0 = Debug|Any CPU
		{60A7D27F-6CB9-E67C-59AB-2902826081E7}.Release|Any CPU.ActiveCfg = Release|Any CPU
		{60A7D27F-6CB9-E67C-59AB-2902826081E7}.Release|Any CPU.Build.0 = Release|Any CPU
		{A6C80140-3D9C-0F35-3258-D1F0DE500911}.Debug|Any CPU.ActiveCfg = Debug|Any CPU
		{A6C80140-3D9C-0F35-3258-D1F0DE500911}.Debug|Any CPU.Build.0 = Debug|Any CPU
		{A6C80140-3D9C-0F35-3258-D1F0DE500911}.Release|Any CPU.ActiveCfg = Release|Any CPU
		{A6C80140-3D9C-0F35-3258-D1F0DE500911}.Release|Any CPU.Build.0 = Release|Any CPU
		{AA6EE68E-70A1-1DCE-D27D-9A49A86C1B9B}.Debug|Any CPU.ActiveCfg = Debug|Any CPU
		{AA6EE68E-70A1-1DCE-D27D-9A49A86C1B9B}.Debug|Any CPU.Build.0 = Debug|Any CPU
		{AA6EE68E-70A1-1DCE-D27D-9A49A86C1B9B}.Release|Any CPU.ActiveCfg = Release|Any CPU
		{AA6EE68E-70A1-1DCE-D27D-9A49A86C1B9B}.Release|Any CPU.Build.0 = Release|Any CPU
		{012F36BF-FCAA-80DD-A1A5-28A84BF7A840}.Debug|Any CPU.ActiveCfg = Debug|Any CPU
		{012F36BF-FCAA-80DD-A1A5-28A84BF7A840}.Debug|Any CPU.Build.0 = Debug|Any CPU
		{012F36BF-FCAA-80DD-A1A5-28A84BF7A840}.Release|Any CPU.ActiveCfg = Release|Any CPU
		{012F36BF-FCAA-80DD-A1A5-28A84BF7A840}.Release|Any CPU.Build.0 = Release|Any CPU
		{A4AFE89B-4AB4-4A6A-742F-6A6505AF86E9}.Debug|Any CPU.ActiveCfg = Debug|Any CPU
		{A4AFE89B-4AB4-4A6A-742F-6A6505AF86E9}.Debug|Any CPU.Build.0 = Debug|Any CPU
		{A4AFE89B-4AB4-4A6A-742F-6A6505AF86E9}.Release|Any CPU.ActiveCfg = Release|Any CPU
		{A4AFE89B-4AB4-4A6A-742F-6A6505AF86E9}.Release|Any CPU.Build.0 = Release|Any CPU
		{C3CAF5F2-7E54-C280-AE9A-DED2587F146F}.Debug|Any CPU.ActiveCfg = Debug|Any CPU
		{C3CAF5F2-7E54-C280-AE9A-DED2587F146F}.Debug|Any CPU.Build.0 = Debug|Any CPU
		{C3CAF5F2-7E54-C280-AE9A-DED2587F146F}.Release|Any CPU.ActiveCfg = Release|Any CPU
		{C3CAF5F2-7E54-C280-AE9A-DED2587F146F}.Release|Any CPU.Build.0 = Release|Any CPU
		{6066C80E-F325-34E5-B6C2-D57202D1BA30}.Debug|Any CPU.ActiveCfg = Debug|Any CPU
		{6066C80E-F325-34E5-B6C2-D57202D1BA30}.Debug|Any CPU.Build.0 = Debug|Any CPU
		{6066C80E-F325-34E5-B6C2-D57202D1BA30}.Release|Any CPU.ActiveCfg = Release|Any CPU
		{6066C80E-F325-34E5-B6C2-D57202D1BA30}.Release|Any CPU.Build.0 = Release|Any CPU
		{BFC323D3-4053-3C2B-6C75-C5BE3B0998C6}.Debug|Any CPU.ActiveCfg = Debug|Any CPU
		{BFC323D3-4053-3C2B-6C75-C5BE3B0998C6}.Debug|Any CPU.Build.0 = Debug|Any CPU
		{BFC323D3-4053-3C2B-6C75-C5BE3B0998C6}.Release|Any CPU.ActiveCfg = Release|Any CPU
		{BFC323D3-4053-3C2B-6C75-C5BE3B0998C6}.Release|Any CPU.Build.0 = Release|Any CPU
		{1FF983F7-8A68-A5B5-FCC6-884E1E62AB0A}.Debug|Any CPU.ActiveCfg = Debug|Any CPU
		{1FF983F7-8A68-A5B5-FCC6-884E1E62AB0A}.Debug|Any CPU.Build.0 = Debug|Any CPU
		{1FF983F7-8A68-A5B5-FCC6-884E1E62AB0A}.Release|Any CPU.ActiveCfg = Release|Any CPU
		{1FF983F7-8A68-A5B5-FCC6-884E1E62AB0A}.Release|Any CPU.Build.0 = Release|Any CPU
		{C3ED3808-E119-2615-B696-29C57062474C}.Debug|Any CPU.ActiveCfg = Debug|Any CPU
		{C3ED3808-E119-2615-B696-29C57062474C}.Debug|Any CPU.Build.0 = Debug|Any CPU
		{C3ED3808-E119-2615-B696-29C57062474C}.Release|Any CPU.ActiveCfg = Release|Any CPU
		{C3ED3808-E119-2615-B696-29C57062474C}.Release|Any CPU.Build.0 = Release|Any CPU
		{7F00DDF8-8106-DA53-B5CD-AF9396CA55D4}.Debug|Any CPU.ActiveCfg = Debug|Any CPU
		{7F00DDF8-8106-DA53-B5CD-AF9396CA55D4}.Debug|Any CPU.Build.0 = Debug|Any CPU
		{7F00DDF8-8106-DA53-B5CD-AF9396CA55D4}.Release|Any CPU.ActiveCfg = Release|Any CPU
		{7F00DDF8-8106-DA53-B5CD-AF9396CA55D4}.Release|Any CPU.Build.0 = Release|Any CPU
		{5EAD9DB2-84BB-B2C6-208A-EA9EE4E54022}.Debug|Any CPU.ActiveCfg = Debug|Any CPU
		{5EAD9DB2-84BB-B2C6-208A-EA9EE4E54022}.Debug|Any CPU.Build.0 = Debug|Any CPU
		{5EAD9DB2-84BB-B2C6-208A-EA9EE4E54022}.Release|Any CPU.ActiveCfg = Release|Any CPU
		{5EAD9DB2-84BB-B2C6-208A-EA9EE4E54022}.Release|Any CPU.Build.0 = Release|Any CPU
		{B8FFD6D5-5E75-8B22-836A-D8EC66D7A94E}.Debug|Any CPU.ActiveCfg = Debug|Any CPU
		{B8FFD6D5-5E75-8B22-836A-D8EC66D7A94E}.Debug|Any CPU.Build.0 = Debug|Any CPU
		{B8FFD6D5-5E75-8B22-836A-D8EC66D7A94E}.Release|Any CPU.ActiveCfg = Release|Any CPU
		{B8FFD6D5-5E75-8B22-836A-D8EC66D7A94E}.Release|Any CPU.Build.0 = Release|Any CPU
		{7665852C-D4AD-0F0B-99E9-AD0EF09F248F}.Debug|Any CPU.ActiveCfg = Debug|Any CPU
		{7665852C-D4AD-0F0B-99E9-AD0EF09F248F}.Debug|Any CPU.Build.0 = Debug|Any CPU
		{7665852C-D4AD-0F0B-99E9-AD0EF09F248F}.Release|Any CPU.ActiveCfg = Release|Any CPU
		{7665852C-D4AD-0F0B-99E9-AD0EF09F248F}.Release|Any CPU.Build.0 = Release|Any CPU
		{CBB6A931-59B6-B565-B066-6C7DE7548672}.Debug|Any CPU.ActiveCfg = Debug|Any CPU
		{CBB6A931-59B6-B565-B066-6C7DE7548672}.Debug|Any CPU.Build.0 = Debug|Any CPU
		{CBB6A931-59B6-B565-B066-6C7DE7548672}.Release|Any CPU.ActiveCfg = Release|Any CPU
		{CBB6A931-59B6-B565-B066-6C7DE7548672}.Release|Any CPU.Build.0 = Release|Any CPU
	EndGlobalSection
	GlobalSection(SolutionProperties) = preSolution
		HideSolutionNode = FALSE
	EndGlobalSection
EndGlobal
