
Microsoft Visual Studio Solution File, Format Version 12.00
# Visual Studio 15
Project("{FAE04EC0-301F-11D3-BF4B-00C04F79EFBC}") = "Oculus.Interaction", "Oculus.Interaction.csproj", "{66254795-EAF6-D58F-1CBC-BBB5076095E9}"
EndProject
Project("{FAE04EC0-301F-11D3-BF4B-00C04F79EFBC}") = "Oculus.Interaction.Editor", "Oculus.Interaction.Editor.csproj", "{E128C7B3-F9B5-EEDE-4F7E-3E6746D3E835}"
EndProject
Project("{FAE04EC0-301F-11D3-BF4B-00C04F79EFBC}") = "Assembly-CSharp", "Assembly-CSharp.csproj", "{5ECD1258-1121-C0E3-40F6-70D6A087B027}"
EndProject
Project("{FAE04EC0-301F-11D3-BF4B-00C04F79EFBC}") = "Oculus.Platform", "Oculus.Platform.csproj", "{03B450F5-7580-3B85-30DD-902197653B40}"
EndProject
Project("{FAE04EC0-301F-11D3-BF4B-00C04F79EFBC}") = "Oculus.Interaction.OVR.Samples", "Oculus.Interaction.OVR.Samples.csproj", "{BD9E102E-5FF1-8321-2AFD-538C3F2B44A8}"
EndProject
Project("{FAE04EC0-301F-11D3-BF4B-00C04F79EFBC}") = "Meta.WitAi.Lib", "Meta.WitAi.Lib.csproj", "{540C5400-6413-CCF2-44B5-4562EED343CA}"
EndProject
Project("{FAE04EC0-301F-11D3-BF4B-00C04F79EFBC}") = "Oculus.VR", "Oculus.VR.csproj", "{2F59C03C-8C12-21F0-0955-7AE3B1B081B1}"
EndProject
Project("{FAE04EC0-301F-11D3-BF4B-00C04F79EFBC}") = "Meta.WitAi.Conduit.Editor", "Meta.WitAi.Conduit.Editor.csproj", "{215E0C22-9AF1-1B57-9BA3-835742205AE2}"
EndProject
Project("{FAE04EC0-301F-11D3-BF4B-00C04F79EFBC}") = "Meta.WitAi", "Meta.WitAi.csproj", "{4DCD1CCF-4264-5D94-20E3-E8ECADA5D32F}"
EndProject
Project("{FAE04EC0-301F-11D3-BF4B-00C04F79EFBC}") = "Oculus.VR.Editor", "Oculus.VR.Editor.csproj", "{5B208B23-1F31-CE0F-87B8-E3C7F11B6CFA}"
EndProject
Project("{FAE04EC0-301F-11D3-BF4B-00C04F79EFBC}") = "Oculus.LipSync", "Oculus.LipSync.csproj", "{D05EB53C-2E97-2B05-4D4B-B7372868175C}"
EndProject
Project("{FAE04EC0-301F-11D3-BF4B-00C04F79EFBC}") = "Oculus.Interaction.OVR", "Oculus.Interaction.OVR.csproj", "{4B86C00D-496C-8E35-C6BA-6B52B040F2D9}"
EndProject
Project("{FAE04EC0-301F-11D3-BF4B-00C04F79EFBC}") = "Assembly-CSharp-Editor", "Assembly-CSharp-Editor.csproj", "{EE9B7566-27B3-56D8-E378-BAA9C7DD1A90}"
EndProject
Project("{FAE04EC0-301F-11D3-BF4B-00C04F79EFBC}") = "Meta.WitAI.Lib.Editor", "Meta.WitAI.Lib.Editor.csproj", "{2B069659-F0E1-E6C5-E83A-673CCDF1A3AF}"
EndProject
Project("{FAE04EC0-301F-11D3-BF4B-00C04F79EFBC}") = "Meta.WitAi.Editor", "Meta.WitAi.Editor.csproj", "{5E093356-612D-5CC4-43CF-C2871800E40E}"
EndProject
Project("{FAE04EC0-301F-11D3-BF4B-00C04F79EFBC}") = "Meta.Voice.Samples.BuiltInTimer", "Meta.Voice.Samples.BuiltInTimer.csproj", "{970F1DA4-3764-EFD9-3C0A-ACEEB5041377}"
EndProject
Project("{FAE04EC0-301F-11D3-BF4B-00C04F79EFBC}") = "Meta.WitAi.Conduit", "Meta.WitAi.Conduit.csproj", "{812CC2F6-481F-B1D1-1A71-C81AB62B22B0}"
EndProject
Project("{FAE04EC0-301F-11D3-BF4B-00C04F79EFBC}") = "Meta.XR.BuildingBlocks.Editor", "Meta.XR.BuildingBlocks.Editor.csproj", "{60781AFD-2F0C-9E30-24C9-6838203D7D66}"
EndProject
Project("{FAE04EC0-301F-11D3-BF4B-00C04F79EFBC}") = "VoiceSDK.Dictation.Runtime", "VoiceSDK.Dictation.Runtime.csproj", "{A13F764D-F56F-769F-3E2E-D9009618E033}"
EndProject
Project("{FAE04EC0-301F-11D3-BF4B-00C04F79EFBC}") = "VoiceSDK.Editor", "VoiceSDK.Editor.csproj", "{38C5AECD-1DAF-5ECD-181F-AC8D16BC4904}"
EndProject
Project("{FAE04EC0-301F-11D3-BF4B-00C04F79EFBC}") = "Oculus.VR.Scripts.Editor", "Oculus.VR.Scripts.Editor.csproj", "{51C98136-9DA0-6DBB-A578-484E44BD4684}"
EndProject
Project("{FAE04EC0-301F-11D3-BF4B-00C04F79EFBC}") = "Meta.Voice.Samples.LightTraits", "Meta.Voice.Samples.LightTraits.csproj", "{5545840C-BC2E-5E12-8A5C-E21B661B685C}"
EndProject
Project("{FAE04EC0-301F-11D3-BF4B-00C04F79EFBC}") = "Meta.Voice.Samples.TTSVoices", "Meta.Voice.Samples.TTSVoices.csproj", "{A3943E0F-5A74-5FA7-3BA5-67FD6B07F90F}"
EndProject
Project("{FAE04EC0-301F-11D3-BF4B-00C04F79EFBC}") = "VoiceSDK.Runtime", "VoiceSDK.Runtime.csproj", "{44AEF34A-EF60-ADAB-DCA5-C6C66A77434B}"
EndProject
Project("{FAE04EC0-301F-11D3-BF4B-00C04F79EFBC}") = "Oculus.Interaction.Samples.Editor", "Oculus.Interaction.Samples.Editor.csproj", "{1226151E-AF8A-EF1E-EE86-1C59D413208D}"
EndProject
Project("{FAE04EC0-301F-11D3-BF4B-00C04F79EFBC}") = "Meta.WitAi.TTS.Editor", "Meta.WitAi.TTS.Editor.csproj", "{B45A7C22-A690-C5CC-F59E-8EE923A61189}"
EndProject
Project("{FAE04EC0-301F-11D3-BF4B-00C04F79EFBC}") = "Oculus.Platform.Editor", "Oculus.Platform.Editor.csproj", "{C4B1BDDB-A5BF-E9C4-C2AD-033765999DC1}"
EndProject
Project("{FAE04EC0-301F-11D3-BF4B-00C04F79EFBC}") = "Facebook.Wit.Dictation", "Facebook.Wit.Dictation.csproj", "{FDDC9C1A-3D51-6B67-F92F-460ECB84E204}"
EndProject
Project("{FAE04EC0-301F-11D3-BF4B-00C04F79EFBC}") = "Oculus.AudioManager.Utils.Editor", "Oculus.AudioManager.Utils.Editor.csproj", "{DBD2D7A9-4B08-4156-E743-9FECFBF1D139}"
EndProject
Project("{FAE04EC0-301F-11D3-BF4B-00C04F79EFBC}") = "Meta.VoiceSDK.Mic.Common", "Meta.VoiceSDK.Mic.Common.csproj", "{702773CC-6A24-8109-358B-74F20DD89BB5}"
EndProject
Project("{FAE04EC0-301F-11D3-BF4B-00C04F79EFBC}") = "Meta.Voice.Hub.Editor", "Meta.Voice.Hub.Editor.csproj", "{62643900-7C51-6580-03DC-8B1C10465BD6}"
EndProject
Project("{FAE04EC0-301F-11D3-BF4B-00C04F79EFBC}") = "Meta.Voice.Samples.ShapesConduit", "Meta.Voice.Samples.ShapesConduit.csproj", "{F81BF18B-9460-8DDA-8853-3EECCA990C09}"
EndProject
Project("{FAE04EC0-301F-11D3-BF4B-00C04F79EFBC}") = "Meta.VoiceSDK.Mic.Other", "Meta.VoiceSDK.Mic.Other.csproj", "{1A78B005-1F02-725D-537A-860CDB8EB326}"
EndProject
Project("{FAE04EC0-301F-11D3-BF4B-00C04F79EFBC}") = "Meta.WitAi.TTS", "Meta.WitAi.TTS.csproj", "{7341FD66-BCF2-C4C6-8404-0A46ED52CF4D}"
EndProject
Project("{FAE04EC0-301F-11D3-BF4B-00C04F79EFBC}") = "Oculus.Interaction.InterfaceSupport", "Oculus.Interaction.InterfaceSupport.csproj", "{5DA6E25E-5B31-681F-332C-C3D64327EB4B}"
EndProject
Project("{FAE04EC0-301F-11D3-BF4B-00C04F79EFBC}") = "AssistantCoreSDKRuntime", "AssistantCoreSDKRuntime.csproj", "{67B83A8A-9B6C-1C27-097E-236F5A95BE4F}"
EndProject
Project("{FAE04EC0-301F-11D3-BF4B-00C04F79EFBC}") = "Oculus.AudioManager.Audio.Editor", "Oculus.AudioManager.Audio.Editor.csproj", "{9921BA2F-31D0-7961-8D12-436748BF4B83}"
EndProject
Project("{FAE04EC0-301F-11D3-BF4B-00C04F79EFBC}") = "Oculus.Spatializer.Editor", "Oculus.Spatializer.Editor.csproj", "{61DB7473-9D06-EC81-0881-D9DAB8EDA6A1}"
EndProject
Project("{FAE04EC0-301F-11D3-BF4B-00C04F79EFBC}") = "Oculus.Spatializer", "Oculus.Spatializer.csproj", "{8B8B4BC7-2B8D-51F6-78F5-67C19817B67F}"
EndProject
Project("{FAE04EC0-301F-11D3-BF4B-00C04F79EFBC}") = "Meta.Voice.Hub.Runtime", "Meta.Voice.Hub.Runtime.csproj", "{3C2D7B9A-4A53-5F1A-E6EB-F7CAB97D02BC}"
EndProject
Project("{FAE04EC0-301F-11D3-BF4B-00C04F79EFBC}") = "Oculus.AudioManager", "Oculus.AudioManager.csproj", "{290B2A0C-B775-1BE5-F88D-3CFE08713E4A}"
EndProject
Project("{FAE04EC0-301F-11D3-BF4B-00C04F79EFBC}") = "Meta.Voice.Samples.Shapes", "Meta.Voice.Samples.Shapes.csproj", "{EEA42D73-B6F5-BFE1-F95E-1F512506723D}"
EndProject
Project("{FAE04EC0-301F-11D3-BF4B-00C04F79EFBC}") = "Meta.Voice.VSDKHub.Editor", "Meta.Voice.VSDKHub.Editor.csproj", "{C75DB2EE-0A38-970A-A428-478C44E868FA}"
EndProject
Project("{FAE04EC0-301F-11D3-BF4B-00C04F79EFBC}") = "Oculus.Interaction.OVR.Editor", "Oculus.Interaction.OVR.Editor.csproj", "{E4111641-A6CF-B55F-9A3D-2DC7A284CD28}"
EndProject
Project("{FAE04EC0-301F-11D3-BF4B-00C04F79EFBC}") = "Meta.Voice.Samples.Dictation", "Meta.Voice.Samples.Dictation.csproj", "{7F4319A0-BBDE-A8D6-46AF-09DF9082F391}"
EndProject
Project("{FAE04EC0-301F-11D3-BF4B-00C04F79EFBC}") = "VoiceSDK.Dictation.Editor", "VoiceSDK.Dictation.Editor.csproj", "{720006D0-B914-A1FC-3C81-4C778DCD2ECC}"
EndProject
Project("{FAE04EC0-301F-11D3-BF4B-00C04F79EFBC}") = "VoiceSDK.Telemetry", "VoiceSDK.Telemetry.csproj", "{25E2017C-1BE0-5B4A-8FF3-7D69E4928BF1}"
EndProject
Project("{FAE04EC0-301F-11D3-BF4B-00C04F79EFBC}") = "Facebook.Wit.Dictation.Editor", "Facebook.Wit.Dictation.Editor.csproj", "{24090F39-77C7-56F7-E472-C32FDAD6E471}"
EndProject
Project("{FAE04EC0-301F-11D3-BF4B-00C04F79EFBC}") = "Meta.XR.BuildingBlocks", "Meta.XR.BuildingBlocks.csproj", "{B90574FF-3447-B89B-ECA3-2783D69A39AB}"
EndProject
Project("{FAE04EC0-301F-11D3-BF4B-00C04F79EFBC}") = "Oculus.LipSync.Editor", "Oculus.LipSync.Editor.csproj", "{E06C8BBB-E2DE-3966-DEAE-653CE8C5044A}"
EndProject
Project("{FAE04EC0-301F-11D3-BF4B-00C04F79EFBC}") = "Meta.Voice.Samples.LiveUnderstanding", "Meta.Voice.Samples.LiveUnderstanding.csproj", "{AEC9D5B3-21D8-C8C5-A7EA-06179A188B3E}"
EndProject
Project("{FAE04EC0-301F-11D3-BF4B-00C04F79EFBC}") = "AssistantCoreSDKEditor", "AssistantCoreSDKEditor.csproj", "{CB7015F2-DA5B-3138-B40D-44B41CF5ABAD}"
EndProject
Project("{FAE04EC0-301F-11D3-BF4B-00C04F79EFBC}") = "Meta.VoiceSDK.Mic.WebGL", "Meta.VoiceSDK.Mic.WebGL.csproj", "{25AB41D6-3DB8-E070-899D-4E6CC275CEEC}"
EndProject
Project("{FAE04EC0-301F-11D3-BF4B-00C04F79EFBC}") = "BNGHandPoseID", "BNGHandPoseID.csproj", "{AFAE93C6-EAA7-CC55-7A0A-EEE3F5B26321}"
EndProject
Project("{FAE04EC0-301F-11D3-BF4B-00C04F79EFBC}") = "Meta.Voice.Samples.Chess", "Meta.Voice.Samples.Chess.csproj", "{D5A3A65F-1D13-E56C-D5C1-D0EE159AA417}"
EndProject
Global
	GlobalSection(SolutionConfigurationPlatforms) = preSolution
		Debug|Any CPU = Debug|Any CPU
		Release|Any CPU = Release|Any CPU
	EndGlobalSection
	GlobalSection(ProjectConfigurationPlatforms) = postSolution
		{66254795-EAF6-D58F-1CBC-BBB5076095E9}.Debug|Any CPU.ActiveCfg = Debug|Any CPU
		{66254795-EAF6-D58F-1CBC-BBB5076095E9}.Debug|Any CPU.Build.0 = Debug|Any CPU
		{66254795-EAF6-D58F-1CBC-BBB5076095E9}.Release|Any CPU.ActiveCfg = Release|Any CPU
		{66254795-EAF6-D58F-1CBC-BBB5076095E9}.Release|Any CPU.Build.0 = Release|Any CPU
		{E128C7B3-F9B5-EEDE-4F7E-3E6746D3E835}.Debug|Any CPU.ActiveCfg = Debug|Any CPU
		{E128C7B3-F9B5-EEDE-4F7E-3E6746D3E835}.Debug|Any CPU.Build.0 = Debug|Any CPU
		{E128C7B3-F9B5-EEDE-4F7E-3E6746D3E835}.Release|Any CPU.ActiveCfg = Release|Any CPU
		{E128C7B3-F9B5-EEDE-4F7E-3E6746D3E835}.Release|Any CPU.Build.0 = Release|Any CPU
		{5ECD1258-1121-C0E3-40F6-70D6A087B027}.Debug|Any CPU.ActiveCfg = Debug|Any CPU
		{5ECD1258-1121-C0E3-40F6-70D6A087B027}.Debug|Any CPU.Build.0 = Debug|Any CPU
		{5ECD1258-1121-C0E3-40F6-70D6A087B027}.Release|Any CPU.ActiveCfg = Release|Any CPU
		{5ECD1258-1121-C0E3-40F6-70D6A087B027}.Release|Any CPU.Build.0 = Release|Any CPU
		{03B450F5-7580-3B85-30DD-902197653B40}.Debug|Any CPU.ActiveCfg = Debug|Any CPU
		{03B450F5-7580-3B85-30DD-902197653B40}.Debug|Any CPU.Build.0 = Debug|Any CPU
		{03B450F5-7580-3B85-30DD-902197653B40}.Release|Any CPU.ActiveCfg = Release|Any CPU
		{03B450F5-7580-3B85-30DD-902197653B40}.Release|Any CPU.Build.0 = Release|Any CPU
		{BD9E102E-5FF1-8321-2AFD-538C3F2B44A8}.Debug|Any CPU.ActiveCfg = Debug|Any CPU
		{BD9E102E-5FF1-8321-2AFD-538C3F2B44A8}.Debug|Any CPU.Build.0 = Debug|Any CPU
		{BD9E102E-5FF1-8321-2AFD-538C3F2B44A8}.Release|Any CPU.ActiveCfg = Release|Any CPU
		{BD9E102E-5FF1-8321-2AFD-538C3F2B44A8}.Release|Any CPU.Build.0 = Release|Any CPU
		{540C5400-6413-CCF2-44B5-4562EED343CA}.Debug|Any CPU.ActiveCfg = Debug|Any CPU
		{540C5400-6413-CCF2-44B5-4562EED343CA}.Debug|Any CPU.Build.0 = Debug|Any CPU
		{540C5400-6413-CCF2-44B5-4562EED343CA}.Release|Any CPU.ActiveCfg = Release|Any CPU
		{540C5400-6413-CCF2-44B5-4562EED343CA}.Release|Any CPU.Build.0 = Release|Any CPU
		{2F59C03C-8C12-21F0-0955-7AE3B1B081B1}.Debug|Any CPU.ActiveCfg = Debug|Any CPU
		{2F59C03C-8C12-21F0-0955-7AE3B1B081B1}.Debug|Any CPU.Build.0 = Debug|Any CPU
		{2F59C03C-8C12-21F0-0955-7AE3B1B081B1}.Release|Any CPU.ActiveCfg = Release|Any CPU
		{2F59C03C-8C12-21F0-0955-7AE3B1B081B1}.Release|Any CPU.Build.0 = Release|Any CPU
		{215E0C22-9AF1-1B57-9BA3-835742205AE2}.Debug|Any CPU.ActiveCfg = Debug|Any CPU
		{215E0C22-9AF1-1B57-9BA3-835742205AE2}.Debug|Any CPU.Build.0 = Debug|Any CPU
		{215E0C22-9AF1-1B57-9BA3-835742205AE2}.Release|Any CPU.ActiveCfg = Release|Any CPU
		{215E0C22-9AF1-1B57-9BA3-835742205AE2}.Release|Any CPU.Build.0 = Release|Any CPU
		{4DCD1CCF-4264-5D94-20E3-E8ECADA5D32F}.Debug|Any CPU.ActiveCfg = Debug|Any CPU
		{4DCD1CCF-4264-5D94-20E3-E8ECADA5D32F}.Debug|Any CPU.Build.0 = Debug|Any CPU
		{4DCD1CCF-4264-5D94-20E3-E8ECADA5D32F}.Release|Any CPU.ActiveCfg = Release|Any CPU
		{4DCD1CCF-4264-5D94-20E3-E8ECADA5D32F}.Release|Any CPU.Build.0 = Release|Any CPU
		{5B208B23-1F31-CE0F-87B8-E3C7F11B6CFA}.Debug|Any CPU.ActiveCfg = Debug|Any CPU
		{5B208B23-1F31-CE0F-87B8-E3C7F11B6CFA}.Debug|Any CPU.Build.0 = Debug|Any CPU
		{5B208B23-1F31-CE0F-87B8-E3C7F11B6CFA}.Release|Any CPU.ActiveCfg = Release|Any CPU
		{5B208B23-1F31-CE0F-87B8-E3C7F11B6CFA}.Release|Any CPU.Build.0 = Release|Any CPU
		{D05EB53C-2E97-2B05-4D4B-B7372868175C}.Debug|Any CPU.ActiveCfg = Debug|Any CPU
		{D05EB53C-2E97-2B05-4D4B-B7372868175C}.Debug|Any CPU.Build.0 = Debug|Any CPU
		{D05EB53C-2E97-2B05-4D4B-B7372868175C}.Release|Any CPU.ActiveCfg = Release|Any CPU
		{D05EB53C-2E97-2B05-4D4B-B7372868175C}.Release|Any CPU.Build.0 = Release|Any CPU
		{4B86C00D-496C-8E35-C6BA-6B52B040F2D9}.Debug|Any CPU.ActiveCfg = Debug|Any CPU
		{4B86C00D-496C-8E35-C6BA-6B52B040F2D9}.Debug|Any CPU.Build.0 = Debug|Any CPU
		{4B86C00D-496C-8E35-C6BA-6B52B040F2D9}.Release|Any CPU.ActiveCfg = Release|Any CPU
		{4B86C00D-496C-8E35-C6BA-6B52B040F2D9}.Release|Any CPU.Build.0 = Release|Any CPU
		{EE9B7566-27B3-56D8-E378-BAA9C7DD1A90}.Debug|Any CPU.ActiveCfg = Debug|Any CPU
		{EE9B7566-27B3-56D8-E378-BAA9C7DD1A90}.Debug|Any CPU.Build.0 = Debug|Any CPU
		{EE9B7566-27B3-56D8-E378-BAA9C7DD1A90}.Release|Any CPU.ActiveCfg = Release|Any CPU
		{EE9B7566-27B3-56D8-E378-BAA9C7DD1A90}.Release|Any CPU.Build.0 = Release|Any CPU
		{2B069659-F0E1-E6C5-E83A-673CCDF1A3AF}.Debug|Any CPU.ActiveCfg = Debug|Any CPU
		{2B069659-F0E1-E6C5-E83A-673CCDF1A3AF}.Debug|Any CPU.Build.0 = Debug|Any CPU
		{2B069659-F0E1-E6C5-E83A-673CCDF1A3AF}.Release|Any CPU.ActiveCfg = Release|Any CPU
		{2B069659-F0E1-E6C5-E83A-673CCDF1A3AF}.Release|Any CPU.Build.0 = Release|Any CPU
		{5E093356-612D-5CC4-43CF-C2871800E40E}.Debug|Any CPU.ActiveCfg = Debug|Any CPU
		{5E093356-612D-5CC4-43CF-C2871800E40E}.Debug|Any CPU.Build.0 = Debug|Any CPU
		{5E093356-612D-5CC4-43CF-C2871800E40E}.Release|Any CPU.ActiveCfg = Release|Any CPU
		{5E093356-612D-5CC4-43CF-C2871800E40E}.Release|Any CPU.Build.0 = Release|Any CPU
		{970F1DA4-3764-EFD9-3C0A-ACEEB5041377}.Debug|Any CPU.ActiveCfg = Debug|Any CPU
		{970F1DA4-3764-EFD9-3C0A-ACEEB5041377}.Debug|Any CPU.Build.0 = Debug|Any CPU
		{970F1DA4-3764-EFD9-3C0A-ACEEB5041377}.Release|Any CPU.ActiveCfg = Release|Any CPU
		{970F1DA4-3764-EFD9-3C0A-ACEEB5041377}.Release|Any CPU.Build.0 = Release|Any CPU
		{812CC2F6-481F-B1D1-1A71-C81AB62B22B0}.Debug|Any CPU.ActiveCfg = Debug|Any CPU
		{812CC2F6-481F-B1D1-1A71-C81AB62B22B0}.Debug|Any CPU.Build.0 = Debug|Any CPU
		{812CC2F6-481F-B1D1-1A71-C81AB62B22B0}.Release|Any CPU.ActiveCfg = Release|Any CPU
		{812CC2F6-481F-B1D1-1A71-C81AB62B22B0}.Release|Any CPU.Build.0 = Release|Any CPU
		{60781AFD-2F0C-9E30-24C9-6838203D7D66}.Debug|Any CPU.ActiveCfg = Debug|Any CPU
		{60781AFD-2F0C-9E30-24C9-6838203D7D66}.Debug|Any CPU.Build.0 = Debug|Any CPU
		{60781AFD-2F0C-9E30-24C9-6838203D7D66}.Release|Any CPU.ActiveCfg = Release|Any CPU
		{60781AFD-2F0C-9E30-24C9-6838203D7D66}.Release|Any CPU.Build.0 = Release|Any CPU
		{A13F764D-F56F-769F-3E2E-D9009618E033}.Debug|Any CPU.ActiveCfg = Debug|Any CPU
		{A13F764D-F56F-769F-3E2E-D9009618E033}.Debug|Any CPU.Build.0 = Debug|Any CPU
		{A13F764D-F56F-769F-3E2E-D9009618E033}.Release|Any CPU.ActiveCfg = Release|Any CPU
		{A13F764D-F56F-769F-3E2E-D9009618E033}.Release|Any CPU.Build.0 = Release|Any CPU
		{38C5AECD-1DAF-5ECD-181F-AC8D16BC4904}.Debug|Any CPU.ActiveCfg = Debug|Any CPU
		{38C5AECD-1DAF-5ECD-181F-AC8D16BC4904}.Debug|Any CPU.Build.0 = Debug|Any CPU
		{38C5AECD-1DAF-5ECD-181F-AC8D16BC4904}.Release|Any CPU.ActiveCfg = Release|Any CPU
		{38C5AECD-1DAF-5ECD-181F-AC8D16BC4904}.Release|Any CPU.Build.0 = Release|Any CPU
		{51C98136-9DA0-6DBB-A578-484E44BD4684}.Debug|Any CPU.ActiveCfg = Debug|Any CPU
		{51C98136-9DA0-6DBB-A578-484E44BD4684}.Debug|Any CPU.Build.0 = Debug|Any CPU
		{51C98136-9DA0-6DBB-A578-484E44BD4684}.Release|Any CPU.ActiveCfg = Release|Any CPU
		{51C98136-9DA0-6DBB-A578-484E44BD4684}.Release|Any CPU.Build.0 = Release|Any CPU
		{5545840C-BC2E-5E12-8A5C-E21B661B685C}.Debug|Any CPU.ActiveCfg = Debug|Any CPU
		{5545840C-BC2E-5E12-8A5C-E21B661B685C}.Debug|Any CPU.Build.0 = Debug|Any CPU
		{5545840C-BC2E-5E12-8A5C-E21B661B685C}.Release|Any CPU.ActiveCfg = Release|Any CPU
		{5545840C-BC2E-5E12-8A5C-E21B661B685C}.Release|Any CPU.Build.0 = Release|Any CPU
		{A3943E0F-5A74-5FA7-3BA5-67FD6B07F90F}.Debug|Any CPU.ActiveCfg = Debug|Any CPU
		{A3943E0F-5A74-5FA7-3BA5-67FD6B07F90F}.Debug|Any CPU.Build.0 = Debug|Any CPU
		{A3943E0F-5A74-5FA7-3BA5-67FD6B07F90F}.Release|Any CPU.ActiveCfg = Release|Any CPU
		{A3943E0F-5A74-5FA7-3BA5-67FD6B07F90F}.Release|Any CPU.Build.0 = Release|Any CPU
		{44AEF34A-EF60-ADAB-DCA5-C6C66A77434B}.Debug|Any CPU.ActiveCfg = Debug|Any CPU
		{44AEF34A-EF60-ADAB-DCA5-C6C66A77434B}.Debug|Any CPU.Build.0 = Debug|Any CPU
		{44AEF34A-EF60-ADAB-DCA5-C6C66A77434B}.Release|Any CPU.ActiveCfg = Release|Any CPU
		{44AEF34A-EF60-ADAB-DCA5-C6C66A77434B}.Release|Any CPU.Build.0 = Release|Any CPU
		{1226151E-AF8A-EF1E-EE86-1C59D413208D}.Debug|Any CPU.ActiveCfg = Debug|Any CPU
		{1226151E-AF8A-EF1E-EE86-1C59D413208D}.Debug|Any CPU.Build.0 = Debug|Any CPU
		{1226151E-AF8A-EF1E-EE86-1C59D413208D}.Release|Any CPU.ActiveCfg = Release|Any CPU
		{1226151E-AF8A-EF1E-EE86-1C59D413208D}.Release|Any CPU.Build.0 = Release|Any CPU
		{B45A7C22-A690-C5CC-F59E-8EE923A61189}.Debug|Any CPU.ActiveCfg = Debug|Any CPU
		{B45A7C22-A690-C5CC-F59E-8EE923A61189}.Debug|Any CPU.Build.0 = Debug|Any CPU
		{B45A7C22-A690-C5CC-F59E-8EE923A61189}.Release|Any CPU.ActiveCfg = Release|Any CPU
		{B45A7C22-A690-C5CC-F59E-8EE923A61189}.Release|Any CPU.Build.0 = Release|Any CPU
		{C4B1BDDB-A5BF-E9C4-C2AD-033765999DC1}.Debug|Any CPU.ActiveCfg = Debug|Any CPU
		{C4B1BDDB-A5BF-E9C4-C2AD-033765999DC1}.Debug|Any CPU.Build.0 = Debug|Any CPU
		{C4B1BDDB-A5BF-E9C4-C2AD-033765999DC1}.Release|Any CPU.ActiveCfg = Release|Any CPU
		{C4B1BDDB-A5BF-E9C4-C2AD-033765999DC1}.Release|Any CPU.Build.0 = Release|Any CPU
		{FDDC9C1A-3D51-6B67-F92F-460ECB84E204}.Debug|Any CPU.ActiveCfg = Debug|Any CPU
		{FDDC9C1A-3D51-6B67-F92F-460ECB84E204}.Debug|Any CPU.Build.0 = Debug|Any CPU
		{FDDC9C1A-3D51-6B67-F92F-460ECB84E204}.Release|Any CPU.ActiveCfg = Release|Any CPU
		{FDDC9C1A-3D51-6B67-F92F-460ECB84E204}.Release|Any CPU.Build.0 = Release|Any CPU
		{DBD2D7A9-4B08-4156-E743-9FECFBF1D139}.Debug|Any CPU.ActiveCfg = Debug|Any CPU
		{DBD2D7A9-4B08-4156-E743-9FECFBF1D139}.Debug|Any CPU.Build.0 = Debug|Any CPU
		{DBD2D7A9-4B08-4156-E743-9FECFBF1D139}.Release|Any CPU.ActiveCfg = Release|Any CPU
		{DBD2D7A9-4B08-4156-E743-9FECFBF1D139}.Release|Any CPU.Build.0 = Release|Any CPU
		{702773CC-6A24-8109-358B-74F20DD89BB5}.Debug|Any CPU.ActiveCfg = Debug|Any CPU
		{702773CC-6A24-8109-358B-74F20DD89BB5}.Debug|Any CPU.Build.0 = Debug|Any CPU
		{702773CC-6A24-8109-358B-74F20DD89BB5}.Release|Any CPU.ActiveCfg = Release|Any CPU
		{702773CC-6A24-8109-358B-74F20DD89BB5}.Release|Any CPU.Build.0 = Release|Any CPU
		{62643900-7C51-6580-03DC-8B1C10465BD6}.Debug|Any CPU.ActiveCfg = Debug|Any CPU
		{62643900-7C51-6580-03DC-8B1C10465BD6}.Debug|Any CPU.Build.0 = Debug|Any CPU
		{62643900-7C51-6580-03DC-8B1C10465BD6}.Release|Any CPU.ActiveCfg = Release|Any CPU
		{62643900-7C51-6580-03DC-8B1C10465BD6}.Release|Any CPU.Build.0 = Release|Any CPU
		{F81BF18B-9460-8DDA-8853-3EECCA990C09}.Debug|Any CPU.ActiveCfg = Debug|Any CPU
		{F81BF18B-9460-8DDA-8853-3EECCA990C09}.Debug|Any CPU.Build.0 = Debug|Any CPU
		{F81BF18B-9460-8DDA-8853-3EECCA990C09}.Release|Any CPU.ActiveCfg = Release|Any CPU
		{F81BF18B-9460-8DDA-8853-3EECCA990C09}.Release|Any CPU.Build.0 = Release|Any CPU
		{1A78B005-1F02-725D-537A-860CDB8EB326}.Debug|Any CPU.ActiveCfg = Debug|Any CPU
		{1A78B005-1F02-725D-537A-860CDB8EB326}.Debug|Any CPU.Build.0 = Debug|Any CPU
		{1A78B005-1F02-725D-537A-860CDB8EB326}.Release|Any CPU.ActiveCfg = Release|Any CPU
		{1A78B005-1F02-725D-537A-860CDB8EB326}.Release|Any CPU.Build.0 = Release|Any CPU
		{7341FD66-BCF2-C4C6-8404-0A46ED52CF4D}.Debug|Any CPU.ActiveCfg = Debug|Any CPU
		{7341FD66-BCF2-C4C6-8404-0A46ED52CF4D}.Debug|Any CPU.Build.0 = Debug|Any CPU
		{7341FD66-BCF2-C4C6-8404-0A46ED52CF4D}.Release|Any CPU.ActiveCfg = Release|Any CPU
		{7341FD66-BCF2-C4C6-8404-0A46ED52CF4D}.Release|Any CPU.Build.0 = Release|Any CPU
		{5DA6E25E-5B31-681F-332C-C3D64327EB4B}.Debug|Any CPU.ActiveCfg = Debug|Any CPU
		{5DA6E25E-5B31-681F-332C-C3D64327EB4B}.Debug|Any CPU.Build.0 = Debug|Any CPU
		{5DA6E25E-5B31-681F-332C-C3D64327EB4B}.Release|Any CPU.ActiveCfg = Release|Any CPU
		{5DA6E25E-5B31-681F-332C-C3D64327EB4B}.Release|Any CPU.Build.0 = Release|Any CPU
		{67B83A8A-9B6C-1C27-097E-236F5A95BE4F}.Debug|Any CPU.ActiveCfg = Debug|Any CPU
		{67B83A8A-9B6C-1C27-097E-236F5A95BE4F}.Debug|Any CPU.Build.0 = Debug|Any CPU
		{67B83A8A-9B6C-1C27-097E-236F5A95BE4F}.Release|Any CPU.ActiveCfg = Release|Any CPU
		{67B83A8A-9B6C-1C27-097E-236F5A95BE4F}.Release|Any CPU.Build.0 = Release|Any CPU
		{9921BA2F-31D0-7961-8D12-436748BF4B83}.Debug|Any CPU.ActiveCfg = Debug|Any CPU
		{9921BA2F-31D0-7961-8D12-436748BF4B83}.Debug|Any CPU.Build.0 = Debug|Any CPU
		{9921BA2F-31D0-7961-8D12-436748BF4B83}.Release|Any CPU.ActiveCfg = Release|Any CPU
		{9921BA2F-31D0-7961-8D12-436748BF4B83}.Release|Any CPU.Build.0 = Release|Any CPU
		{61DB7473-9D06-EC81-0881-D9DAB8EDA6A1}.Debug|Any CPU.ActiveCfg = Debug|Any CPU
		{61DB7473-9D06-EC81-0881-D9DAB8EDA6A1}.Debug|Any CPU.Build.0 = Debug|Any CPU
		{61DB7473-9D06-EC81-0881-D9DAB8EDA6A1}.Release|Any CPU.ActiveCfg = Release|Any CPU
		{61DB7473-9D06-EC81-0881-D9DAB8EDA6A1}.Release|Any CPU.Build.0 = Release|Any CPU
		{8B8B4BC7-2B8D-51F6-78F5-67C19817B67F}.Debug|Any CPU.ActiveCfg = Debug|Any CPU
		{8B8B4BC7-2B8D-51F6-78F5-67C19817B67F}.Debug|Any CPU.Build.0 = Debug|Any CPU
		{8B8B4BC7-2B8D-51F6-78F5-67C19817B67F}.Release|Any CPU.ActiveCfg = Release|Any CPU
		{8B8B4BC7-2B8D-51F6-78F5-67C19817B67F}.Release|Any CPU.Build.0 = Release|Any CPU
		{3C2D7B9A-4A53-5F1A-E6EB-F7CAB97D02BC}.Debug|Any CPU.ActiveCfg = Debug|Any CPU
		{3C2D7B9A-4A53-5F1A-E6EB-F7CAB97D02BC}.Debug|Any CPU.Build.0 = Debug|Any CPU
		{3C2D7B9A-4A53-5F1A-E6EB-F7CAB97D02BC}.Release|Any CPU.ActiveCfg = Release|Any CPU
		{3C2D7B9A-4A53-5F1A-E6EB-F7CAB97D02BC}.Release|Any CPU.Build.0 = Release|Any CPU
		{290B2A0C-B775-1BE5-F88D-3CFE08713E4A}.Debug|Any CPU.ActiveCfg = Debug|Any CPU
		{290B2A0C-B775-1BE5-F88D-3CFE08713E4A}.Debug|Any CPU.Build.0 = Debug|Any CPU
		{290B2A0C-B775-1BE5-F88D-3CFE08713E4A}.Release|Any CPU.ActiveCfg = Release|Any CPU
		{290B2A0C-B775-1BE5-F88D-3CFE08713E4A}.Release|Any CPU.Build.0 = Release|Any CPU
		{EEA42D73-B6F5-BFE1-F95E-1F512506723D}.Debug|Any CPU.ActiveCfg = Debug|Any CPU
		{EEA42D73-B6F5-BFE1-F95E-1F512506723D}.Debug|Any CPU.Build.0 = Debug|Any CPU
		{EEA42D73-B6F5-BFE1-F95E-1F512506723D}.Release|Any CPU.ActiveCfg = Release|Any CPU
		{EEA42D73-B6F5-BFE1-F95E-1F512506723D}.Release|Any CPU.Build.0 = Release|Any CPU
		{C75DB2EE-0A38-970A-A428-478C44E868FA}.Debug|Any CPU.ActiveCfg = Debug|Any CPU
		{C75DB2EE-0A38-970A-A428-478C44E868FA}.Debug|Any CPU.Build.0 = Debug|Any CPU
		{C75DB2EE-0A38-970A-A428-478C44E868FA}.Release|Any CPU.ActiveCfg = Release|Any CPU
		{C75DB2EE-0A38-970A-A428-478C44E868FA}.Release|Any CPU.Build.0 = Release|Any CPU
		{E4111641-A6CF-B55F-9A3D-2DC7A284CD28}.Debug|Any CPU.ActiveCfg = Debug|Any CPU
		{E4111641-A6CF-B55F-9A3D-2DC7A284CD28}.Debug|Any CPU.Build.0 = Debug|Any CPU
		{E4111641-A6CF-B55F-9A3D-2DC7A284CD28}.Release|Any CPU.ActiveCfg = Release|Any CPU
		{E4111641-A6CF-B55F-9A3D-2DC7A284CD28}.Release|Any CPU.Build.0 = Release|Any CPU
		{7F4319A0-BBDE-A8D6-46AF-09DF9082F391}.Debug|Any CPU.ActiveCfg = Debug|Any CPU
		{7F4319A0-BBDE-A8D6-46AF-09DF9082F391}.Debug|Any CPU.Build.0 = Debug|Any CPU
		{7F4319A0-BBDE-A8D6-46AF-09DF9082F391}.Release|Any CPU.ActiveCfg = Release|Any CPU
		{7F4319A0-BBDE-A8D6-46AF-09DF9082F391}.Release|Any CPU.Build.0 = Release|Any CPU
		{720006D0-B914-A1FC-3C81-4C778DCD2ECC}.Debug|Any CPU.ActiveCfg = Debug|Any CPU
		{720006D0-B914-A1FC-3C81-4C778DCD2ECC}.Debug|Any CPU.Build.0 = Debug|Any CPU
		{720006D0-B914-A1FC-3C81-4C778DCD2ECC}.Release|Any CPU.ActiveCfg = Release|Any CPU
		{720006D0-B914-A1FC-3C81-4C778DCD2ECC}.Release|Any CPU.Build.0 = Release|Any CPU
		{25E2017C-1BE0-5B4A-8FF3-7D69E4928BF1}.Debug|Any CPU.ActiveCfg = Debug|Any CPU
		{25E2017C-1BE0-5B4A-8FF3-7D69E4928BF1}.Debug|Any CPU.Build.0 = Debug|Any CPU
		{25E2017C-1BE0-5B4A-8FF3-7D69E4928BF1}.Release|Any CPU.ActiveCfg = Release|Any CPU
		{25E2017C-1BE0-5B4A-8FF3-7D69E4928BF1}.Release|Any CPU.Build.0 = Release|Any CPU
		{24090F39-77C7-56F7-E472-C32FDAD6E471}.Debug|Any CPU.ActiveCfg = Debug|Any CPU
		{24090F39-77C7-56F7-E472-C32FDAD6E471}.Debug|Any CPU.Build.0 = Debug|Any CPU
		{24090F39-77C7-56F7-E472-C32FDAD6E471}.Release|Any CPU.ActiveCfg = Release|Any CPU
		{24090F39-77C7-56F7-E472-C32FDAD6E471}.Release|Any CPU.Build.0 = Release|Any CPU
		{B90574FF-3447-B89B-ECA3-2783D69A39AB}.Debug|Any CPU.ActiveCfg = Debug|Any CPU
		{B90574FF-3447-B89B-ECA3-2783D69A39AB}.Debug|Any CPU.Build.0 = Debug|Any CPU
		{B90574FF-3447-B89B-ECA3-2783D69A39AB}.Release|Any CPU.ActiveCfg = Release|Any CPU
		{B90574FF-3447-B89B-ECA3-2783D69A39AB}.Release|Any CPU.Build.0 = Release|Any CPU
		{E06C8BBB-E2DE-3966-DEAE-653CE8C5044A}.Debug|Any CPU.ActiveCfg = Debug|Any CPU
		{E06C8BBB-E2DE-3966-DEAE-653CE8C5044A}.Debug|Any CPU.Build.0 = Debug|Any CPU
		{E06C8BBB-E2DE-3966-DEAE-653CE8C5044A}.Release|Any CPU.ActiveCfg = Release|Any CPU
		{E06C8BBB-E2DE-3966-DEAE-653CE8C5044A}.Release|Any CPU.Build.0 = Release|Any CPU
		{AEC9D5B3-21D8-C8C5-A7EA-06179A188B3E}.Debug|Any CPU.ActiveCfg = Debug|Any CPU
		{AEC9D5B3-21D8-C8C5-A7EA-06179A188B3E}.Debug|Any CPU.Build.0 = Debug|Any CPU
		{AEC9D5B3-21D8-C8C5-A7EA-06179A188B3E}.Release|Any CPU.ActiveCfg = Release|Any CPU
		{AEC9D5B3-21D8-C8C5-A7EA-06179A188B3E}.Release|Any CPU.Build.0 = Release|Any CPU
		{CB7015F2-DA5B-3138-B40D-44B41CF5ABAD}.Debug|Any CPU.ActiveCfg = Debug|Any CPU
		{CB7015F2-DA5B-3138-B40D-44B41CF5ABAD}.Debug|Any CPU.Build.0 = Debug|Any CPU
		{CB7015F2-DA5B-3138-B40D-44B41CF5ABAD}.Release|Any CPU.ActiveCfg = Release|Any CPU
		{CB7015F2-DA5B-3138-B40D-44B41CF5ABAD}.Release|Any CPU.Build.0 = Release|Any CPU
		{25AB41D6-3DB8-E070-899D-4E6CC275CEEC}.Debug|Any CPU.ActiveCfg = Debug|Any CPU
		{25AB41D6-3DB8-E070-899D-4E6CC275CEEC}.Debug|Any CPU.Build.0 = Debug|Any CPU
		{25AB41D6-3DB8-E070-899D-4E6CC275CEEC}.Release|Any CPU.ActiveCfg = Release|Any CPU
		{25AB41D6-3DB8-E070-899D-4E6CC275CEEC}.Release|Any CPU.Build.0 = Release|Any CPU
		{AFAE93C6-EAA7-CC55-7A0A-EEE3F5B26321}.Debug|Any CPU.ActiveCfg = Debug|Any CPU
		{AFAE93C6-EAA7-CC55-7A0A-EEE3F5B26321}.Debug|Any CPU.Build.0 = Debug|Any CPU
		{AFAE93C6-EAA7-CC55-7A0A-EEE3F5B26321}.Release|Any CPU.ActiveCfg = Release|Any CPU
		{AFAE93C6-EAA7-CC55-7A0A-EEE3F5B26321}.Release|Any CPU.Build.0 = Release|Any CPU
		{D5A3A65F-1D13-E56C-D5C1-D0EE159AA417}.Debug|Any CPU.ActiveCfg = Debug|Any CPU
		{D5A3A65F-1D13-E56C-D5C1-D0EE159AA417}.Debug|Any CPU.Build.0 = Debug|Any CPU
		{D5A3A65F-1D13-E56C-D5C1-D0EE159AA417}.Release|Any CPU.ActiveCfg = Release|Any CPU
		{D5A3A65F-1D13-E56C-D5C1-D0EE159AA417}.Release|Any CPU.Build.0 = Release|Any CPU
	EndGlobalSection
	GlobalSection(SolutionProperties) = preSolution
		HideSolutionNode = FALSE
	EndGlobalSection
EndGlobal
